<?xml version="1.0" encoding="utf-8"?>
<Project ToolsVersion="16.0" xmlns="http://schemas.microsoft.com/developer/msbuild/2003">
  <ItemGroup>
    <ClCompile Include="F:\Graphic-Engine\assimp-5.0.1\code\Common\Assimp.cpp">
      <Filter>Source Files</Filter>
    </ClCompile>
    <ClCompile Include="F:\Graphic-Engine\assimp-5.0.1\code\CApi\CInterfaceIOWrapper.cpp">
      <Filter>CApi</Filter>
    </ClCompile>
    <ClCompile Include="F:\Graphic-Engine\assimp-5.0.1\code\Common\BaseImporter.cpp">
      <Filter>Common</Filter>
    </ClCompile>
    <ClCompile Include="F:\Graphic-Engine\assimp-5.0.1\code\Common\BaseProcess.cpp">
      <Filter>Common</Filter>
    </ClCompile>
    <ClCompile Include="F:\Graphic-Engine\assimp-5.0.1\code\Common\PostStepRegistry.cpp">
      <Filter>Common</Filter>
    </ClCompile>
    <ClCompile Include="F:\Graphic-Engine\assimp-5.0.1\code\Common\ImporterRegistry.cpp">
      <Filter>Common</Filter>
    </ClCompile>
    <ClCompile Include="F:\Graphic-Engine\assimp-5.0.1\code\Common\DefaultIOStream.cpp">
      <Filter>Common</Filter>
    </ClCompile>
    <ClCompile Include="F:\Graphic-Engine\assimp-5.0.1\code\Common\DefaultIOSystem.cpp">
      <Filter>Common</Filter>
    </ClCompile>
    <ClCompile Include="F:\Graphic-Engine\assimp-5.0.1\code\Common\ZipArchiveIOSystem.cpp">
      <Filter>Common</Filter>
    </ClCompile>
    <ClCompile Include="F:\Graphic-Engine\assimp-5.0.1\code\Common\Importer.cpp">
      <Filter>Common</Filter>
    </ClCompile>
    <ClCompile Include="F:\Graphic-Engine\assimp-5.0.1\code\Common\SGSpatialSort.cpp">
      <Filter>Common</Filter>
    </ClCompile>
    <ClCompile Include="F:\Graphic-Engine\assimp-5.0.1\code\Common\VertexTriangleAdjacency.cpp">
      <Filter>Common</Filter>
    </ClCompile>
    <ClCompile Include="F:\Graphic-Engine\assimp-5.0.1\code\Common\SpatialSort.cpp">
      <Filter>Common</Filter>
    </ClCompile>
    <ClCompile Include="F:\Graphic-Engine\assimp-5.0.1\code\Common\SceneCombiner.cpp">
      <Filter>Common</Filter>
    </ClCompile>
    <ClCompile Include="F:\Graphic-Engine\assimp-5.0.1\code\Common\ScenePreprocessor.cpp">
      <Filter>Common</Filter>
    </ClCompile>
    <ClCompile Include="F:\Graphic-Engine\assimp-5.0.1\code\Common\SkeletonMeshBuilder.cpp">
      <Filter>Common</Filter>
    </ClCompile>
    <ClCompile Include="F:\Graphic-Engine\assimp-5.0.1\code\Common\SplitByBoneCountProcess.cpp">
      <Filter>Common</Filter>
    </ClCompile>
    <ClCompile Include="F:\Graphic-Engine\assimp-5.0.1\code\Common\StandardShapes.cpp">
      <Filter>Common</Filter>
    </ClCompile>
    <ClCompile Include="F:\Graphic-Engine\assimp-5.0.1\code\Common\TargetAnimation.cpp">
      <Filter>Common</Filter>
    </ClCompile>
    <ClCompile Include="F:\Graphic-Engine\assimp-5.0.1\code\Common\RemoveComments.cpp">
      <Filter>Common</Filter>
    </ClCompile>
    <ClCompile Include="F:\Graphic-Engine\assimp-5.0.1\code\Common\Subdivision.cpp">
      <Filter>Common</Filter>
    </ClCompile>
    <ClCompile Include="F:\Graphic-Engine\assimp-5.0.1\code\Common\scene.cpp">
      <Filter>Common</Filter>
    </ClCompile>
    <ClCompile Include="F:\Graphic-Engine\assimp-5.0.1\code\Common\Bitmap.cpp">
      <Filter>Common</Filter>
    </ClCompile>
    <ClCompile Include="F:\Graphic-Engine\assimp-5.0.1\code\Common\Version.cpp">
      <Filter>Common</Filter>
    </ClCompile>
    <ClCompile Include="F:\Graphic-Engine\assimp-5.0.1\code\Common\CreateAnimMesh.cpp">
      <Filter>Common</Filter>
    </ClCompile>
    <ClCompile Include="F:\Graphic-Engine\assimp-5.0.1\code\Common\simd.cpp">
      <Filter>Common</Filter>
    </ClCompile>
    <ClCompile Include="F:\Graphic-Engine\assimp-5.0.1\code\Common\DefaultLogger.cpp">
      <Filter>Logging</Filter>
    </ClCompile>
    <ClCompile Include="F:\Graphic-Engine\assimp-5.0.1\code\Common\Exporter.cpp">
      <Filter>Exporter</Filter>
    </ClCompile>
    <ClCompile Include="F:\Graphic-Engine\assimp-5.0.1\code\CApi\AssimpCExport.cpp">
      <Filter>Exporter</Filter>
    </ClCompile>
    <ClCompile Include="F:\Graphic-Engine\assimp-5.0.1\code\PostProcessing\CalcTangentsProcess.cpp">
      <Filter>PostProcessing</Filter>
    </ClCompile>
    <ClCompile Include="F:\Graphic-Engine\assimp-5.0.1\code\PostProcessing\ComputeUVMappingProcess.cpp">
      <Filter>PostProcessing</Filter>
    </ClCompile>
    <ClCompile Include="F:\Graphic-Engine\assimp-5.0.1\code\PostProcessing\ConvertToLHProcess.cpp">
      <Filter>PostProcessing</Filter>
    </ClCompile>
    <ClCompile Include="F:\Graphic-Engine\assimp-5.0.1\code\PostProcessing\EmbedTexturesProcess.cpp">
      <Filter>PostProcessing</Filter>
    </ClCompile>
    <ClCompile Include="F:\Graphic-Engine\assimp-5.0.1\code\PostProcessing\FindDegenerates.cpp">
      <Filter>PostProcessing</Filter>
    </ClCompile>
    <ClCompile Include="F:\Graphic-Engine\assimp-5.0.1\code\PostProcessing\FindInstancesProcess.cpp">
      <Filter>PostProcessing</Filter>
    </ClCompile>
    <ClCompile Include="F:\Graphic-Engine\assimp-5.0.1\code\PostProcessing\FindInvalidDataProcess.cpp">
      <Filter>PostProcessing</Filter>
    </ClCompile>
    <ClCompile Include="F:\Graphic-Engine\assimp-5.0.1\code\PostProcessing\FixNormalsStep.cpp">
      <Filter>PostProcessing</Filter>
    </ClCompile>
    <ClCompile Include="F:\Graphic-Engine\assimp-5.0.1\code\PostProcessing\DropFaceNormalsProcess.cpp">
      <Filter>PostProcessing</Filter>
    </ClCompile>
    <ClCompile Include="F:\Graphic-Engine\assimp-5.0.1\code\PostProcessing\GenFaceNormalsProcess.cpp">
      <Filter>PostProcessing</Filter>
    </ClCompile>
    <ClCompile Include="F:\Graphic-Engine\assimp-5.0.1\code\PostProcessing\GenVertexNormalsProcess.cpp">
      <Filter>PostProcessing</Filter>
    </ClCompile>
    <ClCompile Include="F:\Graphic-Engine\assimp-5.0.1\code\PostProcessing\PretransformVertices.cpp">
      <Filter>PostProcessing</Filter>
    </ClCompile>
    <ClCompile Include="F:\Graphic-Engine\assimp-5.0.1\code\PostProcessing\ImproveCacheLocality.cpp">
      <Filter>PostProcessing</Filter>
    </ClCompile>
    <ClCompile Include="F:\Graphic-Engine\assimp-5.0.1\code\PostProcessing\JoinVerticesProcess.cpp">
      <Filter>PostProcessing</Filter>
    </ClCompile>
    <ClCompile Include="F:\Graphic-Engine\assimp-5.0.1\code\PostProcessing\LimitBoneWeightsProcess.cpp">
      <Filter>PostProcessing</Filter>
    </ClCompile>
    <ClCompile Include="F:\Graphic-Engine\assimp-5.0.1\code\PostProcessing\RemoveRedundantMaterials.cpp">
      <Filter>PostProcessing</Filter>
    </ClCompile>
    <ClCompile Include="F:\Graphic-Engine\assimp-5.0.1\code\PostProcessing\RemoveVCProcess.cpp">
      <Filter>PostProcessing</Filter>
    </ClCompile>
    <ClCompile Include="F:\Graphic-Engine\assimp-5.0.1\code\PostProcessing\SortByPTypeProcess.cpp">
      <Filter>PostProcessing</Filter>
    </ClCompile>
    <ClCompile Include="F:\Graphic-Engine\assimp-5.0.1\code\PostProcessing\SplitLargeMeshes.cpp">
      <Filter>PostProcessing</Filter>
    </ClCompile>
    <ClCompile Include="F:\Graphic-Engine\assimp-5.0.1\code\PostProcessing\TextureTransform.cpp">
      <Filter>PostProcessing</Filter>
    </ClCompile>
    <ClCompile Include="F:\Graphic-Engine\assimp-5.0.1\code\PostProcessing\TriangulateProcess.cpp">
      <Filter>PostProcessing</Filter>
    </ClCompile>
    <ClCompile Include="F:\Graphic-Engine\assimp-5.0.1\code\PostProcessing\ValidateDataStructure.cpp">
      <Filter>PostProcessing</Filter>
    </ClCompile>
    <ClCompile Include="F:\Graphic-Engine\assimp-5.0.1\code\PostProcessing\OptimizeGraph.cpp">
      <Filter>PostProcessing</Filter>
    </ClCompile>
    <ClCompile Include="F:\Graphic-Engine\assimp-5.0.1\code\PostProcessing\OptimizeMeshes.cpp">
      <Filter>PostProcessing</Filter>
    </ClCompile>
    <ClCompile Include="F:\Graphic-Engine\assimp-5.0.1\code\PostProcessing\DeboneProcess.cpp">
      <Filter>PostProcessing</Filter>
    </ClCompile>
    <ClCompile Include="F:\Graphic-Engine\assimp-5.0.1\code\PostProcessing\ProcessHelper.cpp">
      <Filter>PostProcessing</Filter>
    </ClCompile>
    <ClCompile Include="F:\Graphic-Engine\assimp-5.0.1\code\PostProcessing\MakeVerboseFormat.cpp">
      <Filter>PostProcessing</Filter>
    </ClCompile>
    <ClCompile Include="F:\Graphic-Engine\assimp-5.0.1\code\PostProcessing\ScaleProcess.cpp">
      <Filter>PostProcessing</Filter>
    </ClCompile>
    <ClCompile Include="F:\Graphic-Engine\assimp-5.0.1\code\PostProcessing\GenBoundingBoxesProcess.cpp">
      <Filter>PostProcessing</Filter>
    </ClCompile>
    <ClCompile Include="F:\Graphic-Engine\assimp-5.0.1\code\Material\MaterialSystem.cpp">
      <Filter>MaterialSystem</Filter>
    </ClCompile>
    <ClCompile Include="F:\Graphic-Engine\assimp-5.0.1\code\Importer\STEPParser\STEPFileReader.cpp">
      <Filter>STEPParser</Filter>
    </ClCompile>
    <ClCompile Include="F:\Graphic-Engine\assimp-5.0.1\code\Importer\STEPParser\STEPFileEncoding.cpp">
      <Filter>STEPParser</Filter>
    </ClCompile>
    <ClCompile Include="F:\Graphic-Engine\assimp-5.0.1\code\AMF\AMFImporter.cpp">
      <Filter>AMF</Filter>
    </ClCompile>
    <ClCompile Include="F:\Graphic-Engine\assimp-5.0.1\code\AMF\AMFImporter_Geometry.cpp">
      <Filter>AMF</Filter>
    </ClCompile>
    <ClCompile Include="F:\Graphic-Engine\assimp-5.0.1\code\AMF\AMFImporter_Material.cpp">
      <Filter>AMF</Filter>
    </ClCompile>
    <ClCompile Include="F:\Graphic-Engine\assimp-5.0.1\code\AMF\AMFImporter_Postprocess.cpp">
      <Filter>AMF</Filter>
    </ClCompile>
    <ClCompile Include="F:\Graphic-Engine\assimp-5.0.1\code\3DS\3DSConverter.cpp">
      <Filter>3DS</Filter>
    </ClCompile>
    <ClCompile Include="F:\Graphic-Engine\assimp-5.0.1\code\3DS\3DSLoader.cpp">
      <Filter>3DS</Filter>
    </ClCompile>
    <ClCompile Include="F:\Graphic-Engine\assimp-5.0.1\code\AC\ACLoader.cpp">
      <Filter>AC</Filter>
    </ClCompile>
    <ClCompile Include="F:\Graphic-Engine\assimp-5.0.1\code\ASE\ASELoader.cpp">
      <Filter>ASE</Filter>
    </ClCompile>
    <ClCompile Include="F:\Graphic-Engine\assimp-5.0.1\code\ASE\ASEParser.cpp">
      <Filter>ASE</Filter>
    </ClCompile>
    <ClCompile Include="F:\Graphic-Engine\assimp-5.0.1\code\Assbin\AssbinLoader.cpp">
      <Filter>ASSBIN</Filter>
    </ClCompile>
    <ClCompile Include="F:\Graphic-Engine\assimp-5.0.1\code\B3D\B3DImporter.cpp">
      <Filter>B3D</Filter>
    </ClCompile>
    <ClCompile Include="F:\Graphic-Engine\assimp-5.0.1\code\BVH\BVHLoader.cpp">
      <Filter>BVH</Filter>
    </ClCompile>
    <ClCompile Include="F:\Graphic-Engine\assimp-5.0.1\code\Collada\ColladaLoader.cpp">
      <Filter>COLLADA</Filter>
    </ClCompile>
    <ClCompile Include="F:\Graphic-Engine\assimp-5.0.1\code\Collada\ColladaParser.cpp">
      <Filter>COLLADA</Filter>
    </ClCompile>
    <ClCompile Include="F:\Graphic-Engine\assimp-5.0.1\code\DXF\DXFLoader.cpp">
      <Filter>DXF</Filter>
    </ClCompile>
    <ClCompile Include="F:\Graphic-Engine\assimp-5.0.1\code\CSM\CSMLoader.cpp">
      <Filter>CSM</Filter>
    </ClCompile>
    <ClCompile Include="F:\Graphic-Engine\assimp-5.0.1\code\HMP\HMPLoader.cpp">
      <Filter>HMP</Filter>
    </ClCompile>
    <ClCompile Include="F:\Graphic-Engine\assimp-5.0.1\code\Irr\IRRMeshLoader.cpp">
      <Filter>IRRMESH</Filter>
    </ClCompile>
    <ClCompile Include="F:\Graphic-Engine\assimp-5.0.1\code\Irr\IRRShared.cpp">
      <Filter>IRR</Filter>
    </ClCompile>
    <ClCompile Include="F:\Graphic-Engine\assimp-5.0.1\code\Irr\IRRLoader.cpp">
      <Filter>IRR</Filter>
    </ClCompile>
    <ClCompile Include="F:\Graphic-Engine\assimp-5.0.1\code\LWO\LWOAnimation.cpp">
      <Filter>LWO</Filter>
    </ClCompile>
    <ClCompile Include="F:\Graphic-Engine\assimp-5.0.1\code\LWO\LWOBLoader.cpp">
      <Filter>LWO</Filter>
    </ClCompile>
    <ClCompile Include="F:\Graphic-Engine\assimp-5.0.1\code\LWO\LWOLoader.cpp">
      <Filter>LWO</Filter>
    </ClCompile>
    <ClCompile Include="F:\Graphic-Engine\assimp-5.0.1\code\LWO\LWOMaterial.cpp">
      <Filter>LWO</Filter>
    </ClCompile>
    <ClCompile Include="F:\Graphic-Engine\assimp-5.0.1\code\LWS\LWSLoader.cpp">
      <Filter>LWS</Filter>
    </ClCompile>
    <ClCompile Include="F:\Graphic-Engine\assimp-5.0.1\code\MD2\MD2Loader.cpp">
      <Filter>MD2</Filter>
    </ClCompile>
    <ClCompile Include="F:\Graphic-Engine\assimp-5.0.1\code\MD3\MD3Loader.cpp">
      <Filter>MD3</Filter>
    </ClCompile>
    <ClCompile Include="F:\Graphic-Engine\assimp-5.0.1\code\MD5\MD5Loader.cpp">
      <Filter>MD5</Filter>
    </ClCompile>
    <ClCompile Include="F:\Graphic-Engine\assimp-5.0.1\code\MD5\MD5Parser.cpp">
      <Filter>MD5</Filter>
    </ClCompile>
    <ClCompile Include="F:\Graphic-Engine\assimp-5.0.1\code\MDC\MDCLoader.cpp">
      <Filter>MDC</Filter>
    </ClCompile>
    <ClCompile Include="F:\Graphic-Engine\assimp-5.0.1\code\MDL\MDLLoader.cpp">
      <Filter>MDL</Filter>
    </ClCompile>
    <ClCompile Include="F:\Graphic-Engine\assimp-5.0.1\code\MDL\MDLMaterialLoader.cpp">
      <Filter>MDL</Filter>
    </ClCompile>
    <ClCompile Include="F:\Graphic-Engine\assimp-5.0.1\code\NFF\NFFLoader.cpp">
      <Filter>NFF</Filter>
    </ClCompile>
    <ClCompile Include="F:\Graphic-Engine\assimp-5.0.1\code\NDO\NDOLoader.cpp">
      <Filter>NDO</Filter>
    </ClCompile>
    <ClCompile Include="F:\Graphic-Engine\assimp-5.0.1\code\OFF\OFFLoader.cpp">
      <Filter>OFF</Filter>
    </ClCompile>
    <ClCompile Include="F:\Graphic-Engine\assimp-5.0.1\code\Obj\ObjFileImporter.cpp">
      <Filter>OBJ</Filter>
    </ClCompile>
    <ClCompile Include="F:\Graphic-Engine\assimp-5.0.1\code\Obj\ObjFileMtlImporter.cpp">
      <Filter>OBJ</Filter>
    </ClCompile>
    <ClCompile Include="F:\Graphic-Engine\assimp-5.0.1\code\Obj\ObjFileParser.cpp">
      <Filter>OBJ</Filter>
    </ClCompile>
    <ClCompile Include="F:\Graphic-Engine\assimp-5.0.1\code\Ogre\OgreImporter.cpp">
      <Filter>OGRE</Filter>
    </ClCompile>
    <ClCompile Include="F:\Graphic-Engine\assimp-5.0.1\code\Ogre\OgreStructs.cpp">
      <Filter>OGRE</Filter>
    </ClCompile>
    <ClCompile Include="F:\Graphic-Engine\assimp-5.0.1\code\Ogre\OgreBinarySerializer.cpp">
      <Filter>OGRE</Filter>
    </ClCompile>
    <ClCompile Include="F:\Graphic-Engine\assimp-5.0.1\code\Ogre\OgreXmlSerializer.cpp">
      <Filter>OGRE</Filter>
    </ClCompile>
    <ClCompile Include="F:\Graphic-Engine\assimp-5.0.1\code\Ogre\OgreMaterial.cpp">
      <Filter>OGRE</Filter>
    </ClCompile>
    <ClCompile Include="F:\Graphic-Engine\assimp-5.0.1\code\OpenGEX\OpenGEXImporter.cpp">
      <Filter>OPENGEX</Filter>
    </ClCompile>
    <ClCompile Include="F:\Graphic-Engine\assimp-5.0.1\code\Ply\PlyLoader.cpp">
      <Filter>PLY</Filter>
    </ClCompile>
    <ClCompile Include="F:\Graphic-Engine\assimp-5.0.1\code\Ply\PlyParser.cpp">
      <Filter>PLY</Filter>
    </ClCompile>
    <ClCompile Include="F:\Graphic-Engine\assimp-5.0.1\code\MS3D\MS3DLoader.cpp">
      <Filter>MS3D</Filter>
    </ClCompile>
    <ClCompile Include="F:\Graphic-Engine\assimp-5.0.1\code\COB\COBLoader.cpp">
      <Filter>COB</Filter>
    </ClCompile>
    <ClCompile Include="F:\Graphic-Engine\assimp-5.0.1\code\Blender\BlenderLoader.cpp">
      <Filter>BLEND</Filter>
    </ClCompile>
    <ClCompile Include="F:\Graphic-Engine\assimp-5.0.1\code\Blender\BlenderDNA.cpp">
      <Filter>BLEND</Filter>
    </ClCompile>
    <ClCompile Include="F:\Graphic-Engine\assimp-5.0.1\code\Blender\BlenderScene.cpp">
      <Filter>BLEND</Filter>
    </ClCompile>
    <ClCompile Include="F:\Graphic-Engine\assimp-5.0.1\code\Blender\BlenderModifier.cpp">
      <Filter>BLEND</Filter>
    </ClCompile>
    <ClCompile Include="F:\Graphic-Engine\assimp-5.0.1\code\Blender\BlenderBMesh.cpp">
      <Filter>BLEND</Filter>
    </ClCompile>
    <ClCompile Include="F:\Graphic-Engine\assimp-5.0.1\code\Blender\BlenderTessellator.cpp">
      <Filter>BLEND</Filter>
    </ClCompile>
    <ClCompile Include="F:\Graphic-Engine\assimp-5.0.1\code\Blender\BlenderCustomData.cpp">
      <Filter>BLEND</Filter>
    </ClCompile>
    <ClCompile Include="F:\Graphic-Engine\assimp-5.0.1\code\Importer\IFC\IFCLoader.cpp">
      <Filter>IFC</Filter>
    </ClCompile>
    <ClCompile Include="F:\Graphic-Engine\assimp-5.0.1\code\Importer\IFC\IFCReaderGen1_2x3.cpp">
      <Filter>IFC</Filter>
    </ClCompile>
    <ClCompile Include="F:\Graphic-Engine\assimp-5.0.1\code\Importer\IFC\IFCReaderGen2_2x3.cpp">
      <Filter>IFC</Filter>
    </ClCompile>
    <ClCompile Include="F:\Graphic-Engine\assimp-5.0.1\code\Importer\IFC\IFCUtil.cpp">
      <Filter>IFC</Filter>
    </ClCompile>
    <ClCompile Include="F:\Graphic-Engine\assimp-5.0.1\code\Importer\IFC\IFCGeometry.cpp">
      <Filter>IFC</Filter>
    </ClCompile>
    <ClCompile Include="F:\Graphic-Engine\assimp-5.0.1\code\Importer\IFC\IFCMaterial.cpp">
      <Filter>IFC</Filter>
    </ClCompile>
    <ClCompile Include="F:\Graphic-Engine\assimp-5.0.1\code\Importer\IFC\IFCProfile.cpp">
      <Filter>IFC</Filter>
    </ClCompile>
    <ClCompile Include="F:\Graphic-Engine\assimp-5.0.1\code\Importer\IFC\IFCCurve.cpp">
      <Filter>IFC</Filter>
    </ClCompile>
    <ClCompile Include="F:\Graphic-Engine\assimp-5.0.1\code\Importer\IFC\IFCBoolean.cpp">
      <Filter>IFC</Filter>
    </ClCompile>
    <ClCompile Include="F:\Graphic-Engine\assimp-5.0.1\code\Importer\IFC\IFCOpenings.cpp">
      <Filter>IFC</Filter>
    </ClCompile>
    <ClCompile Include="F:\Graphic-Engine\assimp-5.0.1\code\XGL\XGLLoader.cpp">
      <Filter>XGL</Filter>
    </ClCompile>
    <ClCompile Include="F:\Graphic-Engine\assimp-5.0.1\code\FBX\FBXImporter.cpp">
      <Filter>FBX</Filter>
    </ClCompile>
    <ClCompile Include="F:\Graphic-Engine\assimp-5.0.1\code\FBX\FBXParser.cpp">
      <Filter>FBX</Filter>
    </ClCompile>
    <ClCompile Include="F:\Graphic-Engine\assimp-5.0.1\code\FBX\FBXTokenizer.cpp">
      <Filter>FBX</Filter>
    </ClCompile>
    <ClCompile Include="F:\Graphic-Engine\assimp-5.0.1\code\FBX\FBXConverter.cpp">
      <Filter>FBX</Filter>
    </ClCompile>
    <ClCompile Include="F:\Graphic-Engine\assimp-5.0.1\code\FBX\FBXUtil.cpp">
      <Filter>FBX</Filter>
    </ClCompile>
    <ClCompile Include="F:\Graphic-Engine\assimp-5.0.1\code\FBX\FBXDocument.cpp">
      <Filter>FBX</Filter>
    </ClCompile>
    <ClCompile Include="F:\Graphic-Engine\assimp-5.0.1\code\FBX\FBXProperties.cpp">
      <Filter>FBX</Filter>
    </ClCompile>
    <ClCompile Include="F:\Graphic-Engine\assimp-5.0.1\code\FBX\FBXMeshGeometry.cpp">
      <Filter>FBX</Filter>
    </ClCompile>
    <ClCompile Include="F:\Graphic-Engine\assimp-5.0.1\code\FBX\FBXMaterial.cpp">
      <Filter>FBX</Filter>
    </ClCompile>
    <ClCompile Include="F:\Graphic-Engine\assimp-5.0.1\code\FBX\FBXModel.cpp">
      <Filter>FBX</Filter>
    </ClCompile>
    <ClCompile Include="F:\Graphic-Engine\assimp-5.0.1\code\FBX\FBXAnimation.cpp">
      <Filter>FBX</Filter>
    </ClCompile>
    <ClCompile Include="F:\Graphic-Engine\assimp-5.0.1\code\FBX\FBXNodeAttribute.cpp">
      <Filter>FBX</Filter>
    </ClCompile>
    <ClCompile Include="F:\Graphic-Engine\assimp-5.0.1\code\FBX\FBXDeformer.cpp">
      <Filter>FBX</Filter>
    </ClCompile>
    <ClCompile Include="F:\Graphic-Engine\assimp-5.0.1\code\FBX\FBXBinaryTokenizer.cpp">
      <Filter>FBX</Filter>
    </ClCompile>
    <ClCompile Include="F:\Graphic-Engine\assimp-5.0.1\code\FBX\FBXDocumentUtil.cpp">
      <Filter>FBX</Filter>
    </ClCompile>
    <ClCompile Include="F:\Graphic-Engine\assimp-5.0.1\code\Q3D\Q3DLoader.cpp">
      <Filter>Q3D</Filter>
    </ClCompile>
    <ClCompile Include="F:\Graphic-Engine\assimp-5.0.1\code\Q3BSP\Q3BSPFileParser.cpp">
      <Filter>Q3BSP</Filter>
    </ClCompile>
    <ClCompile Include="F:\Graphic-Engine\assimp-5.0.1\code\Q3BSP\Q3BSPFileImporter.cpp">
      <Filter>Q3BSP</Filter>
    </ClCompile>
    <ClCompile Include="F:\Graphic-Engine\assimp-5.0.1\code\Raw\RawLoader.cpp">
      <Filter>RAW</Filter>
    </ClCompile>
    <ClCompile Include="F:\Graphic-Engine\assimp-5.0.1\code\SIB\SIBImporter.cpp">
      <Filter>SIB</Filter>
    </ClCompile>
    <ClCompile Include="F:\Graphic-Engine\assimp-5.0.1\code\SMD\SMDLoader.cpp">
      <Filter>SMD</Filter>
    </ClCompile>
    <ClCompile Include="F:\Graphic-Engine\assimp-5.0.1\code\STL\STLLoader.cpp">
      <Filter>STL</Filter>
    </ClCompile>
    <ClCompile Include="F:\Graphic-Engine\assimp-5.0.1\code\Terragen\TerragenLoader.cpp">
      <Filter>TERRAGEN</Filter>
    </ClCompile>
    <ClCompile Include="F:\Graphic-Engine\assimp-5.0.1\code\Unreal\UnrealLoader.cpp">
      <Filter>3D</Filter>
    </ClCompile>
    <ClCompile Include="F:\Graphic-Engine\assimp-5.0.1\code\X\XFileImporter.cpp">
      <Filter>X</Filter>
    </ClCompile>
    <ClCompile Include="F:\Graphic-Engine\assimp-5.0.1\code\X\XFileParser.cpp">
      <Filter>X</Filter>
    </ClCompile>
    <ClCompile Include="F:\Graphic-Engine\assimp-5.0.1\code\X3D\X3DImporter.cpp">
      <Filter>X3D</Filter>
    </ClCompile>
    <ClCompile Include="F:\Graphic-Engine\assimp-5.0.1\code\X3D\X3DImporter_Geometry2D.cpp">
      <Filter>X3D</Filter>
    </ClCompile>
    <ClCompile Include="F:\Graphic-Engine\assimp-5.0.1\code\X3D\X3DImporter_Geometry3D.cpp">
      <Filter>X3D</Filter>
    </ClCompile>
    <ClCompile Include="F:\Graphic-Engine\assimp-5.0.1\code\X3D\X3DImporter_Group.cpp">
      <Filter>X3D</Filter>
    </ClCompile>
    <ClCompile Include="F:\Graphic-Engine\assimp-5.0.1\code\X3D\X3DImporter_Light.cpp">
      <Filter>X3D</Filter>
    </ClCompile>
    <ClCompile Include="F:\Graphic-Engine\assimp-5.0.1\code\X3D\X3DImporter_Metadata.cpp">
      <Filter>X3D</Filter>
    </ClCompile>
    <ClCompile Include="F:\Graphic-Engine\assimp-5.0.1\code\X3D\X3DImporter_Networking.cpp">
      <Filter>X3D</Filter>
    </ClCompile>
    <ClCompile Include="F:\Graphic-Engine\assimp-5.0.1\code\X3D\X3DImporter_Postprocess.cpp">
      <Filter>X3D</Filter>
    </ClCompile>
    <ClCompile Include="F:\Graphic-Engine\assimp-5.0.1\code\X3D\X3DImporter_Rendering.cpp">
      <Filter>X3D</Filter>
    </ClCompile>
    <ClCompile Include="F:\Graphic-Engine\assimp-5.0.1\code\X3D\X3DImporter_Shape.cpp">
      <Filter>X3D</Filter>
    </ClCompile>
    <ClCompile Include="F:\Graphic-Engine\assimp-5.0.1\code\X3D\X3DImporter_Texturing.cpp">
      <Filter>X3D</Filter>
    </ClCompile>
    <ClCompile Include="F:\Graphic-Engine\assimp-5.0.1\code\X3D\FIReader.cpp">
      <Filter>X3D</Filter>
    </ClCompile>
    <ClCompile Include="F:\Graphic-Engine\assimp-5.0.1\code\X3D\X3DVocabulary.cpp">
      <Filter>X3D</Filter>
    </ClCompile>
    <ClCompile Include="F:\Graphic-Engine\assimp-5.0.1\code\glTF\glTFCommon.cpp">
      <Filter>GLTF</Filter>
    </ClCompile>
    <ClCompile Include="F:\Graphic-Engine\assimp-5.0.1\code\glTF\glTFImporter.cpp">
      <Filter>GLTF</Filter>
    </ClCompile>
    <ClCompile Include="F:\Graphic-Engine\assimp-5.0.1\code\glTF2\glTF2Importer.cpp">
      <Filter>GLTF</Filter>
    </ClCompile>
    <ClCompile Include="F:\Graphic-Engine\assimp-5.0.1\code\3MF\D3MFImporter.cpp">
      <Filter>3MF</Filter>
    </ClCompile>
    <ClCompile Include="F:\Graphic-Engine\assimp-5.0.1\code\3MF\D3MFOpcPackage.cpp">
      <Filter>3MF</Filter>
    </ClCompile>
    <ClCompile Include="F:\Graphic-Engine\assimp-5.0.1\code\MMD\MMDImporter.cpp">
      <Filter>MMD</Filter>
    </ClCompile>
    <ClCompile Include="F:\Graphic-Engine\assimp-5.0.1\code\MMD\MMDPmxParser.cpp">
      <Filter>MMD</Filter>
    </ClCompile>
    <ClCompile Include="F:\Graphic-Engine\assimp-5.0.1\code\Importer\StepFile\StepFileImporter.cpp">
      <Filter>STEP</Filter>
    </ClCompile>
    <ClCompile Include="F:\Graphic-Engine\assimp-5.0.1\code\Importer\StepFile\StepFileGen1.cpp">
      <Filter>STEP</Filter>
    </ClCompile>
    <ClCompile Include="F:\Graphic-Engine\assimp-5.0.1\code\Importer\StepFile\StepFileGen2.cpp">
      <Filter>STEP</Filter>
    </ClCompile>
    <ClCompile Include="F:\Graphic-Engine\assimp-5.0.1\code\Importer\StepFile\StepFileGen3.cpp">
      <Filter>STEP</Filter>
    </ClCompile>
    <ClCompile Include="F:\Graphic-Engine\assimp-5.0.1\code\3DS\3DSExporter.cpp">
      <Filter>3DS_EXPORTER</Filter>
    </ClCompile>
    <ClCompile Include="F:\Graphic-Engine\assimp-5.0.1\code\Assbin\AssbinExporter.cpp">
      <Filter>ASSBIN_EXPORTER</Filter>
    </ClCompile>
    <ClCompile Include="F:\Graphic-Engine\assimp-5.0.1\code\Assxml\AssxmlExporter.cpp">
      <Filter>ASSXML_EXPORTER</Filter>
    </ClCompile>
    <ClCompile Include="F:\Graphic-Engine\assimp-5.0.1\code\Collada\ColladaExporter.cpp">
      <Filter>COLLADA_EXPORTER</Filter>
    </ClCompile>
    <ClCompile Include="F:\Graphic-Engine\assimp-5.0.1\code\Obj\ObjExporter.cpp">
      <Filter>OBJ_EXPORTER</Filter>
    </ClCompile>
    <ClCompile Include="F:\Graphic-Engine\assimp-5.0.1\code\OpenGEX\OpenGEXExporter.cpp">
      <Filter>OPENGEX_EXPORTER</Filter>
    </ClCompile>
    <ClCompile Include="F:\Graphic-Engine\assimp-5.0.1\code\Ply\PlyExporter.cpp">
      <Filter>PLY_EXPORTER</Filter>
    </ClCompile>
    <ClCompile Include="F:\Graphic-Engine\assimp-5.0.1\code\FBX\FBXExporter.cpp">
      <Filter>FBX_EXPORTER</Filter>
    </ClCompile>
    <ClCompile Include="F:\Graphic-Engine\assimp-5.0.1\code\FBX\FBXExportNode.cpp">
      <Filter>FBX_EXPORTER</Filter>
    </ClCompile>
    <ClCompile Include="F:\Graphic-Engine\assimp-5.0.1\code\FBX\FBXExportProperty.cpp">
      <Filter>FBX_EXPORTER</Filter>
    </ClCompile>
    <ClCompile Include="F:\Graphic-Engine\assimp-5.0.1\code\STL\STLExporter.cpp">
      <Filter>STL_EXPORTER</Filter>
    </ClCompile>
    <ClCompile Include="F:\Graphic-Engine\assimp-5.0.1\code\X\XFileExporter.cpp">
      <Filter>X_EXPORTER</Filter>
    </ClCompile>
    <ClCompile Include="F:\Graphic-Engine\assimp-5.0.1\code\X3D\X3DExporter.cpp">
      <Filter>X3D_EXPORTER</Filter>
    </ClCompile>
    <ClCompile Include="F:\Graphic-Engine\assimp-5.0.1\code\glTF\glTFExporter.cpp">
      <Filter>GLTF_EXPORTER</Filter>
    </ClCompile>
    <ClCompile Include="F:\Graphic-Engine\assimp-5.0.1\code\glTF2\glTF2Exporter.cpp">
      <Filter>GLTF_EXPORTER</Filter>
    </ClCompile>
    <ClCompile Include="F:\Graphic-Engine\assimp-5.0.1\code\3MF\D3MFExporter.cpp">
      <Filter>3MF_EXPORTER</Filter>
    </ClCompile>
    <ClCompile Include="F:\Graphic-Engine\assimp-5.0.1\code\Assjson\cencode.c">
      <Filter>ASSJSON_EXPORTER</Filter>
    </ClCompile>
    <ClCompile Include="F:\Graphic-Engine\assimp-5.0.1\code\Assjson\json_exporter.cpp">
      <Filter>ASSJSON_EXPORTER</Filter>
    </ClCompile>
    <ClCompile Include="F:\Graphic-Engine\assimp-5.0.1\code\Assjson\mesh_splitter.cpp">
      <Filter>ASSJSON_EXPORTER</Filter>
    </ClCompile>
    <ClCompile Include="F:\Graphic-Engine\assimp-5.0.1\code\Step\StepExporter.cpp">
      <Filter>STEP_EXPORTER</Filter>
    </ClCompile>
    <ClCompile Include="F:\Graphic-Engine\assimp-5.0.1\contrib\unzip\ioapi.c">
      <Filter>Contrib\unzip</Filter>
    </ClCompile>
    <ClCompile Include="F:\Graphic-Engine\assimp-5.0.1\contrib\unzip\unzip.c">
      <Filter>Contrib\unzip</Filter>
    </ClCompile>
    <ClCompile Include="F:\Graphic-Engine\assimp-5.0.1\contrib\poly2tri\poly2tri\common\shapes.cc">
      <Filter>Contrib\Poly2Tri</Filter>
    </ClCompile>
    <ClCompile Include="F:\Graphic-Engine\assimp-5.0.1\contrib\poly2tri\poly2tri\sweep\advancing_front.cc">
      <Filter>Contrib\Poly2Tri</Filter>
    </ClCompile>
    <ClCompile Include="F:\Graphic-Engine\assimp-5.0.1\contrib\poly2tri\poly2tri\sweep\cdt.cc">
      <Filter>Contrib\Poly2Tri</Filter>
    </ClCompile>
    <ClCompile Include="F:\Graphic-Engine\assimp-5.0.1\contrib\poly2tri\poly2tri\sweep\sweep.cc">
      <Filter>Contrib\Poly2Tri</Filter>
    </ClCompile>
    <ClCompile Include="F:\Graphic-Engine\assimp-5.0.1\contrib\poly2tri\poly2tri\sweep\sweep_context.cc">
      <Filter>Contrib\Poly2Tri</Filter>
    </ClCompile>
    <ClCompile Include="F:\Graphic-Engine\assimp-5.0.1\contrib\clipper\clipper.cpp">
      <Filter>Contrib\Clipper</Filter>
    </ClCompile>
    <ClCompile Include="F:\Graphic-Engine\assimp-5.0.1\contrib\openddlparser\code\OpenDDLParser.cpp">
      <Filter>Contrib\openddl_parser</Filter>
    </ClCompile>
    <ClCompile Include="F:\Graphic-Engine\assimp-5.0.1\contrib\openddlparser\code\DDLNode.cpp">
      <Filter>Contrib\openddl_parser</Filter>
    </ClCompile>
    <ClCompile Include="F:\Graphic-Engine\assimp-5.0.1\contrib\openddlparser\code\OpenDDLCommon.cpp">
      <Filter>Contrib\openddl_parser</Filter>
    </ClCompile>
    <ClCompile Include="F:\Graphic-Engine\assimp-5.0.1\contrib\openddlparser\code\OpenDDLExport.cpp">
      <Filter>Contrib\openddl_parser</Filter>
    </ClCompile>
    <ClCompile Include="F:\Graphic-Engine\assimp-5.0.1\contrib\openddlparser\code\Value.cpp">
      <Filter>Contrib\openddl_parser</Filter>
    </ClCompile>
    <ClCompile Include="F:\Graphic-Engine\assimp-5.0.1\contrib\openddlparser\code\OpenDDLStream.cpp">
      <Filter>Contrib\openddl_parser</Filter>
    </ClCompile>
    <ClCompile Include="F:\Graphic-Engine\assimp-5.0.1\contrib\Open3DGC\o3dgcArithmeticCodec.cpp">
      <Filter>Contrib\open3dgc</Filter>
    </ClCompile>
    <ClCompile Include="F:\Graphic-Engine\assimp-5.0.1\contrib\Open3DGC\o3dgcDynamicVectorDecoder.cpp">
      <Filter>Contrib\open3dgc</Filter>
    </ClCompile>
    <ClCompile Include="F:\Graphic-Engine\assimp-5.0.1\contrib\Open3DGC\o3dgcDynamicVectorEncoder.cpp">
      <Filter>Contrib\open3dgc</Filter>
    </ClCompile>
    <ClCompile Include="F:\Graphic-Engine\assimp-5.0.1\contrib\Open3DGC\o3dgcTools.cpp">
      <Filter>Contrib\open3dgc</Filter>
    </ClCompile>
    <ClCompile Include="F:\Graphic-Engine\assimp-5.0.1\contrib\Open3DGC\o3dgcTriangleFans.cpp">
      <Filter>Contrib\open3dgc</Filter>
    </ClCompile>
    <ClCompile Include="F:\Graphic-Engine\assimp-5.0.1\contrib\zip\src\zip.c">
      <Filter>ziplib</Filter>
    </ClCompile>
  </ItemGroup>
  <ItemGroup>
    <ClInclude Include="F:\Graphic-Engine\assimp-5.0.1\code\CApi\CInterfaceIOWrapper.h">
      <Filter>CApi</Filter>
    </ClInclude>
    <ClInclude Include="F:\Graphic-Engine\assimp-5.0.1\code\Common\BaseProcess.h">
      <Filter>Common</Filter>
    </ClInclude>
    <ClInclude Include="F:\Graphic-Engine\assimp-5.0.1\code\Common\Importer.h">
      <Filter>Common</Filter>
    </ClInclude>
    <ClInclude Include="F:\Graphic-Engine\assimp-5.0.1\code\Common\ScenePrivate.h">
      <Filter>Common</Filter>
    </ClInclude>
    <ClInclude Include="F:\Graphic-Engine\assimp-5.0.1\code\Common\DefaultProgressHandler.h">
      <Filter>Common</Filter>
    </ClInclude>
    <ClInclude Include="F:\Graphic-Engine\assimp-5.0.1\code\Common\PolyTools.h">
      <Filter>Common</Filter>
    </ClInclude>
    <ClInclude Include="F:\Graphic-Engine\assimp-5.0.1\code\Common\IFF.h">
      <Filter>Common</Filter>
    </ClInclude>
    <ClInclude Include="F:\Graphic-Engine\assimp-5.0.1\code\Common\VertexTriangleAdjacency.h">
      <Filter>Common</Filter>
    </ClInclude>
    <ClInclude Include="F:\Graphic-Engine\assimp-5.0.1\code\Common\ScenePreprocessor.h">
      <Filter>Common</Filter>
    </ClInclude>
    <ClInclude Include="F:\Graphic-Engine\assimp-5.0.1\code\Common\SplitByBoneCountProcess.h">
      <Filter>Common</Filter>
    </ClInclude>
    <ClInclude Include="F:\Graphic-Engine\assimp-5.0.1\code\Common\TargetAnimation.h">
      <Filter>Common</Filter>
    </ClInclude>
    <ClInclude Include="F:\Graphic-Engine\assimp-5.0.1\code\Common\simd.h">
      <Filter>Common</Filter>
    </ClInclude>
    <ClInclude Include="F:\Graphic-Engine\assimp-5.0.1\include\assimp\DefaultLogger.hpp">
      <Filter>Logging</Filter>
    </ClInclude>
    <ClInclude Include="F:\Graphic-Engine\assimp-5.0.1\include\assimp\LogStream.hpp">
      <Filter>Logging</Filter>
    </ClInclude>
    <ClInclude Include="F:\Graphic-Engine\assimp-5.0.1\include\assimp\Logger.hpp">
      <Filter>Logging</Filter>
    </ClInclude>
    <ClInclude Include="F:\Graphic-Engine\assimp-5.0.1\include\assimp\NullLogger.hpp">
      <Filter>Logging</Filter>
    </ClInclude>
    <ClInclude Include="F:\Graphic-Engine\assimp-5.0.1\code\Common\Win32DebugLogStream.h">
      <Filter>Logging</Filter>
    </ClInclude>
    <ClInclude Include="F:\Graphic-Engine\assimp-5.0.1\code\Common\FileLogStream.h">
      <Filter>Logging</Filter>
    </ClInclude>
    <ClInclude Include="F:\Graphic-Engine\assimp-5.0.1\code\Common\StdOStreamLogStream.h">
      <Filter>Logging</Filter>
    </ClInclude>
    <ClInclude Include="F:\Graphic-Engine\assimp-5.0.1\include\assimp\BlobIOSystem.h">
      <Filter>Exporter</Filter>
    </ClInclude>
    <ClInclude Include="F:\Graphic-Engine\assimp-5.0.1\code\PostProcessing\CalcTangentsProcess.h">
      <Filter>PostProcessing</Filter>
    </ClInclude>
    <ClInclude Include="F:\Graphic-Engine\assimp-5.0.1\code\PostProcessing\ComputeUVMappingProcess.h">
      <Filter>PostProcessing</Filter>
    </ClInclude>
    <ClInclude Include="F:\Graphic-Engine\assimp-5.0.1\code\PostProcessing\ConvertToLHProcess.h">
      <Filter>PostProcessing</Filter>
    </ClInclude>
    <ClInclude Include="F:\Graphic-Engine\assimp-5.0.1\code\PostProcessing\EmbedTexturesProcess.h">
      <Filter>PostProcessing</Filter>
    </ClInclude>
    <ClInclude Include="F:\Graphic-Engine\assimp-5.0.1\code\PostProcessing\FindDegenerates.h">
      <Filter>PostProcessing</Filter>
    </ClInclude>
    <ClInclude Include="F:\Graphic-Engine\assimp-5.0.1\code\PostProcessing\FindInstancesProcess.h">
      <Filter>PostProcessing</Filter>
    </ClInclude>
    <ClInclude Include="F:\Graphic-Engine\assimp-5.0.1\code\PostProcessing\FindInvalidDataProcess.h">
      <Filter>PostProcessing</Filter>
    </ClInclude>
    <ClInclude Include="F:\Graphic-Engine\assimp-5.0.1\code\PostProcessing\FixNormalsStep.h">
      <Filter>PostProcessing</Filter>
    </ClInclude>
    <ClInclude Include="F:\Graphic-Engine\assimp-5.0.1\code\PostProcessing\DropFaceNormalsProcess.h">
      <Filter>PostProcessing</Filter>
    </ClInclude>
    <ClInclude Include="F:\Graphic-Engine\assimp-5.0.1\code\PostProcessing\GenFaceNormalsProcess.h">
      <Filter>PostProcessing</Filter>
    </ClInclude>
    <ClInclude Include="F:\Graphic-Engine\assimp-5.0.1\code\PostProcessing\GenVertexNormalsProcess.h">
      <Filter>PostProcessing</Filter>
    </ClInclude>
    <ClInclude Include="F:\Graphic-Engine\assimp-5.0.1\code\PostProcessing\PretransformVertices.h">
      <Filter>PostProcessing</Filter>
    </ClInclude>
    <ClInclude Include="F:\Graphic-Engine\assimp-5.0.1\code\PostProcessing\ImproveCacheLocality.h">
      <Filter>PostProcessing</Filter>
    </ClInclude>
    <ClInclude Include="F:\Graphic-Engine\assimp-5.0.1\code\PostProcessing\JoinVerticesProcess.h">
      <Filter>PostProcessing</Filter>
    </ClInclude>
    <ClInclude Include="F:\Graphic-Engine\assimp-5.0.1\code\PostProcessing\LimitBoneWeightsProcess.h">
      <Filter>PostProcessing</Filter>
    </ClInclude>
    <ClInclude Include="F:\Graphic-Engine\assimp-5.0.1\code\PostProcessing\RemoveRedundantMaterials.h">
      <Filter>PostProcessing</Filter>
    </ClInclude>
    <ClInclude Include="F:\Graphic-Engine\assimp-5.0.1\code\PostProcessing\RemoveVCProcess.h">
      <Filter>PostProcessing</Filter>
    </ClInclude>
    <ClInclude Include="F:\Graphic-Engine\assimp-5.0.1\code\PostProcessing\SortByPTypeProcess.h">
      <Filter>PostProcessing</Filter>
    </ClInclude>
    <ClInclude Include="F:\Graphic-Engine\assimp-5.0.1\code\PostProcessing\SplitLargeMeshes.h">
      <Filter>PostProcessing</Filter>
    </ClInclude>
    <ClInclude Include="F:\Graphic-Engine\assimp-5.0.1\code\PostProcessing\TextureTransform.h">
      <Filter>PostProcessing</Filter>
    </ClInclude>
    <ClInclude Include="F:\Graphic-Engine\assimp-5.0.1\code\PostProcessing\TriangulateProcess.h">
      <Filter>PostProcessing</Filter>
    </ClInclude>
    <ClInclude Include="F:\Graphic-Engine\assimp-5.0.1\code\PostProcessing\ValidateDataStructure.h">
      <Filter>PostProcessing</Filter>
    </ClInclude>
    <ClInclude Include="F:\Graphic-Engine\assimp-5.0.1\code\PostProcessing\OptimizeGraph.h">
      <Filter>PostProcessing</Filter>
    </ClInclude>
    <ClInclude Include="F:\Graphic-Engine\assimp-5.0.1\code\PostProcessing\OptimizeMeshes.h">
      <Filter>PostProcessing</Filter>
    </ClInclude>
    <ClInclude Include="F:\Graphic-Engine\assimp-5.0.1\code\PostProcessing\DeboneProcess.h">
      <Filter>PostProcessing</Filter>
    </ClInclude>
    <ClInclude Include="F:\Graphic-Engine\assimp-5.0.1\code\PostProcessing\ProcessHelper.h">
      <Filter>PostProcessing</Filter>
    </ClInclude>
    <ClInclude Include="F:\Graphic-Engine\assimp-5.0.1\code\PostProcessing\MakeVerboseFormat.h">
      <Filter>PostProcessing</Filter>
    </ClInclude>
    <ClInclude Include="F:\Graphic-Engine\assimp-5.0.1\code\PostProcessing\ScaleProcess.h">
      <Filter>PostProcessing</Filter>
    </ClInclude>
    <ClInclude Include="F:\Graphic-Engine\assimp-5.0.1\code\PostProcessing\GenBoundingBoxesProcess.h">
      <Filter>PostProcessing</Filter>
    </ClInclude>
    <ClInclude Include="F:\Graphic-Engine\assimp-5.0.1\code\Material\MaterialSystem.h">
      <Filter>MaterialSystem</Filter>
    </ClInclude>
    <ClInclude Include="F:\Graphic-Engine\assimp-5.0.1\code\Importer\STEPParser\STEPFileReader.h">
      <Filter>STEPParser</Filter>
    </ClInclude>
    <ClInclude Include="F:\Graphic-Engine\assimp-5.0.1\code\Importer\STEPParser\STEPFileEncoding.h">
      <Filter>STEPParser</Filter>
    </ClInclude>
    <ClInclude Include="F:\Graphic-Engine\assimp-5.0.1\code\AMF\AMFImporter.hpp">
      <Filter>AMF</Filter>
    </ClInclude>
    <ClInclude Include="F:\Graphic-Engine\assimp-5.0.1\code\AMF\AMFImporter_Macro.hpp">
      <Filter>AMF</Filter>
    </ClInclude>
    <ClInclude Include="F:\Graphic-Engine\assimp-5.0.1\code\AMF\AMFImporter_Node.hpp">
      <Filter>AMF</Filter>
    </ClInclude>
    <ClInclude Include="F:\Graphic-Engine\assimp-5.0.1\code\3DS\3DSHelper.h">
      <Filter>3DS</Filter>
    </ClInclude>
    <ClInclude Include="F:\Graphic-Engine\assimp-5.0.1\code\3DS\3DSLoader.h">
      <Filter>3DS</Filter>
    </ClInclude>
    <ClInclude Include="F:\Graphic-Engine\assimp-5.0.1\code\AC\ACLoader.h">
      <Filter>AC</Filter>
    </ClInclude>
    <ClInclude Include="F:\Graphic-Engine\assimp-5.0.1\code\ASE\ASELoader.h">
      <Filter>ASE</Filter>
    </ClInclude>
    <ClInclude Include="F:\Graphic-Engine\assimp-5.0.1\code\ASE\ASEParser.h">
      <Filter>ASE</Filter>
    </ClInclude>
    <ClInclude Include="F:\Graphic-Engine\assimp-5.0.1\code\Assbin\AssbinLoader.h">
      <Filter>ASSBIN</Filter>
    </ClInclude>
    <ClInclude Include="F:\Graphic-Engine\assimp-5.0.1\code\B3D\B3DImporter.h">
      <Filter>B3D</Filter>
    </ClInclude>
    <ClInclude Include="F:\Graphic-Engine\assimp-5.0.1\code\BVH\BVHLoader.h">
      <Filter>BVH</Filter>
    </ClInclude>
    <ClInclude Include="F:\Graphic-Engine\assimp-5.0.1\code\Collada\ColladaHelper.h">
      <Filter>COLLADA</Filter>
    </ClInclude>
    <ClInclude Include="F:\Graphic-Engine\assimp-5.0.1\code\Collada\ColladaLoader.h">
      <Filter>COLLADA</Filter>
    </ClInclude>
    <ClInclude Include="F:\Graphic-Engine\assimp-5.0.1\code\Collada\ColladaParser.h">
      <Filter>COLLADA</Filter>
    </ClInclude>
    <ClInclude Include="F:\Graphic-Engine\assimp-5.0.1\code\DXF\DXFLoader.h">
      <Filter>DXF</Filter>
    </ClInclude>
    <ClInclude Include="F:\Graphic-Engine\assimp-5.0.1\code\DXF\DXFHelper.h">
      <Filter>DXF</Filter>
    </ClInclude>
    <ClInclude Include="F:\Graphic-Engine\assimp-5.0.1\code\CSM\CSMLoader.h">
      <Filter>CSM</Filter>
    </ClInclude>
    <ClInclude Include="F:\Graphic-Engine\assimp-5.0.1\code\HMP\HMPFileData.h">
      <Filter>HMP</Filter>
    </ClInclude>
    <ClInclude Include="F:\Graphic-Engine\assimp-5.0.1\code\HMP\HMPLoader.h">
      <Filter>HMP</Filter>
    </ClInclude>
    <ClInclude Include="F:\Graphic-Engine\assimp-5.0.1\code\HMP\HalfLifeFileData.h">
      <Filter>HMP</Filter>
    </ClInclude>
    <ClInclude Include="F:\Graphic-Engine\assimp-5.0.1\code\Irr\IRRMeshLoader.h">
      <Filter>IRRMESH</Filter>
    </ClInclude>
    <ClInclude Include="F:\Graphic-Engine\assimp-5.0.1\code\Irr\IRRShared.h">
      <Filter>IRR</Filter>
    </ClInclude>
    <ClInclude Include="F:\Graphic-Engine\assimp-5.0.1\code\Irr\IRRLoader.h">
      <Filter>IRR</Filter>
    </ClInclude>
    <ClInclude Include="F:\Graphic-Engine\assimp-5.0.1\code\LWO\LWOAnimation.h">
      <Filter>LWO</Filter>
    </ClInclude>
    <ClInclude Include="F:\Graphic-Engine\assimp-5.0.1\code\LWO\LWOFileData.h">
      <Filter>LWO</Filter>
    </ClInclude>
    <ClInclude Include="F:\Graphic-Engine\assimp-5.0.1\code\LWO\LWOLoader.h">
      <Filter>LWO</Filter>
    </ClInclude>
    <ClInclude Include="F:\Graphic-Engine\assimp-5.0.1\code\LWS\LWSLoader.h">
      <Filter>LWS</Filter>
    </ClInclude>
    <ClInclude Include="F:\Graphic-Engine\assimp-5.0.1\code\MD2\MD2FileData.h">
      <Filter>MD2</Filter>
    </ClInclude>
    <ClInclude Include="F:\Graphic-Engine\assimp-5.0.1\code\MD2\MD2Loader.h">
      <Filter>MD2</Filter>
    </ClInclude>
    <ClInclude Include="F:\Graphic-Engine\assimp-5.0.1\code\MD2\MD2NormalTable.h">
      <Filter>MD2</Filter>
    </ClInclude>
    <ClInclude Include="F:\Graphic-Engine\assimp-5.0.1\code\MD3\MD3FileData.h">
      <Filter>MD3</Filter>
    </ClInclude>
    <ClInclude Include="F:\Graphic-Engine\assimp-5.0.1\code\MD3\MD3Loader.h">
      <Filter>MD3</Filter>
    </ClInclude>
    <ClInclude Include="F:\Graphic-Engine\assimp-5.0.1\code\MD5\MD5Loader.h">
      <Filter>MD5</Filter>
    </ClInclude>
    <ClInclude Include="F:\Graphic-Engine\assimp-5.0.1\code\MD5\MD5Parser.h">
      <Filter>MD5</Filter>
    </ClInclude>
    <ClInclude Include="F:\Graphic-Engine\assimp-5.0.1\code\MDC\MDCFileData.h">
      <Filter>MDC</Filter>
    </ClInclude>
    <ClInclude Include="F:\Graphic-Engine\assimp-5.0.1\code\MDC\MDCLoader.h">
      <Filter>MDC</Filter>
    </ClInclude>
    <ClInclude Include="F:\Graphic-Engine\assimp-5.0.1\code\MDC\MDCNormalTable.h">
      <Filter>MDC</Filter>
    </ClInclude>
    <ClInclude Include="F:\Graphic-Engine\assimp-5.0.1\code\MDL\MDLDefaultColorMap.h">
      <Filter>MDL</Filter>
    </ClInclude>
    <ClInclude Include="F:\Graphic-Engine\assimp-5.0.1\code\MDL\MDLFileData.h">
      <Filter>MDL</Filter>
    </ClInclude>
    <ClInclude Include="F:\Graphic-Engine\assimp-5.0.1\code\MDL\MDLLoader.h">
      <Filter>MDL</Filter>
    </ClInclude>
    <ClInclude Include="F:\Graphic-Engine\assimp-5.0.1\code\NFF\NFFLoader.h">
      <Filter>NFF</Filter>
    </ClInclude>
    <ClInclude Include="F:\Graphic-Engine\assimp-5.0.1\code\NDO\NDOLoader.h">
      <Filter>NDO</Filter>
    </ClInclude>
    <ClInclude Include="F:\Graphic-Engine\assimp-5.0.1\code\OFF\OFFLoader.h">
      <Filter>OFF</Filter>
    </ClInclude>
    <ClInclude Include="F:\Graphic-Engine\assimp-5.0.1\code\Obj\ObjFileData.h">
      <Filter>OBJ</Filter>
    </ClInclude>
    <ClInclude Include="F:\Graphic-Engine\assimp-5.0.1\code\Obj\ObjFileImporter.h">
      <Filter>OBJ</Filter>
    </ClInclude>
    <ClInclude Include="F:\Graphic-Engine\assimp-5.0.1\code\Obj\ObjFileMtlImporter.h">
      <Filter>OBJ</Filter>
    </ClInclude>
    <ClInclude Include="F:\Graphic-Engine\assimp-5.0.1\code\Obj\ObjFileParser.h">
      <Filter>OBJ</Filter>
    </ClInclude>
    <ClInclude Include="F:\Graphic-Engine\assimp-5.0.1\code\Obj\ObjTools.h">
      <Filter>OBJ</Filter>
    </ClInclude>
    <ClInclude Include="F:\Graphic-Engine\assimp-5.0.1\code\Ogre\OgreImporter.h">
      <Filter>OGRE</Filter>
    </ClInclude>
    <ClInclude Include="F:\Graphic-Engine\assimp-5.0.1\code\Ogre\OgreStructs.h">
      <Filter>OGRE</Filter>
    </ClInclude>
    <ClInclude Include="F:\Graphic-Engine\assimp-5.0.1\code\Ogre\OgreParsingUtils.h">
      <Filter>OGRE</Filter>
    </ClInclude>
    <ClInclude Include="F:\Graphic-Engine\assimp-5.0.1\code\Ogre\OgreBinarySerializer.h">
      <Filter>OGRE</Filter>
    </ClInclude>
    <ClInclude Include="F:\Graphic-Engine\assimp-5.0.1\code\Ogre\OgreXmlSerializer.h">
      <Filter>OGRE</Filter>
    </ClInclude>
    <ClInclude Include="F:\Graphic-Engine\assimp-5.0.1\code\OpenGEX\OpenGEXImporter.h">
      <Filter>OPENGEX</Filter>
    </ClInclude>
    <ClInclude Include="F:\Graphic-Engine\assimp-5.0.1\code\OpenGEX\OpenGEXStructs.h">
      <Filter>OPENGEX</Filter>
    </ClInclude>
    <ClInclude Include="F:\Graphic-Engine\assimp-5.0.1\code\Ply\PlyLoader.h">
      <Filter>PLY</Filter>
    </ClInclude>
    <ClInclude Include="F:\Graphic-Engine\assimp-5.0.1\code\Ply\PlyParser.h">
      <Filter>PLY</Filter>
    </ClInclude>
    <ClInclude Include="F:\Graphic-Engine\assimp-5.0.1\code\MS3D\MS3DLoader.h">
      <Filter>MS3D</Filter>
    </ClInclude>
    <ClInclude Include="F:\Graphic-Engine\assimp-5.0.1\code\COB\COBLoader.h">
      <Filter>COB</Filter>
    </ClInclude>
    <ClInclude Include="F:\Graphic-Engine\assimp-5.0.1\code\COB\COBScene.h">
      <Filter>COB</Filter>
    </ClInclude>
    <ClInclude Include="F:\Graphic-Engine\assimp-5.0.1\code\Blender\BlenderLoader.h">
      <Filter>BLEND</Filter>
    </ClInclude>
    <ClInclude Include="F:\Graphic-Engine\assimp-5.0.1\code\Blender\BlenderDNA.h">
      <Filter>BLEND</Filter>
    </ClInclude>
    <ClInclude Include="F:\Graphic-Engine\assimp-5.0.1\code\Blender\BlenderDNA.inl">
      <Filter>BLEND</Filter>
    </ClInclude>
    <ClInclude Include="F:\Graphic-Engine\assimp-5.0.1\code\Blender\BlenderScene.h">
      <Filter>BLEND</Filter>
    </ClInclude>
    <ClInclude Include="F:\Graphic-Engine\assimp-5.0.1\code\Blender\BlenderSceneGen.h">
      <Filter>BLEND</Filter>
    </ClInclude>
    <ClInclude Include="F:\Graphic-Engine\assimp-5.0.1\code\Blender\BlenderIntermediate.h">
      <Filter>BLEND</Filter>
    </ClInclude>
    <ClInclude Include="F:\Graphic-Engine\assimp-5.0.1\code\Blender\BlenderModifier.h">
      <Filter>BLEND</Filter>
    </ClInclude>
    <ClInclude Include="F:\Graphic-Engine\assimp-5.0.1\code\Blender\BlenderBMesh.h">
      <Filter>BLEND</Filter>
    </ClInclude>
    <ClInclude Include="F:\Graphic-Engine\assimp-5.0.1\code\Blender\BlenderTessellator.h">
      <Filter>BLEND</Filter>
    </ClInclude>
    <ClInclude Include="F:\Graphic-Engine\assimp-5.0.1\code\Blender\BlenderCustomData.h">
      <Filter>BLEND</Filter>
    </ClInclude>
    <ClInclude Include="F:\Graphic-Engine\assimp-5.0.1\code\Importer\IFC\IFCLoader.h">
      <Filter>IFC</Filter>
    </ClInclude>
    <ClInclude Include="F:\Graphic-Engine\assimp-5.0.1\code\Importer\IFC\IFCReaderGen_2x3.h">
      <Filter>IFC</Filter>
    </ClInclude>
    <ClInclude Include="F:\Graphic-Engine\assimp-5.0.1\code\Importer\IFC\IFCUtil.h">
      <Filter>IFC</Filter>
    </ClInclude>
    <ClInclude Include="F:\Graphic-Engine\assimp-5.0.1\code\XGL\XGLLoader.h">
      <Filter>XGL</Filter>
    </ClInclude>
    <ClInclude Include="F:\Graphic-Engine\assimp-5.0.1\code\FBX\FBXCompileConfig.h">
      <Filter>FBX</Filter>
    </ClInclude>
    <ClInclude Include="F:\Graphic-Engine\assimp-5.0.1\code\FBX\FBXImporter.h">
      <Filter>FBX</Filter>
    </ClInclude>
    <ClInclude Include="F:\Graphic-Engine\assimp-5.0.1\code\FBX\FBXParser.h">
      <Filter>FBX</Filter>
    </ClInclude>
    <ClInclude Include="F:\Graphic-Engine\assimp-5.0.1\code\FBX\FBXTokenizer.h">
      <Filter>FBX</Filter>
    </ClInclude>
    <ClInclude Include="F:\Graphic-Engine\assimp-5.0.1\code\FBX\FBXImportSettings.h">
      <Filter>FBX</Filter>
    </ClInclude>
    <ClInclude Include="F:\Graphic-Engine\assimp-5.0.1\code\FBX\FBXConverter.h">
      <Filter>FBX</Filter>
    </ClInclude>
    <ClInclude Include="F:\Graphic-Engine\assimp-5.0.1\code\FBX\FBXUtil.h">
      <Filter>FBX</Filter>
    </ClInclude>
    <ClInclude Include="F:\Graphic-Engine\assimp-5.0.1\code\FBX\FBXDocument.h">
      <Filter>FBX</Filter>
    </ClInclude>
    <ClInclude Include="F:\Graphic-Engine\assimp-5.0.1\code\FBX\FBXProperties.h">
      <Filter>FBX</Filter>
    </ClInclude>
    <ClInclude Include="F:\Graphic-Engine\assimp-5.0.1\code\FBX\FBXMeshGeometry.h">
      <Filter>FBX</Filter>
    </ClInclude>
    <ClInclude Include="F:\Graphic-Engine\assimp-5.0.1\code\FBX\FBXCommon.h">
      <Filter>FBX</Filter>
    </ClInclude>
    <ClInclude Include="F:\Graphic-Engine\assimp-5.0.1\code\Q3D\Q3DLoader.h">
      <Filter>Q3D</Filter>
    </ClInclude>
    <ClInclude Include="F:\Graphic-Engine\assimp-5.0.1\code\Q3BSP\Q3BSPFileData.h">
      <Filter>Q3BSP</Filter>
    </ClInclude>
    <ClInclude Include="F:\Graphic-Engine\assimp-5.0.1\code\Q3BSP\Q3BSPFileParser.h">
      <Filter>Q3BSP</Filter>
    </ClInclude>
    <ClInclude Include="F:\Graphic-Engine\assimp-5.0.1\code\Q3BSP\Q3BSPFileImporter.h">
      <Filter>Q3BSP</Filter>
    </ClInclude>
    <ClInclude Include="F:\Graphic-Engine\assimp-5.0.1\code\Raw\RawLoader.h">
      <Filter>RAW</Filter>
    </ClInclude>
    <ClInclude Include="F:\Graphic-Engine\assimp-5.0.1\code\SIB\SIBImporter.h">
      <Filter>SIB</Filter>
    </ClInclude>
    <ClInclude Include="F:\Graphic-Engine\assimp-5.0.1\code\SMD\SMDLoader.h">
      <Filter>SMD</Filter>
    </ClInclude>
    <ClInclude Include="F:\Graphic-Engine\assimp-5.0.1\code\STL\STLLoader.h">
      <Filter>STL</Filter>
    </ClInclude>
    <ClInclude Include="F:\Graphic-Engine\assimp-5.0.1\code\Terragen\TerragenLoader.h">
      <Filter>TERRAGEN</Filter>
    </ClInclude>
    <ClInclude Include="F:\Graphic-Engine\assimp-5.0.1\code\Unreal\UnrealLoader.h">
      <Filter>3D</Filter>
    </ClInclude>
    <ClInclude Include="F:\Graphic-Engine\assimp-5.0.1\code\X\XFileHelper.h">
      <Filter>X</Filter>
    </ClInclude>
    <ClInclude Include="F:\Graphic-Engine\assimp-5.0.1\code\X\XFileImporter.h">
      <Filter>X</Filter>
    </ClInclude>
    <ClInclude Include="F:\Graphic-Engine\assimp-5.0.1\code\X\XFileParser.h">
      <Filter>X</Filter>
    </ClInclude>
    <ClInclude Include="F:\Graphic-Engine\assimp-5.0.1\code\X3D\X3DImporter.hpp">
      <Filter>X3D</Filter>
    </ClInclude>
    <ClInclude Include="F:\Graphic-Engine\assimp-5.0.1\code\X3D\X3DImporter_Macro.hpp">
      <Filter>X3D</Filter>
    </ClInclude>
    <ClInclude Include="F:\Graphic-Engine\assimp-5.0.1\code\X3D\X3DImporter_Node.hpp">
      <Filter>X3D</Filter>
    </ClInclude>
    <ClInclude Include="F:\Graphic-Engine\assimp-5.0.1\code\X3D\FIReader.hpp">
      <Filter>X3D</Filter>
    </ClInclude>
    <ClInclude Include="F:\Graphic-Engine\assimp-5.0.1\code\glTF\glTFCommon.h">
      <Filter>GLTF</Filter>
    </ClInclude>
    <ClInclude Include="F:\Graphic-Engine\assimp-5.0.1\code\glTF\glTFAsset.h">
      <Filter>GLTF</Filter>
    </ClInclude>
    <ClInclude Include="F:\Graphic-Engine\assimp-5.0.1\code\glTF\glTFAsset.inl">
      <Filter>GLTF</Filter>
    </ClInclude>
    <ClInclude Include="F:\Graphic-Engine\assimp-5.0.1\code\glTF\glTFAssetWriter.h">
      <Filter>GLTF</Filter>
    </ClInclude>
    <ClInclude Include="F:\Graphic-Engine\assimp-5.0.1\code\glTF\glTFAssetWriter.inl">
      <Filter>GLTF</Filter>
    </ClInclude>
    <ClInclude Include="F:\Graphic-Engine\assimp-5.0.1\code\glTF\glTFImporter.h">
      <Filter>GLTF</Filter>
    </ClInclude>
    <ClInclude Include="F:\Graphic-Engine\assimp-5.0.1\code\glTF2\glTF2Asset.h">
      <Filter>GLTF</Filter>
    </ClInclude>
    <ClInclude Include="F:\Graphic-Engine\assimp-5.0.1\code\glTF2\glTF2Asset.inl">
      <Filter>GLTF</Filter>
    </ClInclude>
    <ClInclude Include="F:\Graphic-Engine\assimp-5.0.1\code\glTF2\glTF2AssetWriter.h">
      <Filter>GLTF</Filter>
    </ClInclude>
    <ClInclude Include="F:\Graphic-Engine\assimp-5.0.1\code\glTF2\glTF2AssetWriter.inl">
      <Filter>GLTF</Filter>
    </ClInclude>
    <ClInclude Include="F:\Graphic-Engine\assimp-5.0.1\code\glTF2\glTF2Importer.h">
      <Filter>GLTF</Filter>
    </ClInclude>
    <ClInclude Include="F:\Graphic-Engine\assimp-5.0.1\code\3MF\D3MFImporter.h">
      <Filter>3MF</Filter>
    </ClInclude>
    <ClInclude Include="F:\Graphic-Engine\assimp-5.0.1\code\3MF\D3MFOpcPackage.h">
      <Filter>3MF</Filter>
    </ClInclude>
    <ClInclude Include="F:\Graphic-Engine\assimp-5.0.1\code\3MF\3MFXmlTags.h">
      <Filter>3MF</Filter>
    </ClInclude>
    <ClInclude Include="F:\Graphic-Engine\assimp-5.0.1\code\MMD\MMDCpp14.h">
      <Filter>MMD</Filter>
    </ClInclude>
    <ClInclude Include="F:\Graphic-Engine\assimp-5.0.1\code\MMD\MMDImporter.h">
      <Filter>MMD</Filter>
    </ClInclude>
    <ClInclude Include="F:\Graphic-Engine\assimp-5.0.1\code\MMD\MMDPmdParser.h">
      <Filter>MMD</Filter>
    </ClInclude>
    <ClInclude Include="F:\Graphic-Engine\assimp-5.0.1\code\MMD\MMDPmxParser.h">
      <Filter>MMD</Filter>
    </ClInclude>
    <ClInclude Include="F:\Graphic-Engine\assimp-5.0.1\code\MMD\MMDVmdParser.h">
      <Filter>MMD</Filter>
    </ClInclude>
    <ClInclude Include="F:\Graphic-Engine\assimp-5.0.1\code\Step\STEPFile.h">
      <Filter>STEP</Filter>
    </ClInclude>
    <ClInclude Include="F:\Graphic-Engine\assimp-5.0.1\code\Importer\StepFile\StepFileImporter.h">
      <Filter>STEP</Filter>
    </ClInclude>
    <ClInclude Include="F:\Graphic-Engine\assimp-5.0.1\code\Importer\StepFile\StepReaderGen.h">
      <Filter>STEP</Filter>
    </ClInclude>
    <ClInclude Include="F:\Graphic-Engine\assimp-5.0.1\code\3DS\3DSExporter.h">
      <Filter>3DS_EXPORTER</Filter>
    </ClInclude>
    <ClInclude Include="F:\Graphic-Engine\assimp-5.0.1\code\Assbin\AssbinExporter.h">
      <Filter>ASSBIN_EXPORTER</Filter>
    </ClInclude>
    <ClInclude Include="F:\Graphic-Engine\assimp-5.0.1\code\Assxml\AssxmlExporter.h">
      <Filter>ASSXML_EXPORTER</Filter>
    </ClInclude>
    <ClInclude Include="F:\Graphic-Engine\assimp-5.0.1\code\Collada\ColladaExporter.h">
      <Filter>COLLADA_EXPORTER</Filter>
    </ClInclude>
    <ClInclude Include="F:\Graphic-Engine\assimp-5.0.1\code\Obj\ObjExporter.h">
      <Filter>OBJ_EXPORTER</Filter>
    </ClInclude>
    <ClInclude Include="F:\Graphic-Engine\assimp-5.0.1\code\OpenGEX\OpenGEXExporter.h">
      <Filter>OPENGEX_EXPORTER</Filter>
    </ClInclude>
    <ClInclude Include="F:\Graphic-Engine\assimp-5.0.1\code\Ply\PlyExporter.h">
      <Filter>PLY_EXPORTER</Filter>
    </ClInclude>
    <ClInclude Include="F:\Graphic-Engine\assimp-5.0.1\code\FBX\FBXExporter.h">
      <Filter>FBX_EXPORTER</Filter>
    </ClInclude>
    <ClInclude Include="F:\Graphic-Engine\assimp-5.0.1\code\FBX\FBXExportNode.h">
      <Filter>FBX_EXPORTER</Filter>
    </ClInclude>
    <ClInclude Include="F:\Graphic-Engine\assimp-5.0.1\code\FBX\FBXExportProperty.h">
      <Filter>FBX_EXPORTER</Filter>
    </ClInclude>
    <ClInclude Include="F:\Graphic-Engine\assimp-5.0.1\code\STL\STLExporter.h">
      <Filter>STL_EXPORTER</Filter>
    </ClInclude>
    <ClInclude Include="F:\Graphic-Engine\assimp-5.0.1\code\X\XFileExporter.h">
      <Filter>X_EXPORTER</Filter>
    </ClInclude>
    <ClInclude Include="F:\Graphic-Engine\assimp-5.0.1\code\X3D\X3DExporter.hpp">
      <Filter>X3D_EXPORTER</Filter>
    </ClInclude>
    <ClInclude Include="F:\Graphic-Engine\assimp-5.0.1\code\glTF\glTFExporter.h">
      <Filter>GLTF_EXPORTER</Filter>
    </ClInclude>
    <ClInclude Include="F:\Graphic-Engine\assimp-5.0.1\code\glTF2\glTF2Exporter.h">
      <Filter>GLTF_EXPORTER</Filter>
    </ClInclude>
    <ClInclude Include="F:\Graphic-Engine\assimp-5.0.1\code\3MF\D3MFExporter.h">
      <Filter>3MF_EXPORTER</Filter>
    </ClInclude>
    <ClInclude Include="F:\Graphic-Engine\assimp-5.0.1\code\Assjson\cencode.h">
      <Filter>ASSJSON_EXPORTER</Filter>
    </ClInclude>
    <ClInclude Include="F:\Graphic-Engine\assimp-5.0.1\code\Assjson\mesh_splitter.h">
      <Filter>ASSJSON_EXPORTER</Filter>
    </ClInclude>
    <ClInclude Include="F:\Graphic-Engine\assimp-5.0.1\code\Step\StepExporter.h">
      <Filter>STEP_EXPORTER</Filter>
    </ClInclude>
    <ClInclude Include="F:\Graphic-Engine\assimp-5.0.1\include\assimp\irrXMLWrapper.h">
      <Filter>IrrXML</Filter>
    </ClInclude>
    <ClInclude Include="F:\Graphic-Engine\assimp-5.0.1\contrib\unzip\crypt.h">
      <Filter>Contrib\unzip</Filter>
    </ClInclude>
    <ClInclude Include="F:\Graphic-Engine\assimp-5.0.1\contrib\unzip\ioapi.h">
      <Filter>Contrib\unzip</Filter>
    </ClInclude>
    <ClInclude Include="F:\Graphic-Engine\assimp-5.0.1\contrib\unzip\unzip.h">
      <Filter>Contrib\unzip</Filter>
    </ClInclude>
    <ClInclude Include="F:\Graphic-Engine\assimp-5.0.1\contrib\poly2tri\poly2tri\common\shapes.h">
      <Filter>Contrib\Poly2Tri</Filter>
    </ClInclude>
    <ClInclude Include="F:\Graphic-Engine\assimp-5.0.1\contrib\poly2tri\poly2tri\common\utils.h">
      <Filter>Contrib\Poly2Tri</Filter>
    </ClInclude>
    <ClInclude Include="F:\Graphic-Engine\assimp-5.0.1\contrib\poly2tri\poly2tri\sweep\advancing_front.h">
      <Filter>Contrib\Poly2Tri</Filter>
    </ClInclude>
    <ClInclude Include="F:\Graphic-Engine\assimp-5.0.1\contrib\poly2tri\poly2tri\sweep\cdt.h">
      <Filter>Contrib\Poly2Tri</Filter>
    </ClInclude>
    <ClInclude Include="F:\Graphic-Engine\assimp-5.0.1\contrib\poly2tri\poly2tri\sweep\sweep.h">
      <Filter>Contrib\Poly2Tri</Filter>
    </ClInclude>
    <ClInclude Include="F:\Graphic-Engine\assimp-5.0.1\contrib\poly2tri\poly2tri\sweep\sweep_context.h">
      <Filter>Contrib\Poly2Tri</Filter>
    </ClInclude>
    <ClInclude Include="F:\Graphic-Engine\assimp-5.0.1\contrib\clipper\clipper.hpp">
      <Filter>Contrib\Clipper</Filter>
    </ClInclude>
    <ClInclude Include="F:\Graphic-Engine\assimp-5.0.1\contrib\openddlparser\include\openddlparser\OpenDDLParser.h">
      <Filter>Contrib\openddl_parser</Filter>
    </ClInclude>
    <ClInclude Include="F:\Graphic-Engine\assimp-5.0.1\contrib\openddlparser\include\openddlparser\OpenDDLParserUtils.h">
      <Filter>Contrib\openddl_parser</Filter>
    </ClInclude>
    <ClInclude Include="F:\Graphic-Engine\assimp-5.0.1\contrib\openddlparser\include\openddlparser\OpenDDLCommon.h">
      <Filter>Contrib\openddl_parser</Filter>
    </ClInclude>
    <ClInclude Include="F:\Graphic-Engine\assimp-5.0.1\contrib\openddlparser\include\openddlparser\OpenDDLExport.h">
      <Filter>Contrib\openddl_parser</Filter>
    </ClInclude>
    <ClInclude Include="F:\Graphic-Engine\assimp-5.0.1\contrib\openddlparser\include\openddlparser\OpenDDLStream.h">
      <Filter>Contrib\openddl_parser</Filter>
    </ClInclude>
    <ClInclude Include="F:\Graphic-Engine\assimp-5.0.1\contrib\openddlparser\include\openddlparser\DDLNode.h">
      <Filter>Contrib\openddl_parser</Filter>
    </ClInclude>
    <ClInclude Include="F:\Graphic-Engine\assimp-5.0.1\contrib\openddlparser\include\openddlparser\Value.h">
      <Filter>Contrib\openddl_parser</Filter>
    </ClInclude>
    <ClInclude Include="F:\Graphic-Engine\assimp-5.0.1\contrib\Open3DGC\o3dgcAdjacencyInfo.h">
      <Filter>Contrib\open3dgc</Filter>
    </ClInclude>
    <ClInclude Include="F:\Graphic-Engine\assimp-5.0.1\contrib\Open3DGC\o3dgcArithmeticCodec.h">
      <Filter>Contrib\open3dgc</Filter>
    </ClInclude>
    <ClInclude Include="F:\Graphic-Engine\assimp-5.0.1\contrib\Open3DGC\o3dgcBinaryStream.h">
      <Filter>Contrib\open3dgc</Filter>
    </ClInclude>
    <ClInclude Include="F:\Graphic-Engine\assimp-5.0.1\contrib\Open3DGC\o3dgcCommon.h">
      <Filter>Contrib\open3dgc</Filter>
    </ClInclude>
    <ClInclude Include="F:\Graphic-Engine\assimp-5.0.1\contrib\Open3DGC\o3dgcDVEncodeParams.h">
      <Filter>Contrib\open3dgc</Filter>
    </ClInclude>
    <ClInclude Include="F:\Graphic-Engine\assimp-5.0.1\contrib\Open3DGC\o3dgcDynamicVectorDecoder.h">
      <Filter>Contrib\open3dgc</Filter>
    </ClInclude>
    <ClInclude Include="F:\Graphic-Engine\assimp-5.0.1\contrib\Open3DGC\o3dgcDynamicVectorEncoder.h">
      <Filter>Contrib\open3dgc</Filter>
    </ClInclude>
    <ClInclude Include="F:\Graphic-Engine\assimp-5.0.1\contrib\Open3DGC\o3dgcDynamicVector.h">
      <Filter>Contrib\open3dgc</Filter>
    </ClInclude>
    <ClInclude Include="F:\Graphic-Engine\assimp-5.0.1\contrib\Open3DGC\o3dgcFIFO.h">
      <Filter>Contrib\open3dgc</Filter>
    </ClInclude>
    <ClInclude Include="F:\Graphic-Engine\assimp-5.0.1\contrib\Open3DGC\o3dgcIndexedFaceSet.h">
      <Filter>Contrib\open3dgc</Filter>
    </ClInclude>
    <ClInclude Include="F:\Graphic-Engine\assimp-5.0.1\contrib\Open3DGC\o3dgcIndexedFaceSet.inl">
      <Filter>Contrib\open3dgc</Filter>
    </ClInclude>
    <ClInclude Include="F:\Graphic-Engine\assimp-5.0.1\contrib\Open3DGC\o3dgcSC3DMCDecoder.h">
      <Filter>Contrib\open3dgc</Filter>
    </ClInclude>
    <ClInclude Include="F:\Graphic-Engine\assimp-5.0.1\contrib\Open3DGC\o3dgcSC3DMCDecoder.inl">
      <Filter>Contrib\open3dgc</Filter>
    </ClInclude>
    <ClInclude Include="F:\Graphic-Engine\assimp-5.0.1\contrib\Open3DGC\o3dgcSC3DMCEncodeParams.h">
      <Filter>Contrib\open3dgc</Filter>
    </ClInclude>
    <ClInclude Include="F:\Graphic-Engine\assimp-5.0.1\contrib\Open3DGC\o3dgcSC3DMCEncoder.h">
      <Filter>Contrib\open3dgc</Filter>
    </ClInclude>
    <ClInclude Include="F:\Graphic-Engine\assimp-5.0.1\contrib\Open3DGC\o3dgcSC3DMCEncoder.inl">
      <Filter>Contrib\open3dgc</Filter>
    </ClInclude>
    <ClInclude Include="F:\Graphic-Engine\assimp-5.0.1\contrib\Open3DGC\o3dgcTimer.h">
      <Filter>Contrib\open3dgc</Filter>
    </ClInclude>
    <ClInclude Include="F:\Graphic-Engine\assimp-5.0.1\contrib\Open3DGC\o3dgcTriangleFans.h">
      <Filter>Contrib\open3dgc</Filter>
    </ClInclude>
    <ClInclude Include="F:\Graphic-Engine\assimp-5.0.1\contrib\Open3DGC\o3dgcTriangleListDecoder.h">
      <Filter>Contrib\open3dgc</Filter>
    </ClInclude>
    <ClInclude Include="F:\Graphic-Engine\assimp-5.0.1\contrib\Open3DGC\o3dgcTriangleListDecoder.inl">
      <Filter>Contrib\open3dgc</Filter>
    </ClInclude>
    <ClInclude Include="F:\Graphic-Engine\assimp-5.0.1\contrib\Open3DGC\o3dgcTriangleListEncoder.h">
      <Filter>Contrib\open3dgc</Filter>
    </ClInclude>
    <ClInclude Include="F:\Graphic-Engine\assimp-5.0.1\contrib\Open3DGC\o3dgcTriangleListEncoder.inl">
      <Filter>Contrib\open3dgc</Filter>
    </ClInclude>
    <ClInclude Include="F:\Graphic-Engine\assimp-5.0.1\contrib\Open3DGC\o3dgcVector.h">
      <Filter>Contrib\open3dgc</Filter>
    </ClInclude>
    <ClInclude Include="F:\Graphic-Engine\assimp-5.0.1\contrib\Open3DGC\o3dgcVector.inl">
      <Filter>Contrib\open3dgc</Filter>
    </ClInclude>
    <ClInclude Include="F:\Graphic-Engine\assimp-5.0.1\contrib\zip\src\miniz.h">
      <Filter>ziplib</Filter>
    </ClInclude>
    <ClInclude Include="F:\Graphic-Engine\assimp-5.0.1\contrib\zip\src\zip.h">
      <Filter>ziplib</Filter>
    </ClInclude>
    <ClInclude Include="F:\Graphic-Engine\assimp-5.0.1\include\assimp\anim.h">
      <Filter>Header Files</Filter>
    </ClInclude>
    <ClInclude Include="F:\Graphic-Engine\assimp-5.0.1\include\assimp\aabb.h">
      <Filter>Header Files</Filter>
    </ClInclude>
    <ClInclude Include="F:\Graphic-Engine\assimp-5.0.1\include\assimp\ai_assert.h">
      <Filter>Header Files</Filter>
    </ClInclude>
    <ClInclude Include="F:\Graphic-Engine\assimp-5.0.1\include\assimp\camera.h">
      <Filter>Header Files</Filter>
    </ClInclude>
    <ClInclude Include="F:\Graphic-Engine\assimp-5.0.1\include\assimp\color4.h">
      <Filter>Header Files</Filter>
    </ClInclude>
    <ClInclude Include="F:\Graphic-Engine\assimp-5.0.1\include\assimp\color4.inl">
      <Filter>Header Files</Filter>
    </ClInclude>
    <ClInclude Include="F:\Graphic-Engine\assimp-5.0.1\include\assimp\config.h">
      <Filter>Header Files</Filter>
    </ClInclude>
    <ClInclude Include="F:\Graphic-Engine\assimp-5.0.1\include\assimp\defs.h">
      <Filter>Header Files</Filter>
    </ClInclude>
    <ClInclude Include="F:\Graphic-Engine\assimp-5.0.1\include\assimp\Defines.h">
      <Filter>Header Files</Filter>
    </ClInclude>
    <ClInclude Include="F:\Graphic-Engine\assimp-5.0.1\include\assimp\cfileio.h">
      <Filter>Header Files</Filter>
    </ClInclude>
    <ClInclude Include="F:\Graphic-Engine\assimp-5.0.1\include\assimp\light.h">
      <Filter>Header Files</Filter>
    </ClInclude>
    <ClInclude Include="F:\Graphic-Engine\assimp-5.0.1\include\assimp\material.h">
      <Filter>Header Files</Filter>
    </ClInclude>
    <ClInclude Include="F:\Graphic-Engine\assimp-5.0.1\include\assimp\material.inl">
      <Filter>Header Files</Filter>
    </ClInclude>
    <ClInclude Include="F:\Graphic-Engine\assimp-5.0.1\include\assimp\matrix3x3.h">
      <Filter>Header Files</Filter>
    </ClInclude>
    <ClInclude Include="F:\Graphic-Engine\assimp-5.0.1\include\assimp\matrix3x3.inl">
      <Filter>Header Files</Filter>
    </ClInclude>
    <ClInclude Include="F:\Graphic-Engine\assimp-5.0.1\include\assimp\matrix4x4.h">
      <Filter>Header Files</Filter>
    </ClInclude>
    <ClInclude Include="F:\Graphic-Engine\assimp-5.0.1\include\assimp\matrix4x4.inl">
      <Filter>Header Files</Filter>
    </ClInclude>
    <ClInclude Include="F:\Graphic-Engine\assimp-5.0.1\include\assimp\mesh.h">
      <Filter>Header Files</Filter>
    </ClInclude>
    <ClInclude Include="F:\Graphic-Engine\assimp-5.0.1\include\assimp\pbrmaterial.h">
      <Filter>Header Files</Filter>
    </ClInclude>
    <ClInclude Include="F:\Graphic-Engine\assimp-5.0.1\include\assimp\postprocess.h">
      <Filter>Header Files</Filter>
    </ClInclude>
    <ClInclude Include="F:\Graphic-Engine\assimp-5.0.1\include\assimp\quaternion.h">
      <Filter>Header Files</Filter>
    </ClInclude>
    <ClInclude Include="F:\Graphic-Engine\assimp-5.0.1\include\assimp\quaternion.inl">
      <Filter>Header Files</Filter>
    </ClInclude>
    <ClInclude Include="F:\Graphic-Engine\assimp-5.0.1\include\assimp\scene.h">
      <Filter>Header Files</Filter>
    </ClInclude>
    <ClInclude Include="F:\Graphic-Engine\assimp-5.0.1\include\assimp\metadata.h">
      <Filter>Header Files</Filter>
    </ClInclude>
    <ClInclude Include="F:\Graphic-Engine\assimp-5.0.1\include\assimp\texture.h">
      <Filter>Header Files</Filter>
    </ClInclude>
    <ClInclude Include="F:\Graphic-Engine\assimp-5.0.1\include\assimp\types.h">
      <Filter>Header Files</Filter>
    </ClInclude>
    <ClInclude Include="F:\Graphic-Engine\assimp-5.0.1\include\assimp\vector2.h">
      <Filter>Header Files</Filter>
    </ClInclude>
    <ClInclude Include="F:\Graphic-Engine\assimp-5.0.1\include\assimp\vector2.inl">
      <Filter>Header Files</Filter>
    </ClInclude>
    <ClInclude Include="F:\Graphic-Engine\assimp-5.0.1\include\assimp\vector3.h">
      <Filter>Header Files</Filter>
    </ClInclude>
    <ClInclude Include="F:\Graphic-Engine\assimp-5.0.1\include\assimp\vector3.inl">
      <Filter>Header Files</Filter>
    </ClInclude>
    <ClInclude Include="F:\Graphic-Engine\assimp-5.0.1\include\assimp\version.h">
      <Filter>Header Files</Filter>
    </ClInclude>
    <ClInclude Include="F:\Graphic-Engine\assimp-5.0.1\include\assimp\cimport.h">
      <Filter>Header Files</Filter>
    </ClInclude>
    <ClInclude Include="F:\Graphic-Engine\assimp-5.0.1\include\assimp\importerdesc.h">
      <Filter>Header Files</Filter>
    </ClInclude>
    <ClInclude Include="F:\Graphic-Engine\assimp-5.0.1\include\assimp\Importer.hpp">
      <Filter>Header Files</Filter>
    </ClInclude>
    <ClInclude Include="F:\Graphic-Engine\assimp-5.0.1\include\assimp\ProgressHandler.hpp">
      <Filter>Header Files</Filter>
    </ClInclude>
    <ClInclude Include="F:\Graphic-Engine\assimp-5.0.1\include\assimp\IOStream.hpp">
      <Filter>Header Files</Filter>
    </ClInclude>
    <ClInclude Include="F:\Graphic-Engine\assimp-5.0.1\include\assimp\IOSystem.hpp">
      <Filter>Header Files</Filter>
    </ClInclude>
    <ClInclude Include="F:\Graphic-Engine\assimp-5.0.1\include\assimp\cexport.h">
      <Filter>Header Files</Filter>
    </ClInclude>
    <ClInclude Include="F:\Graphic-Engine\assimp-5.0.1\include\assimp\Exporter.hpp">
      <Filter>Header Files</Filter>
    </ClInclude>
    <ClInclude Include="F:\Graphic-Engine\assimp-5.0.1\include\assimp\DefaultIOStream.h">
      <Filter>Header Files</Filter>
    </ClInclude>
    <ClInclude Include="F:\Graphic-Engine\assimp-5.0.1\include\assimp\DefaultIOSystem.h">
      <Filter>Header Files</Filter>
    </ClInclude>
    <ClInclude Include="F:\Graphic-Engine\assimp-5.0.1\include\assimp\ZipArchiveIOSystem.h">
      <Filter>Header Files</Filter>
    </ClInclude>
    <ClInclude Include="F:\Graphic-Engine\assimp-5.0.1\include\assimp\SceneCombiner.h">
      <Filter>Header Files</Filter>
    </ClInclude>
    <ClInclude Include="F:\Graphic-Engine\assimp-5.0.1\include\assimp\fast_atof.h">
      <Filter>Header Files</Filter>
    </ClInclude>
    <ClInclude Include="F:\Graphic-Engine\assimp-5.0.1\include\assimp\qnan.h">
      <Filter>Header Files</Filter>
    </ClInclude>
    <ClInclude Include="F:\Graphic-Engine\assimp-5.0.1\include\assimp\BaseImporter.h">
      <Filter>Header Files</Filter>
    </ClInclude>
    <ClInclude Include="F:\Graphic-Engine\assimp-5.0.1\include\assimp\Hash.h">
      <Filter>Header Files</Filter>
    </ClInclude>
    <ClInclude Include="F:\Graphic-Engine\assimp-5.0.1\include\assimp\MemoryIOWrapper.h">
      <Filter>Header Files</Filter>
    </ClInclude>
    <ClInclude Include="F:\Graphic-Engine\assimp-5.0.1\include\assimp\ParsingUtils.h">
      <Filter>Header Files</Filter>
    </ClInclude>
    <ClInclude Include="F:\Graphic-Engine\assimp-5.0.1\include\assimp\StreamReader.h">
      <Filter>Header Files</Filter>
    </ClInclude>
    <ClInclude Include="F:\Graphic-Engine\assimp-5.0.1\include\assimp\StreamWriter.h">
      <Filter>Header Files</Filter>
    </ClInclude>
    <ClInclude Include="F:\Graphic-Engine\assimp-5.0.1\include\assimp\StringComparison.h">
      <Filter>Header Files</Filter>
    </ClInclude>
    <ClInclude Include="F:\Graphic-Engine\assimp-5.0.1\include\assimp\StringUtils.h">
      <Filter>Header Files</Filter>
    </ClInclude>
    <ClInclude Include="F:\Graphic-Engine\assimp-5.0.1\include\assimp\SGSpatialSort.h">
      <Filter>Header Files</Filter>
    </ClInclude>
    <ClInclude Include="F:\Graphic-Engine\assimp-5.0.1\include\assimp\GenericProperty.h">
      <Filter>Header Files</Filter>
    </ClInclude>
    <ClInclude Include="F:\Graphic-Engine\assimp-5.0.1\include\assimp\SpatialSort.h">
      <Filter>Header Files</Filter>
    </ClInclude>
    <ClInclude Include="F:\Graphic-Engine\assimp-5.0.1\include\assimp\SkeletonMeshBuilder.h">
      <Filter>Header Files</Filter>
    </ClInclude>
    <ClInclude Include="F:\Graphic-Engine\assimp-5.0.1\include\assimp\SmoothingGroups.h">
      <Filter>Header Files</Filter>
    </ClInclude>
    <ClInclude Include="F:\Graphic-Engine\assimp-5.0.1\include\assimp\SmoothingGroups.inl">
      <Filter>Header Files</Filter>
    </ClInclude>
    <ClInclude Include="F:\Graphic-Engine\assimp-5.0.1\include\assimp\StandardShapes.h">
      <Filter>Header Files</Filter>
    </ClInclude>
    <ClInclude Include="F:\Graphic-Engine\assimp-5.0.1\include\assimp\RemoveComments.h">
      <Filter>Header Files</Filter>
    </ClInclude>
    <ClInclude Include="F:\Graphic-Engine\assimp-5.0.1\include\assimp\Subdivision.h">
      <Filter>Header Files</Filter>
    </ClInclude>
    <ClInclude Include="F:\Graphic-Engine\assimp-5.0.1\include\assimp\Vertex.h">
      <Filter>Header Files</Filter>
    </ClInclude>
    <ClInclude Include="F:\Graphic-Engine\assimp-5.0.1\include\assimp\LineSplitter.h">
      <Filter>Header Files</Filter>
    </ClInclude>
    <ClInclude Include="F:\Graphic-Engine\assimp-5.0.1\include\assimp\TinyFormatter.h">
      <Filter>Header Files</Filter>
    </ClInclude>
    <ClInclude Include="F:\Graphic-Engine\assimp-5.0.1\include\assimp\Profiler.h">
      <Filter>Header Files</Filter>
    </ClInclude>
    <ClInclude Include="F:\Graphic-Engine\assimp-5.0.1\include\assimp\LogAux.h">
      <Filter>Header Files</Filter>
    </ClInclude>
    <ClInclude Include="F:\Graphic-Engine\assimp-5.0.1\include\assimp\Bitmap.h">
      <Filter>Header Files</Filter>
    </ClInclude>
    <ClInclude Include="F:\Graphic-Engine\assimp-5.0.1\include\assimp\XMLTools.h">
      <Filter>Header Files</Filter>
    </ClInclude>
    <ClInclude Include="F:\Graphic-Engine\assimp-5.0.1\include\assimp\IOStreamBuffer.h">
      <Filter>Header Files</Filter>
    </ClInclude>
    <ClInclude Include="F:\Graphic-Engine\assimp-5.0.1\include\assimp\CreateAnimMesh.h">
      <Filter>Header Files</Filter>
    </ClInclude>
    <ClInclude Include="F:\Graphic-Engine\assimp-5.0.1\include\assimp\MathFunctions.h">
      <Filter>Header Files</Filter>
    </ClInclude>
    <ClInclude Include="F:\Graphic-Engine\assimp-5.0.1\include\assimp\Macros.h">
      <Filter>Header Files</Filter>
    </ClInclude>
    <ClInclude Include="F:\Graphic-Engine\assimp-5.0.1\include\assimp\Exceptional.h">
      <Filter>Header Files</Filter>
    </ClInclude>
    <ClInclude Include="F:\Graphic-Engine\assimp-5.0.1\include\assimp\ByteSwapper.h">
      <Filter>Header Files</Filter>
    </ClInclude>
    <ClInclude Include="F:\Graphic-Engine\assimp-5.0.1\include\assimp\Compiler\pushpack1.h">
      <Filter>Compiler</Filter>
    </ClInclude>
    <ClInclude Include="F:\Graphic-Engine\assimp-5.0.1\include\assimp\Compiler\poppack1.h">
      <Filter>Compiler</Filter>
    </ClInclude>
    <ClInclude Include="F:\Graphic-Engine\assimp-5.0.1\include\assimp\Compiler\pstdint.h">
      <Filter>Compiler</Filter>
    </ClInclude>
  </ItemGroup>
  <ItemGroup>
    <CustomBuild Include="F:\Graphic-Engine\assimp-5.0.1\code\CMakeLists.txt" />
  </ItemGroup>
  <ItemGroup>
    <ResourceCompile Include="F:\Graphic-Engine\assimp-5.0.1\code\res\assimp.rc">
      <Filter>Source Files</Filter>
    </ResourceCompile>
  </ItemGroup>
  <ItemGroup>
    <Filter Include="3D">
      <UniqueIdentifier>{625C2EDD-EE6A-36C0-9FC4-2EF779FC78D3}</UniqueIdentifier>
    </Filter>
    <Filter Include="3DS">
      <UniqueIdentifier>{3C9C9570-4828-3A5E-A133-E5DB6D6192B8}</UniqueIdentifier>
    </Filter>
    <Filter Include="3DS_EXPORTER">
      <UniqueIdentifier>{ABCB7C35-3D69-3475-8E1D-EB746AFA69EF}</UniqueIdentifier>
    </Filter>
    <Filter Include="3MF">
      <UniqueIdentifier>{F7E27180-D93E-3D69-BA09-FB9B7753B96E}</UniqueIdentifier>
    </Filter>
    <Filter Include="3MF_EXPORTER">
      <UniqueIdentifier>{802AD22A-10F0-3B5D-9A2D-8A2E688ED4CF}</UniqueIdentifier>
    </Filter>
    <Filter Include="AC">
      <UniqueIdentifier>{98B06B65-80E3-34E1-8CE5-9A2788BCE006}</UniqueIdentifier>
    </Filter>
    <Filter Include="AMF">
      <UniqueIdentifier>{7ECCBE03-9DFC-3A82-BF8F-1493F79402D6}</UniqueIdentifier>
    </Filter>
    <Filter Include="ASE">
      <UniqueIdentifier>{F6B8AB40-6566-33E9-A514-0A069C6DBADD}</UniqueIdentifier>
    </Filter>
    <Filter Include="ASSBIN">
      <UniqueIdentifier>{8318ADBD-D404-3543-B67F-A71F13CC6CED}</UniqueIdentifier>
    </Filter>
    <Filter Include="ASSBIN_EXPORTER">
      <UniqueIdentifier>{D2270FB5-EECA-3425-9909-0626D525547A}</UniqueIdentifier>
    </Filter>
    <Filter Include="ASSJSON_EXPORTER">
      <UniqueIdentifier>{636D7FF0-FFC4-3FB9-9183-B03FA0F4CCB9}</UniqueIdentifier>
    </Filter>
    <Filter Include="ASSXML_EXPORTER">
      <UniqueIdentifier>{D10A1099-A81B-3024-8B12-563FB20CDD04}</UniqueIdentifier>
    </Filter>
    <Filter Include="B3D">
      <UniqueIdentifier>{1FF1A093-BEFE-3582-8538-A74A65C1562D}</UniqueIdentifier>
    </Filter>
    <Filter Include="BLEND">
      <UniqueIdentifier>{C91B399C-08C8-34D7-92BA-1F74487582E0}</UniqueIdentifier>
    </Filter>
    <Filter Include="BVH">
      <UniqueIdentifier>{27CCBCDF-407D-3478-8BEE-8881A53859D0}</UniqueIdentifier>
    </Filter>
    <Filter Include="CApi">
      <UniqueIdentifier>{239C9892-BA30-37BC-8FE2-7E355D5F8AEA}</UniqueIdentifier>
    </Filter>
    <Filter Include="COB">
      <UniqueIdentifier>{3448F4B3-7AFD-3E06-B896-112CA51B951D}</UniqueIdentifier>
    </Filter>
    <Filter Include="COLLADA">
      <UniqueIdentifier>{3926EF02-2823-3F55-BC50-318F7DEA735B}</UniqueIdentifier>
    </Filter>
    <Filter Include="COLLADA_EXPORTER">
      <UniqueIdentifier>{E0A571C6-6366-3857-919F-F4FBB8FC2656}</UniqueIdentifier>
    </Filter>
    <Filter Include="CSM">
      <UniqueIdentifier>{FB64A068-D067-3F19-A85C-8F7FBB058A94}</UniqueIdentifier>
    </Filter>
    <Filter Include="Common">
      <UniqueIdentifier>{E008B3A3-9DE0-34BB-9E39-F3ED737D55D2}</UniqueIdentifier>
    </Filter>
    <Filter Include="Compiler">
      <UniqueIdentifier>{21734644-C3C2-36D2-91B5-1608FE24EDC5}</UniqueIdentifier>
    </Filter>
    <Filter Include="Contrib">
      <UniqueIdentifier>{1E10CAC3-82F6-3381-8FE7-3191E7B20270}</UniqueIdentifier>
    </Filter>
    <Filter Include="Contrib\Clipper">
      <UniqueIdentifier>{E6B13629-4D19-360B-9C45-C4A247EF9961}</UniqueIdentifier>
    </Filter>
    <Filter Include="Contrib\Poly2Tri">
      <UniqueIdentifier>{B02DA51C-BE9C-3FF8-B456-D1FDF64AB029}</UniqueIdentifier>
    </Filter>
    <Filter Include="Contrib\open3dgc">
      <UniqueIdentifier>{2DA5E22B-EEB5-3CC2-9C9A-FEE268338BFA}</UniqueIdentifier>
    </Filter>
    <Filter Include="Contrib\openddl_parser">
      <UniqueIdentifier>{CD879BA5-BEE9-3E80-85FD-77B48D5C7288}</UniqueIdentifier>
    </Filter>
    <Filter Include="Contrib\unzip">
      <UniqueIdentifier>{A56B9720-D7A1-3742-8090-88DC37D1461A}</UniqueIdentifier>
    </Filter>
    <Filter Include="DXF">
      <UniqueIdentifier>{FFE4AD6B-8EED-330F-AFCD-E16B9F682BF7}</UniqueIdentifier>
    </Filter>
    <Filter Include="Exporter">
      <UniqueIdentifier>{136F7FE8-CCA2-3F7B-85E0-1D85B86E8AE3}</UniqueIdentifier>
    </Filter>
    <Filter Include="FBX">
      <UniqueIdentifier>{EE5E06CF-CAB7-306A-80ED-726D584694EA}</UniqueIdentifier>
    </Filter>
    <Filter Include="FBX_EXPORTER">
      <UniqueIdentifier>{6AED29B3-5B97-3B18-BAA4-26EB64CDB3D2}</UniqueIdentifier>
    </Filter>
    <Filter Include="GLTF">
      <UniqueIdentifier>{E9771FBB-2BFA-3F95-B802-F888053823D9}</UniqueIdentifier>
    </Filter>
    <Filter Include="GLTF_EXPORTER">
      <UniqueIdentifier>{987C3F28-794A-3B67-81FA-DF704908A19D}</UniqueIdentifier>
    </Filter>
    <Filter Include="HMP">
      <UniqueIdentifier>{B60DB980-F3A1-3F58-A766-E1E01F67F4F7}</UniqueIdentifier>
    </Filter>
    <Filter Include="Header Files">
      <UniqueIdentifier>{FCBD89D9-8E03-3385-89F1-B75CF61972CC}</UniqueIdentifier>
    </Filter>
    <Filter Include="IFC">
      <UniqueIdentifier>{F7229EA8-9768-39AA-B2E1-5030DFA273F0}</UniqueIdentifier>
    </Filter>
    <Filter Include="IRR">
      <UniqueIdentifier>{9A2A9ABD-84D8-3574-825F-E7C2D5B4097F}</UniqueIdentifier>
    </Filter>
    <Filter Include="IRRMESH">
      <UniqueIdentifier>{99BC2E97-4EE0-3087-A572-482F8D9936DB}</UniqueIdentifier>
    </Filter>
    <Filter Include="IrrXML">
      <UniqueIdentifier>{EC75E54C-D41B-3D29-AF05-68FADF6B307C}</UniqueIdentifier>
    </Filter>
    <Filter Include="LWO">
      <UniqueIdentifier>{8A8D4620-3E80-35DB-BADD-4E552EB96B87}</UniqueIdentifier>
    </Filter>
    <Filter Include="LWS">
      <UniqueIdentifier>{FF91ACE4-A383-3124-85CD-B8BB1A0060D8}</UniqueIdentifier>
    </Filter>
    <Filter Include="Logging">
      <UniqueIdentifier>{EB8DFAA5-5C35-34D3-8996-BF7E692D77C5}</UniqueIdentifier>
    </Filter>
    <Filter Include="MD2">
      <UniqueIdentifier>{0F1BCF45-4557-3FB0-B9FB-D5AA259C2679}</UniqueIdentifier>
    </Filter>
    <Filter Include="MD3">
      <UniqueIdentifier>{BB0F92D8-B3B3-34A8-8B12-53B8F11620A4}</UniqueIdentifier>
    </Filter>
    <Filter Include="MD5">
      <UniqueIdentifier>{04550B14-18FC-3B1D-BBE5-487BBBCEEDDB}</UniqueIdentifier>
    </Filter>
    <Filter Include="MDC">
      <UniqueIdentifier>{889DFB78-9216-3794-9F54-CFC18CDD5E75}</UniqueIdentifier>
    </Filter>
    <Filter Include="MDL">
      <UniqueIdentifier>{C888EB59-364F-38BB-9EB1-9F27D7FF23F0}</UniqueIdentifier>
    </Filter>
    <Filter Include="MMD">
      <UniqueIdentifier>{E7B07972-A733-320C-891B-7F89BD9B6408}</UniqueIdentifier>
    </Filter>
    <Filter Include="MS3D">
      <UniqueIdentifier>{37976357-833A-3E5F-86C0-B31744DD0CD7}</UniqueIdentifier>
    </Filter>
    <Filter Include="MaterialSystem">
      <UniqueIdentifier>{B11AF8F3-D459-327E-892D-D9E013E47B8F}</UniqueIdentifier>
    </Filter>
    <Filter Include="NDO">
      <UniqueIdentifier>{1D8673EA-BADD-3554-A2CF-5213A5C55D4D}</UniqueIdentifier>
    </Filter>
    <Filter Include="NFF">
      <UniqueIdentifier>{21464C68-2B35-36E8-A8A5-FEC45BA90C3B}</UniqueIdentifier>
    </Filter>
    <Filter Include="OBJ">
      <UniqueIdentifier>{7CF0B0F6-860D-3560-9A54-A30023FEDF17}</UniqueIdentifier>
    </Filter>
    <Filter Include="OBJ_EXPORTER">
      <UniqueIdentifier>{40B33F70-3F13-3AD9-B024-D312B7453F24}</UniqueIdentifier>
    </Filter>
    <Filter Include="OFF">
      <UniqueIdentifier>{6A3DF4DC-2242-3F59-8FCC-103D867B804A}</UniqueIdentifier>
    </Filter>
    <Filter Include="OGRE">
      <UniqueIdentifier>{2ED65D91-C14D-31EF-8D02-542EDB58ECC6}</UniqueIdentifier>
    </Filter>
    <Filter Include="OPENGEX">
      <UniqueIdentifier>{AF47DCFC-3571-344E-AA83-B147274B46AF}</UniqueIdentifier>
    </Filter>
    <Filter Include="OPENGEX_EXPORTER">
      <UniqueIdentifier>{0D15535F-BC12-34A1-8D30-9771192D75E9}</UniqueIdentifier>
    </Filter>
    <Filter Include="PLY">
      <UniqueIdentifier>{557D95B5-E11D-37C8-A45D-7DCF55D121C8}</UniqueIdentifier>
    </Filter>
    <Filter Include="PLY_EXPORTER">
      <UniqueIdentifier>{48B9BDD9-1F6E-308E-85A1-DAB3858311E2}</UniqueIdentifier>
    </Filter>
    <Filter Include="PostProcessing">
      <UniqueIdentifier>{575C9B86-D75A-3DA7-86A9-B42F247B0500}</UniqueIdentifier>
    </Filter>
    <Filter Include="Q3BSP">
      <UniqueIdentifier>{C26B9141-8253-38B4-9E15-E88D34F7D311}</UniqueIdentifier>
    </Filter>
    <Filter Include="Q3D">
      <UniqueIdentifier>{5868F2B8-3051-3EB8-BB6D-0E12F927C48F}</UniqueIdentifier>
    </Filter>
    <Filter Include="RAW">
      <UniqueIdentifier>{4140160E-FFC6-3B9E-B3E0-C069D1198989}</UniqueIdentifier>
    </Filter>
    <Filter Include="SIB">
      <UniqueIdentifier>{20E3E633-8152-396E-BEEC-73C87C4C02A9}</UniqueIdentifier>
    </Filter>
    <Filter Include="SMD">
      <UniqueIdentifier>{A5EE734B-6B20-3F21-BC5B-49E2564ECCF0}</UniqueIdentifier>
    </Filter>
    <Filter Include="STEP">
      <UniqueIdentifier>{EC947BEF-91BC-3815-AEBE-EB2B99E912FC}</UniqueIdentifier>
    </Filter>
    <Filter Include="STEPParser">
      <UniqueIdentifier>{ED610624-A2E3-3252-9716-6A1482BC9627}</UniqueIdentifier>
    </Filter>
    <Filter Include="STEP_EXPORTER">
      <UniqueIdentifier>{55F55F03-4C06-391C-942C-8E4994A540B9}</UniqueIdentifier>
    </Filter>
    <Filter Include="STL">
      <UniqueIdentifier>{9A453165-F846-3B46-94EB-7D4165623BFC}</UniqueIdentifier>
    </Filter>
    <Filter Include="STL_EXPORTER">
      <UniqueIdentifier>{3F8DDA59-216F-34F4-B30D-F5709F20649F}</UniqueIdentifier>
    </Filter>
    <Filter Include="Source Files">
      <UniqueIdentifier>{1567F0FE-13B4-3641-8B31-F0869020C95F}</UniqueIdentifier>
    </Filter>
    <Filter Include="TERRAGEN">
      <UniqueIdentifier>{64B49563-D90C-36E8-94E9-CA46E71A7680}</UniqueIdentifier>
    </Filter>
    <Filter Include="X">
      <UniqueIdentifier>{D7F6A67B-4DE0-38E8-88B2-ECAFD4D5A00A}</UniqueIdentifier>
    </Filter>
    <Filter Include="X3D">
      <UniqueIdentifier>{E68DB0DD-49E1-339D-B9A0-81B7E27EFCE7}</UniqueIdentifier>
    </Filter>
    <Filter Include="X3D_EXPORTER">
      <UniqueIdentifier>{94E6DB67-9EFC-3536-B780-71A67907EBDE}</UniqueIdentifier>
    </Filter>
    <Filter Include="XGL">
      <UniqueIdentifier>{9725FEEF-C9A6-3124-B774-471E6A68262D}</UniqueIdentifier>
    </Filter>
    <Filter Include="X_EXPORTER">
      <UniqueIdentifier>{C26AED87-0FFC-32DC-9F02-48D7287E5868}</UniqueIdentifier>
    </Filter>
    <Filter Include="ziplib">
      <UniqueIdentifier>{E5E4BF98-F246-35DD-9C32-6E7870A0D466}</UniqueIdentifier>
    </Filter>
  </ItemGroup>
</Project>
