
Microsoft Visual Studio Solution File, Format Version 12.00
# Visual Studio 14
VisualStudioVersion = 14.0.25420.1
MinimumVisualStudioVersion = 10.0.40219.1
Project("{8BC9CEB8-8B4A-11D0-8D11-00A0C91BC942}") = "SDL2", "SDL2-2.0.10\VisualC\SDL\SDL.vcxproj", "{81CE8DAF-EBB2-4761-8E45-B71ABCCA8C68}"
EndProject
Project("{8BC9CEB8-8B4A-11D0-8D11-00A0C91BC942}") = "SDL2_image", "SDL2_image-2.0.5\VisualC\SDL_image.vcxproj", "{2BD5534E-00E2-4BEA-AC96-D9A92EA24696}"
EndProject
Project("{8BC9CEB8-8B4A-11D0-8D11-00A0C91BC942}") = "SDL2_ttf", "SDL2_ttf-2.0.15\VisualC\SDL_ttf.vcxproj", "{DDDBD07D-DC76-4AF6-8D02-3E2DEB6EE255}"
EndProject
Project("{8BC9CEB8-8B4A-11D0-8D11-00A0C91BC942}") = "glew_shared", "glew-2.1.0\build\vc12\glew_shared.vcxproj", "{55AE3D72-7DE6-F19F-AEF2-9AE8CA26CF3D}"
EndProject
Project("{8BC9CEB8-8B4A-11D0-8D11-00A0C91BC942}") = "glew_static", "glew-2.1.0\build\vc12\glew_static.vcxproj", "{664E6F0D-6784-4760-9565-D54F8EB1EDF4}"
EndProject
Project("{8BC9CEB8-8B4A-11D0-8D11-00A0C91BC942}") = "MemoryManager", "MemoryManager\MemoryManager.vcxproj", "{97CFA3C5-7E90-46D1-9FF2-2E04549D04A4}"
EndProject
Project("{8BC9CEB8-8B4A-11D0-8D11-00A0C91BC942}") = "Common", "Common\Common.vcxproj", "{625F8DEC-392D-427E-8502-E3E82A73C179}"
EndProject
Project("{8BC9CEB8-8B4A-11D0-8D11-00A0C91BC942}") = "LogFramework", "LogFramework\LogFramework.vcxproj", "{65640BEC-63FC-4459-A6A9-4D5FB9D050F8}"
EndProject
Project("{8BC9CEB8-8B4A-11D0-8D11-00A0C91BC942}") = "ServiceMgr", "ServiceMgr\ServiceMgr.vcxproj", "{5E270924-66FC-43B5-A652-4DD2E8CF8A5E}"
EndProject
Project("{8BC9CEB8-8B4A-11D0-8D11-00A0C91BC942}") = "CoreEngine", "CoreEngine\CoreEngine.vcxproj", "{B159DED8-D85A-4779-859E-D1EA590AF118}"
EndProject
Project("{8BC9CEB8-8B4A-11D0-8D11-00A0C91BC942}") = "SDL2main", "SDL2-2.0.10\VisualC\SDLmain\SDLmain.vcxproj", "{DA956FD3-E142-46F2-9DD5-C78BEBB56B7A}"
EndProject
Global
	GlobalSection(SolutionConfigurationPlatforms) = preSolution
		Debug|x64 = Debug|x64
		Debug|x86 = Debug|x86
		Release|x64 = Release|x64
		Release|x86 = Release|x86
	EndGlobalSection
	GlobalSection(ProjectConfigurationPlatforms) = postSolution
		{81CE8DAF-EBB2-4761-8E45-B71ABCCA8C68}.Debug|x64.ActiveCfg = Debug|x64
		{81CE8DAF-EBB2-4761-8E45-B71ABCCA8C68}.Debug|x64.Build.0 = Debug|x64
		{81CE8DAF-EBB2-4761-8E45-B71ABCCA8C68}.Debug|x86.ActiveCfg = Debug|Win32
		{81CE8DAF-EBB2-4761-8E45-B71ABCCA8C68}.Debug|x86.Build.0 = Debug|Win32
		{81CE8DAF-EBB2-4761-8E45-B71ABCCA8C68}.Release|x64.ActiveCfg = Release|x64
		{81CE8DAF-EBB2-4761-8E45-B71ABCCA8C68}.Release|x64.Build.0 = Release|x64
		{81CE8DAF-EBB2-4761-8E45-B71ABCCA8C68}.Release|x86.ActiveCfg = Release|Win32
		{81CE8DAF-EBB2-4761-8E45-B71ABCCA8C68}.Release|x86.Build.0 = Release|Win32
		{2BD5534E-00E2-4BEA-AC96-D9A92EA24696}.Debug|x64.ActiveCfg = Debug|x64
		{2BD5534E-00E2-4BEA-AC96-D9A92EA24696}.Debug|x64.Build.0 = Debug|x64
		{2BD5534E-00E2-4BEA-AC96-D9A92EA24696}.Debug|x86.ActiveCfg = Debug|Win32
		{2BD5534E-00E2-4BEA-AC96-D9A92EA24696}.Debug|x86.Build.0 = Debug|Win32
		{2BD5534E-00E2-4BEA-AC96-D9A92EA24696}.Release|x64.ActiveCfg = Release|x64
		{2BD5534E-00E2-4BEA-AC96-D9A92EA24696}.Release|x64.Build.0 = Release|x64
		{2BD5534E-00E2-4BEA-AC96-D9A92EA24696}.Release|x86.ActiveCfg = Release|Win32
		{2BD5534E-00E2-4BEA-AC96-D9A92EA24696}.Release|x86.Build.0 = Release|Win32
		{DDDBD07D-DC76-4AF6-8D02-3E2DEB6EE255}.Debug|x64.ActiveCfg = Debug|x64
		{DDDBD07D-DC76-4AF6-8D02-3E2DEB6EE255}.Debug|x64.Build.0 = Debug|x64
		{DDDBD07D-DC76-4AF6-8D02-3E2DEB6EE255}.Debug|x86.ActiveCfg = Debug|Win32
		{DDDBD07D-DC76-4AF6-8D02-3E2DEB6EE255}.Debug|x86.Build.0 = Debug|Win32
		{DDDBD07D-DC76-4AF6-8D02-3E2DEB6EE255}.Release|x64.ActiveCfg = Release|x64
		{DDDBD07D-DC76-4AF6-8D02-3E2DEB6EE255}.Release|x64.Build.0 = Release|x64
		{DDDBD07D-DC76-4AF6-8D02-3E2DEB6EE255}.Release|x86.ActiveCfg = Release|Win32
		{DDDBD07D-DC76-4AF6-8D02-3E2DEB6EE255}.Release|x86.Build.0 = Release|Win32
		{55AE3D72-7DE6-F19F-AEF2-9AE8CA26CF3D}.Debug|x64.ActiveCfg = Debug|x64
		{55AE3D72-7DE6-F19F-AEF2-9AE8CA26CF3D}.Debug|x64.Build.0 = Debug|x64
		{55AE3D72-7DE6-F19F-AEF2-9AE8CA26CF3D}.Debug|x86.ActiveCfg = Debug|Win32
		{55AE3D72-7DE6-F19F-AEF2-9AE8CA26CF3D}.Debug|x86.Build.0 = Debug|Win32
		{55AE3D72-7DE6-F19F-AEF2-9AE8CA26CF3D}.Release|x64.ActiveCfg = Release|x64
		{55AE3D72-7DE6-F19F-AEF2-9AE8CA26CF3D}.Release|x64.Build.0 = Release|x64
		{55AE3D72-7DE6-F19F-AEF2-9AE8CA26CF3D}.Release|x86.ActiveCfg = Release|Win32
		{55AE3D72-7DE6-F19F-AEF2-9AE8CA26CF3D}.Release|x86.Build.0 = Release|Win32
		{664E6F0D-6784-4760-9565-D54F8EB1EDF4}.Debug|x64.ActiveCfg = Debug|x64
		{664E6F0D-6784-4760-9565-D54F8EB1EDF4}.Debug|x64.Build.0 = Debug|x64
		{664E6F0D-6784-4760-9565-D54F8EB1EDF4}.Debug|x86.ActiveCfg = Debug|Win32
		{664E6F0D-6784-4760-9565-D54F8EB1EDF4}.Debug|x86.Build.0 = Debug|Win32
		{664E6F0D-6784-4760-9565-D54F8EB1EDF4}.Release|x64.ActiveCfg = Release|x64
		{664E6F0D-6784-4760-9565-D54F8EB1EDF4}.Release|x64.Build.0 = Release|x64
		{664E6F0D-6784-4760-9565-D54F8EB1EDF4}.Release|x86.ActiveCfg = Release|Win32
		{664E6F0D-6784-4760-9565-D54F8EB1EDF4}.Release|x86.Build.0 = Release|Win32
		{97CFA3C5-7E90-46D1-9FF2-2E04549D04A4}.Debug|x64.ActiveCfg = Debug|x64
		{97CFA3C5-7E90-46D1-9FF2-2E04549D04A4}.Debug|x64.Build.0 = Debug|x64
		{97CFA3C5-7E90-46D1-9FF2-2E04549D04A4}.Debug|x86.ActiveCfg = Debug|Win32
		{97CFA3C5-7E90-46D1-9FF2-2E04549D04A4}.Debug|x86.Build.0 = Debug|Win32
		{97CFA3C5-7E90-46D1-9FF2-2E04549D04A4}.Release|x64.ActiveCfg = Release|x64
		{97CFA3C5-7E90-46D1-9FF2-2E04549D04A4}.Release|x64.Build.0 = Release|x64
		{97CFA3C5-7E90-46D1-9FF2-2E04549D04A4}.Release|x86.ActiveCfg = Release|Win32
		{97CFA3C5-7E90-46D1-9FF2-2E04549D04A4}.Release|x86.Build.0 = Release|Win32
		{625F8DEC-392D-427E-8502-E3E82A73C179}.Debug|x64.ActiveCfg = Debug|x64
		{625F8DEC-392D-427E-8502-E3E82A73C179}.Debug|x64.Build.0 = Debug|x64
		{625F8DEC-392D-427E-8502-E3E82A73C179}.Debug|x86.ActiveCfg = Debug|Win32
		{625F8DEC-392D-427E-8502-E3E82A73C179}.Debug|x86.Build.0 = Debug|Win32
		{625F8DEC-392D-427E-8502-E3E82A73C179}.Release|x64.ActiveCfg = Release|x64
		{625F8DEC-392D-427E-8502-E3E82A73C179}.Release|x64.Build.0 = Release|x64
		{625F8DEC-392D-427E-8502-E3E82A73C179}.Release|x86.ActiveCfg = Release|Win32
		{625F8DEC-392D-427E-8502-E3E82A73C179}.Release|x86.Build.0 = Release|Win32
		{65640BEC-63FC-4459-A6A9-4D5FB9D050F8}.Debug|x64.ActiveCfg = Debug|x64
		{65640BEC-63FC-4459-A6A9-4D5FB9D050F8}.Debug|x64.Build.0 = Debug|x64
		{65640BEC-63FC-4459-A6A9-4D5FB9D050F8}.Debug|x86.ActiveCfg = Debug|Win32
		{65640BEC-63FC-4459-A6A9-4D5FB9D050F8}.Debug|x86.Build.0 = Debug|Win32
		{65640BEC-63FC-4459-A6A9-4D5FB9D050F8}.Release|x64.ActiveCfg = Release|x64
		{65640BEC-63FC-4459-A6A9-4D5FB9D050F8}.Release|x64.Build.0 = Release|x64
		{65640BEC-63FC-4459-A6A9-4D5FB9D050F8}.Release|x86.ActiveCfg = Release|Win32
		{65640BEC-63FC-4459-A6A9-4D5FB9D050F8}.Release|x86.Build.0 = Release|Win32
		{5E270924-66FC-43B5-A652-4DD2E8CF8A5E}.Debug|x64.ActiveCfg = Debug|x64
		{5E270924-66FC-43B5-A652-4DD2E8CF8A5E}.Debug|x64.Build.0 = Debug|x64
		{5E270924-66FC-43B5-A652-4DD2E8CF8A5E}.Debug|x86.ActiveCfg = Debug|Win32
		{5E270924-66FC-43B5-A652-4DD2E8CF8A5E}.Debug|x86.Build.0 = Debug|Win32
		{5E270924-66FC-43B5-A652-4DD2E8CF8A5E}.Release|x64.ActiveCfg = Release|x64
		{5E270924-66FC-43B5-A652-4DD2E8CF8A5E}.Release|x64.Build.0 = Release|x64
		{5E270924-66FC-43B5-A652-4DD2E8CF8A5E}.Release|x86.ActiveCfg = Release|Win32
		{5E270924-66FC-43B5-A652-4DD2E8CF8A5E}.Release|x86.Build.0 = Release|Win32
		{B159DED8-D85A-4779-859E-D1EA590AF118}.Debug|x64.ActiveCfg = Debug|x64
		{B159DED8-D85A-4779-859E-D1EA590AF118}.Debug|x64.Build.0 = Debug|x64
		{B159DED8-D85A-4779-859E-D1EA590AF118}.Debug|x86.ActiveCfg = Debug|Win32
		{B159DED8-D85A-4779-859E-D1EA590AF118}.Debug|x86.Build.0 = Debug|Win32
		{B159DED8-D85A-4779-859E-D1EA590AF118}.Release|x64.ActiveCfg = Release|x64
		{B159DED8-D85A-4779-859E-D1EA590AF118}.Release|x64.Build.0 = Release|x64
		{B159DED8-D85A-4779-859E-D1EA590AF118}.Release|x86.ActiveCfg = Release|Win32
		{B159DED8-D85A-4779-859E-D1EA590AF118}.Release|x86.Build.0 = Release|Win32
		{DA956FD3-E142-46F2-9DD5-C78BEBB56B7A}.Debug|x64.ActiveCfg = Debug|x64
		{DA956FD3-E142-46F2-9DD5-C78BEBB56B7A}.Debug|x64.Build.0 = Debug|x64
		{DA956FD3-E142-46F2-9DD5-C78BEBB56B7A}.Debug|x86.ActiveCfg = Debug|Win32
		{DA956FD3-E142-46F2-9DD5-C78BEBB56B7A}.Debug|x86.Build.0 = Debug|Win32
		{DA956FD3-E142-46F2-9DD5-C78BEBB56B7A}.Release|x64.ActiveCfg = Release|x64
		{DA956FD3-E142-46F2-9DD5-C78BEBB56B7A}.Release|x64.Build.0 = Release|x64
		{DA956FD3-E142-46F2-9DD5-C78BEBB56B7A}.Release|x86.ActiveCfg = Release|Win32
		{DA956FD3-E142-46F2-9DD5-C78BEBB56B7A}.Release|x86.Build.0 = Release|Win32
	EndGlobalSection
	GlobalSection(SolutionProperties) = preSolution
		HideSolutionNode = FALSE
	EndGlobalSection
	GlobalSection(ExtensibilityGlobals) = postSolution
		SolutionGuid = {E59D1877-01A4-43CD-9E51-F7D77C1687A0}
	EndGlobalSection
EndGlobal
