<?xml version="1.0" encoding="utf-8"?>
<Project ToolsVersion="4.0" xmlns="http://schemas.microsoft.com/developer/msbuild/2003">
  <ItemGroup>
    <Filter Include="Source Files">
      <UniqueIdentifier>{4FC737F1-C7A5-4376-A066-2A32D752A2FF}</UniqueIdentifier>
      <Extensions>cpp;c;cc;cxx;def;odl;idl;hpj;bat;asm;asmx</Extensions>
    </Filter>
    <Filter Include="Header Files">
      <UniqueIdentifier>{93995380-89BD-4b04-88EB-625FBE52EBFB}</UniqueIdentifier>
      <Extensions>h;hh;hpp;hxx;hm;inl;inc;xsd</Extensions>
    </Filter>
    <Filter Include="Resource Files">
      <UniqueIdentifier>{67DA6AB6-F800-4c08-8B7A-83BB121AAD01}</UniqueIdentifier>
      <Extensions>rc;ico;cur;bmp;dlg;rc2;rct;bin;rgs;gif;jpg;jpeg;jpe;resx;tiff;tif;png;wav;mfcribbon-ms</Extensions>
    </Filter>
    <Filter Include="UI">
      <UniqueIdentifier>{4637a733-0ec9-4650-8a18-0e5cba3a4710}</UniqueIdentifier>
    </Filter>
    <Filter Include="NPC">
      <UniqueIdentifier>{ee58bbc3-f69f-4c2f-842a-7db77ac8bc84}</UniqueIdentifier>
    </Filter>
    <Filter Include="Area">
      <UniqueIdentifier>{360d49f8-f649-4b68-91b2-31ac38b26146}</UniqueIdentifier>
    </Filter>
  </ItemGroup>
  <ItemGroup>
    <Text Include="ReadMe.txt" />
  </ItemGroup>
  <ItemGroup>
    <ClInclude Include="stdafx.h">
      <Filter>Header Files</Filter>
    </ClInclude>
    <ClInclude Include="targetver.h">
      <Filter>Header Files</Filter>
    </ClInclude>
    <ClInclude Include="inc\TaskPool.h">
      <Filter>Header Files</Filter>
    </ClInclude>
    <ClInclude Include="inc\RenderService.h">
      <Filter>Header Files</Filter>
    </ClInclude>
    <ClInclude Include="inc\IService.h">
      <Filter>Header Files</Filter>
    </ClInclude>
    <ClInclude Include="inc\LogService.h">
      <Filter>Header Files</Filter>
    </ClInclude>
    <ClInclude Include="inc\ServiceMgr.h">
      <Filter>Header Files</Filter>
    </ClInclude>
    <ClInclude Include="inc\TestService.h">
      <Filter>Header Files</Filter>
    </ClInclude>
    <ClInclude Include="inc\ConfigService.h">
      <Filter>Header Files</Filter>
    </ClInclude>
    <ClInclude Include="inc\Texture.h">
      <Filter>UI</Filter>
    </ClInclude>
    <ClInclude Include="inc\SceneService.h">
      <Filter>Header Files</Filter>
    </ClInclude>
    <ClInclude Include="inc\asset_define.h">
      <Filter>Header Files</Filter>
    </ClInclude>
    <ClInclude Include="inc\MemoryTracker.h">
      <Filter>Header Files</Filter>
    </ClInclude>
    <ClInclude Include="inc\SceneConfig.h">
      <Filter>Header Files</Filter>
    </ClInclude>
    <ClInclude Include="Inc\Node2DImage.h">
      <Filter>UI</Filter>
    </ClInclude>
    <ClInclude Include="inc\NodeButton2D.h">
      <Filter>UI</Filter>
    </ClInclude>
    <ClInclude Include="inc\Rabbit.h">
      <Filter>NPC</Filter>
    </ClInclude>
    <ClInclude Include="inc\FrameService.h">
      <Filter>Header Files</Filter>
    </ClInclude>
    <ClInclude Include="inc\NodeText2D.h">
      <Filter>UI</Filter>
    </ClInclude>
    <ClInclude Include="inc\NodeViewPort2D.h">
      <Filter>UI</Filter>
    </ClInclude>
    <ClInclude Include="Inc\ContentService.h">
      <Filter>Header Files</Filter>
    </ClInclude>
    <ClInclude Include="inc\IArea.h">
      <Filter>Area</Filter>
    </ClInclude>
    <ClInclude Include="inc\Animation.h">
      <Filter>UI</Filter>
    </ClInclude>
    <ClInclude Include="inc\Surface.h">
      <Filter>UI</Filter>
    </ClInclude>
    <ClInclude Include="inc\Font.h">
      <Filter>UI</Filter>
    </ClInclude>
    <ClInclude Include="inc\Property.h">
      <Filter>UI</Filter>
    </ClInclude>
    <ClInclude Include="inc\GameObject.h">
      <Filter>UI</Filter>
    </ClInclude>
    <ClInclude Include="inc\IEntity.h">
      <Filter>UI</Filter>
    </ClInclude>
    <ClInclude Include="inc\Timer.h">
      <Filter>Header Files</Filter>
    </ClInclude>
    <ClInclude Include="inc\ResourceAcquire.h">
      <Filter>Header Files</Filter>
    </ClInclude>
  </ItemGroup>
  <ItemGroup>
    <ClCompile Include="stdafx.cpp">
      <Filter>Source Files</Filter>
    </ClCompile>
    <ClCompile Include="main.cpp">
      <Filter>Source Files</Filter>
    </ClCompile>
    <ClCompile Include="TestService.cpp">
      <Filter>Source Files</Filter>
    </ClCompile>
    <ClCompile Include="MemoryTracker.cpp">
      <Filter>Source Files</Filter>
    </ClCompile>
    <ClCompile Include="ServiceMgr.cpp">
      <Filter>Source Files</Filter>
    </ClCompile>
    <ClCompile Include="TaskPool.cpp">
      <Filter>Source Files</Filter>
    </ClCompile>
    <ClCompile Include="LogService.cpp">
      <Filter>Source Files</Filter>
    </ClCompile>
    <ClCompile Include="RenderService.cpp">
      <Filter>Source Files</Filter>
    </ClCompile>
    <ClCompile Include="SceneService.cpp">
      <Filter>Source Files</Filter>
    </ClCompile>
    <ClCompile Include="ConfigService.cpp">
      <Filter>Source Files</Filter>
    </ClCompile>
    <ClCompile Include="Texture.cpp">
      <Filter>UI</Filter>
    </ClCompile>
    <ClCompile Include="SceneConfig.cpp">
      <Filter>Source Files</Filter>
    </ClCompile>
    <ClCompile Include="NodeButton2D.cpp">
      <Filter>UI</Filter>
    </ClCompile>
    <ClCompile Include="Rabbit.cpp">
      <Filter>NPC</Filter>
    </ClCompile>
    <ClCompile Include="FrameService.cpp">
      <Filter>Source Files</Filter>
    </ClCompile>
    <ClCompile Include="NodeText2D.cpp">
      <Filter>UI</Filter>
    </ClCompile>
    <ClCompile Include="NodeViewPort2D.cpp">
      <Filter>UI</Filter>
    </ClCompile>
    <ClCompile Include="ContentService.cpp">
      <Filter>Source Files</Filter>
    </ClCompile>
    <ClCompile Include="IService.cpp">
      <Filter>Source Files</Filter>
    </ClCompile>
    <ClCompile Include="IArea.cpp">
      <Filter>Area</Filter>
    </ClCompile>
    <ClCompile Include="Surface.cpp">
      <Filter>UI</Filter>
    </ClCompile>
    <ClCompile Include="Node2DImage.cpp">
      <Filter>UI</Filter>
    </ClCompile>
    <ClCompile Include="Font.cpp">
      <Filter>UI</Filter>
    </ClCompile>
    <ClCompile Include="Animation.cpp">
      <Filter>UI</Filter>
    </ClCompile>
    <ClCompile Include="Property.cpp">
      <Filter>UI</Filter>
    </ClCompile>
    <ClCompile Include="GameObject.cpp">
      <Filter>UI</Filter>
    </ClCompile>
    <ClCompile Include="IEntity.cpp">
      <Filter>UI</Filter>
    </ClCompile>
    <ClCompile Include="Timer.cpp">
      <Filter>Source Files</Filter>
    </ClCompile>
    <ClCompile Include="ResourceAcquire.cpp">
      <Filter>Source Files</Filter>
    </ClCompile>
  </ItemGroup>
</Project>