<?xml version="1.0" encoding="utf-8"?>
<Project ToolsVersion="4.0" xmlns="http://schemas.microsoft.com/developer/msbuild/2003">
  <ItemGroup>
    <ClCompile Include=".\Application.cpp" />
    <ClCompile Include="main.cpp" />
    <ClCompile Include="stdafx.cpp" />
    <ClCompile Include=".\UIFramework\Animation.cpp">
      <Filter>UIFramework</Filter>
    </ClCompile>
    <ClCompile Include=".\UIFramework\Font.cpp">
      <Filter>UIFramework</Filter>
    </ClCompile>
    <ClCompile Include=".\UIFramework\Node2DImage.cpp">
      <Filter>UIFramework</Filter>
    </ClCompile>
    <ClCompile Include=".\UIFramework\NodeButton2D.cpp">
      <Filter>UIFramework</Filter>
    </ClCompile>
    <ClCompile Include=".\UIFramework\NodeText2D.cpp">
      <Filter>UIFramework</Filter>
    </ClCompile>
    <ClCompile Include="UIFramework\OriginProperty.cpp">
      <Filter>UIFramework</Filter>
    </ClCompile>
    <ClCompile Include=".\UIFramework\Surface.cpp">
      <Filter>UIFramework</Filter>
    </ClCompile>
    <ClCompile Include=".\UIFramework\Texture.cpp">
      <Filter>UIFramework</Filter>
    </ClCompile>
    <ClCompile Include="UIFramework\UIObject.cpp">
      <Filter>UIFramework</Filter>
    </ClCompile>
    <ClCompile Include="UIFramework\TextProperty.cpp">
      <Filter>UIFramework</Filter>
    </ClCompile>
    <ClCompile Include="UIFramework\EmptyNode.cpp">
      <Filter>UIFramework</Filter>
    </ClCompile>
    <ClCompile Include="UIFramework\IPropertyMethod.cpp">
      <Filter>UIFramework</Filter>
    </ClCompile>
    <ClCompile Include="UIFramework\IProperty.cpp">
      <Filter>UIFramework</Filter>
    </ClCompile>
    <ClCompile Include="UIFramework\AnimationKeyFrame.cpp">
      <Filter>UIFramework</Filter>
    </ClCompile>
    <ClCompile Include="UIFramework\AnimationProperty.cpp">
      <Filter>UIFramework</Filter>
    </ClCompile>
    <ClCompile Include="UIFramework\AnimationTimeLine.cpp">
      <Filter>UIFramework</Filter>
    </ClCompile>
    <ClCompile Include="UIFramework\TimeLinePlayback.cpp">
      <Filter>UIFramework</Filter>
    </ClCompile>
    <ClCompile Include="UIFramework\UIHelper.cpp">
      <Filter>UIFramework</Filter>
    </ClCompile>
    <ClCompile Include="UIFramework\Library.cpp">
      <Filter>UIFramework</Filter>
    </ClCompile>
    <ClCompile Include="UIFramework\ISignalMethod.cpp">
      <Filter>UIFramework</Filter>
    </ClCompile>
    <ClCompile Include="UIFramework\KeyInputSignalMethod.cpp">
      <Filter>UIFramework</Filter>
    </ClCompile>
    <ClCompile Include="UIFramework\deltatime.cpp">
      <Filter>UIFramework</Filter>
    </ClCompile>
    <ClCompile Include=".\FrameService.cpp">
      <Filter>Service</Filter>
    </ClCompile>
    <ClCompile Include=".\LogService.cpp">
      <Filter>Service</Filter>
    </ClCompile>
    <ClCompile Include=".\MemoryTracker.cpp">
      <Filter>Service</Filter>
    </ClCompile>
    <ClCompile Include=".\ContentService.cpp">
      <Filter>Service</Filter>
    </ClCompile>
    <ClCompile Include=".\Render.cpp">
      <Filter>UIFramework</Filter>
    </ClCompile>
    <ClCompile Include="FpsTracking.cpp">
      <Filter>UIFramework</Filter>
    </ClCompile>
    <ClCompile Include="Configuration.cpp">
      <Filter>UIFramework</Filter>
    </ClCompile>
    <ClCompile Include="FrameRateCapping.cpp">
      <Filter>UIFramework</Filter>
    </ClCompile>
    <ClCompile Include=".\Scene.cpp">
      <Filter>UIFramework</Filter>
    </ClCompile>
    <ClCompile Include=".\Timer.cpp">
      <Filter>UIFramework</Filter>
    </ClCompile>
    <ClCompile Include=".\ResourceAcquire.cpp">
      <Filter>UIFramework</Filter>
    </ClCompile>
    <ClCompile Include="UIFramework\SignalDefine.cpp">
      <Filter>UIFramework</Filter>
    </ClCompile>
    <ClCompile Include="UIFramework\UIObjectSignalMethod.cpp">
      <Filter>UIFramework</Filter>
    </ClCompile>
    <ClCompile Include="UIFramework\TextureManipulator.cpp">
      <Filter>UIFramework</Filter>
    </ClCompile>
    <ClCompile Include="UIFramework\RenderManipulator.cpp">
      <Filter>UIFramework</Filter>
    </ClCompile>
    <ClCompile Include="UIFramework\RenderContext.cpp">
      <Filter>UIFramework</Filter>
    </ClCompile>
    <ClCompile Include="UIFramework\LayoutProperty.cpp">
      <Filter>UIFramework</Filter>
    </ClCompile>
    <ClCompile Include="Player\Player.cpp">
      <Filter>Player</Filter>
    </ClCompile>
    <ClCompile Include="Player\PlayerButton.cpp">
      <Filter>Player</Filter>
    </ClCompile>
    <ClCompile Include="Player\ProgressBar.cpp">
      <Filter>Player</Filter>
    </ClCompile>
    <ClCompile Include="Player\Focus.cpp">
      <Filter>Player</Filter>
    </ClCompile>
    <ClCompile Include="Player\IFocusComponent.cpp">
      <Filter>Player</Filter>
    </ClCompile>
    <ClCompile Include="Player\FullSizeSymbol.cpp">
      <Filter>Player</Filter>
    </ClCompile>
    <ClCompile Include="Player\Speaker.cpp">
      <Filter>Player</Filter>
    </ClCompile>
    <ClCompile Include="Player\KeyMap.cpp">
      <Filter>Player</Filter>
    </ClCompile>
    <ClCompile Include="UIFramework\KeyMapDefine.cpp">
      <Filter>UIFramework</Filter>
    </ClCompile>
    <ClCompile Include="UIFramework\KeyCommand.cpp">
      <Filter>UIFramework</Filter>
    </ClCompile>
    <ClCompile Include="UIFramework\key.cpp">
      <Filter>UIFramework</Filter>
    </ClCompile>
    <ClCompile Include="Player\NativeFileDialog\nfd_common.c">
      <Filter>Player\Native File Dialog</Filter>
    </ClCompile>
    <ClCompile Include="Player\NativeFileDialog\nfd_win.cpp">
      <Filter>Player\Native File Dialog</Filter>
    </ClCompile>
    <ClCompile Include="Player\BackGround.cpp">
      <Filter>Player</Filter>
    </ClCompile>
    <ClCompile Include="UIFramework\TaskPoolInstance.cpp">
      <Filter>UIFramework</Filter>
    </ClCompile>
    <ClCompile Include="Player\TimeSlide.cpp">
      <Filter>Player</Filter>
    </ClCompile>
    <ClCompile Include="UIFramework\WindowRender.cpp">
      <Filter>UIFramework</Filter>
    </ClCompile>
    <ClCompile Include="UIFramework\Shader.cpp">
      <Filter>UIFramework</Filter>
    </ClCompile>
    <ClCompile Include="UIFramework\ShaderProgram.cpp">
      <Filter>UIFramework</Filter>
    </ClCompile>
    <ClCompile Include="UIFramework\GLInfoLog.cpp">
      <Filter>UIFramework</Filter>
    </ClCompile>
    <ClCompile Include="UIFramework\Mesh.cpp">
      <Filter>UIFramework</Filter>
    </ClCompile>
    <ClCompile Include="UIFramework\SceneHelper.cpp">
      <Filter>UIFramework</Filter>
    </ClCompile>
    <ClCompile Include="UIFramework\Attribute.cpp">
      <Filter>UIFramework</Filter>
    </ClCompile>
    <ClCompile Include="UIFramework\GLTypeDictionary.cpp">
      <Filter>UIFramework</Filter>
    </ClCompile>
    <ClCompile Include="UIFramework\Uniform.cpp">
      <Filter>UIFramework</Filter>
    </ClCompile>
    <ClCompile Include="UIFramework\PropertyDefine.cpp">
      <Filter>UIFramework</Filter>
    </ClCompile>
    <ClCompile Include="UIFramework\GLTexture.cpp">
      <Filter>UIFramework</Filter>
    </ClCompile>
    <ClCompile Include="UIFramework\GLRenderContext.cpp">
      <Filter>UIFramework</Filter>
    </ClCompile>
    <ClCompile Include="UIFramework\Node3D.cpp">
      <Filter>UIFramework</Filter>
    </ClCompile>
    <ClCompile Include="UIFramework\GLProperty.cpp">
      <Filter>UIFramework</Filter>
    </ClCompile>
    <ClCompile Include="UIFramework\Renderer3D.cpp">
      <Filter>UIFramework</Filter>
    </ClCompile>
    <ClCompile Include="UIFramework\GLRenderManipulator.cpp">
      <Filter>UIFramework</Filter>
    </ClCompile>
    <ClCompile Include="UIFramework\GLFont.cpp">
      <Filter>UIFramework</Filter>
    </ClCompile>
    <ClCompile Include="UIFramework\GLFrameBufferObject.cpp">
      <Filter>UIFramework</Filter>
    </ClCompile>
    <ClCompile Include="UIFramework\Transformation2D.cpp">
      <Filter>UIFramework</Filter>
    </ClCompile>
    <ClCompile Include="3D Cube\Cube3D.cpp">
      <Filter>3D Cube</Filter>
    </ClCompile>
    <ClCompile Include="UIFramework\Model.cpp">
      <Filter>UIFramework</Filter>
    </ClCompile>
    <ClCompile Include="UIFramework\Material.cpp">
      <Filter>UIFramework</Filter>
    </ClCompile>
    <ClCompile Include="UIFramework\Camera.cpp">
      <Filter>UIFramework</Filter>
    </ClCompile>
    <ClCompile Include="UIFramework\MaterialProperty.cpp">
      <Filter>UIFramework</Filter>
    </ClCompile>
    <ClCompile Include="..\imgui-1.85\imgui.cpp">
      <Filter>ImGui</Filter>
    </ClCompile>
    <ClCompile Include="..\imgui-1.85\imgui_draw.cpp">
      <Filter>ImGui</Filter>
    </ClCompile>
    <ClCompile Include="..\imgui-1.85\imgui_tables.cpp">
      <Filter>ImGui</Filter>
    </ClCompile>
    <ClCompile Include="..\imgui-1.85\imgui_widgets.cpp">
      <Filter>ImGui</Filter>
    </ClCompile>
    <ClCompile Include="..\imgui-1.85\imgui_demo.cpp">
      <Filter>ImGui</Filter>
    </ClCompile>
    <ClCompile Include="..\imgui-1.85\backends\imgui_impl_sdl.cpp">
      <Filter>ImGui</Filter>
    </ClCompile>
    <ClCompile Include="..\imgui-1.85\backends\imgui_impl_opengl3.cpp">
      <Filter>ImGui</Filter>
    </ClCompile>
    <ClCompile Include="UIFramework\ImGuiShader.cpp">
      <Filter>UIFramework</Filter>
    </ClCompile>
    <ClCompile Include="ModelLoader.cpp" />
    <ClCompile Include="UIFramework\NodeMesh.cpp">
      <Filter>UIFramework</Filter>
    </ClCompile>
    <ClCompile Include="UIFramework\NodeLight.cpp">
      <Filter>UIFramework</Filter>
    </ClCompile>
    <ClCompile Include="UIFramework\DynamicShader.cpp">
      <Filter>UIFramework</Filter>
    </ClCompile>
    <ClCompile Include="UIFramework\LibrarySignalMethod.cpp" />
    <ClCompile Include="UIFramework\LightingProperty.cpp">
      <Filter>UIFramework</Filter>
    </ClCompile>
    <ClCompile Include="UIFramework\CameraProperty.cpp">
      <Filter>UIFramework</Filter>
    </ClCompile>
    <ClCompile Include="UIFramework\NodeCamera.cpp">
      <Filter>UIFramework</Filter>
    </ClCompile>
    <ClCompile Include="Physic\OctTree.cpp">
      <Filter>Physic</Filter>
    </ClCompile>
    <ClCompile Include="Physic\Physical.cpp">
      <Filter>Physic</Filter>
    </ClCompile>
    <ClCompile Include="Physic\IntersectionType.cpp">
      <Filter>Physic</Filter>
    </ClCompile>
  </ItemGroup>
  <ItemGroup>
    <ClInclude Include="stdafx.h" />
    <ClInclude Include="targetver.h" />
    <ClInclude Include=".\inc\Application.h">
      <Filter>Header Files</Filter>
    </ClInclude>
    <ClInclude Include=".\inc\Configuration.h">
      <Filter>Header Files</Filter>
    </ClInclude>
    <ClInclude Include=".\inc\asset_define.h">
      <Filter>Header Files</Filter>
    </ClInclude>
    <ClInclude Include=".\inc\Scene.h">
      <Filter>Header Files</Filter>
    </ClInclude>
    <ClInclude Include=".\inc\Timer.h">
      <Filter>Header Files</Filter>
    </ClInclude>
    <ClInclude Include=".\inc\Render.h">
      <Filter>Header Files</Filter>
    </ClInclude>
    <ClInclude Include=".\inc\ResourceAcquire.h">
      <Filter>Header Files</Filter>
    </ClInclude>
    <ClInclude Include=".\UIFramework\inc\Node2DImage.h">
      <Filter>Header Files\UIFramework</Filter>
    </ClInclude>
    <ClInclude Include=".\UIFramework\inc\NodeButton2D.h">
      <Filter>Header Files\UIFramework</Filter>
    </ClInclude>
    <ClInclude Include=".\UIFramework\inc\NodeText2D.h">
      <Filter>Header Files\UIFramework</Filter>
    </ClInclude>
    <ClInclude Include=".\UIFramework\inc\Font.h">
      <Filter>Header Files\UIFramework</Filter>
    </ClInclude>
    <ClInclude Include=".\UIFramework\inc\Animation.h">
      <Filter>Header Files\UIFramework</Filter>
    </ClInclude>
    <ClInclude Include="inc\FpsTracking.h">
      <Filter>Header Files\UIFramework</Filter>
    </ClInclude>
    <ClInclude Include="inc\FrameRateCapping.h">
      <Filter>Header Files\UIFramework</Filter>
    </ClInclude>
    <ClInclude Include=".\UIFramework\inc\Surface.h">
      <Filter>Header Files\UIFramework</Filter>
    </ClInclude>
    <ClInclude Include=".\UIFramework\inc\Texture.h">
      <Filter>Header Files\UIFramework</Filter>
    </ClInclude>
    <ClInclude Include=".\UIFramework\inc\UIObject.h">
      <Filter>Header Files\UIFramework</Filter>
    </ClInclude>
    <ClInclude Include="UIFramework\inc\IPropertyMethod.h">
      <Filter>Header Files\UIFramework</Filter>
    </ClInclude>
    <ClInclude Include="UIFramework\inc\TextProperty.h">
      <Filter>Header Files\UIFramework</Filter>
    </ClInclude>
    <ClInclude Include="UIFramework\inc\EmptyNode.h">
      <Filter>Header Files\UIFramework</Filter>
    </ClInclude>
    <ClInclude Include="UIFramework\inc\IProperty.h">
      <Filter>Header Files\UIFramework</Filter>
    </ClInclude>
    <ClInclude Include="UIFramework\inc\OriginProperty.h">
      <Filter>Header Files\UIFramework</Filter>
    </ClInclude>
    <ClInclude Include="UIFramework\inc\PropertyDefine.h">
      <Filter>Header Files\UIFramework</Filter>
    </ClInclude>
    <ClInclude Include="UIFramework\inc\AnimationKeyFrame.h">
      <Filter>Header Files\UIFramework</Filter>
    </ClInclude>
    <ClInclude Include="UIFramework\inc\AnimationProperty.h">
      <Filter>Header Files\UIFramework</Filter>
    </ClInclude>
    <ClInclude Include="UIFramework\inc\AnimationTimeLine.h">
      <Filter>Header Files\UIFramework</Filter>
    </ClInclude>
    <ClInclude Include="UIFramework\inc\UIHelper.h">
      <Filter>Header Files\UIFramework</Filter>
    </ClInclude>
    <ClInclude Include="UIFramework\inc\Library.h">
      <Filter>Header Files\UIFramework</Filter>
    </ClInclude>
    <ClInclude Include="UIFramework\inc\ISignalMethod.h">
      <Filter>Header Files\UIFramework</Filter>
    </ClInclude>
    <ClInclude Include="UIFramework\inc\KeyInputSignalMethod.h">
      <Filter>Header Files\UIFramework</Filter>
    </ClInclude>
    <ClInclude Include="UIFramework\inc\SignalDefine.h">
      <Filter>Header Files\UIFramework</Filter>
    </ClInclude>
    <ClInclude Include="UIFramework\inc\deltatime.h">
      <Filter>Header Files\UIFramework</Filter>
    </ClInclude>
    <ClInclude Include="UIFramework\inc\UIObjectSignalMethod.h">
      <Filter>Header Files\UIFramework</Filter>
    </ClInclude>
    <ClInclude Include="UIFramework\inc\TextureManipulator.h">
      <Filter>Header Files\UIFramework</Filter>
    </ClInclude>
    <ClInclude Include="UIFramework\inc\RenderManipulator.h">
      <Filter>Header Files\UIFramework</Filter>
    </ClInclude>
    <ClInclude Include="UIFramework\inc\RenderContext.h">
      <Filter>Header Files\UIFramework</Filter>
    </ClInclude>
    <ClInclude Include="UIFramework\inc\LayoutProperty.h">
      <Filter>Header Files\UIFramework</Filter>
    </ClInclude>
    <ClInclude Include="Player\inc\IPlayerComponent.h">
      <Filter>Header Files\Player</Filter>
    </ClInclude>
    <ClInclude Include="Player\inc\PlayerButton.h">
      <Filter>Header Files\Player</Filter>
    </ClInclude>
    <ClInclude Include="Player\inc\ProgressBar.h">
      <Filter>Header Files\Player</Filter>
    </ClInclude>
    <ClInclude Include="Player\inc\Player.h">
      <Filter>Header Files\Player</Filter>
    </ClInclude>
    <ClInclude Include=".\inc\FrameService.h">
      <Filter>Header Files\Service</Filter>
    </ClInclude>
    <ClInclude Include=".\inc\ContentService.h">
      <Filter>Header Files\Service</Filter>
    </ClInclude>
    <ClInclude Include=".\inc\LogService.h">
      <Filter>Header Files\Service</Filter>
    </ClInclude>
    <ClInclude Include=".\inc\MemoryTracker.h">
      <Filter>Header Files\Service</Filter>
    </ClInclude>
    <ClInclude Include="Player\inc\Focus.h">
      <Filter>Header Files\Player</Filter>
    </ClInclude>
    <ClInclude Include="Player\inc\IFocusComponent.h">
      <Filter>Header Files\Player</Filter>
    </ClInclude>
    <ClInclude Include="Player\inc\FullSizeSymbol.h">
      <Filter>Header Files\Player</Filter>
    </ClInclude>
    <ClInclude Include="Player\inc\KeyMap.h">
      <Filter>Header Files\Player</Filter>
    </ClInclude>
    <ClInclude Include="UIFramework\inc\KeyMapDefine.h">
      <Filter>Header Files\UIFramework</Filter>
    </ClInclude>
    <ClInclude Include="UIFramework\inc\KeyCommand.h">
      <Filter>Header Files\UIFramework</Filter>
    </ClInclude>
    <ClInclude Include="UIFramework\inc\Key.h">
      <Filter>Header Files\UIFramework</Filter>
    </ClInclude>
    <ClInclude Include="Player\inc\BackGround.h">
      <Filter>Header Files\Player</Filter>
    </ClInclude>
    <ClInclude Include="UIFramework\inc\TaskPoolInstance.h">
      <Filter>Header Files\UIFramework</Filter>
    </ClInclude>
    <ClInclude Include="Player\inc\TimeSlide.h">
      <Filter>Header Files\Player</Filter>
    </ClInclude>
    <ClInclude Include="UIFramework\inc\WindowRender.h">
      <Filter>Header Files\UIFramework</Filter>
    </ClInclude>
    <ClInclude Include="UIFramework\inc\Shader.h">
      <Filter>Header Files\UIFramework</Filter>
    </ClInclude>
    <ClInclude Include="UIFramework\inc\ShaderProgram.h">
      <Filter>Header Files\UIFramework</Filter>
    </ClInclude>
    <ClInclude Include="UIFramework\inc\GLInfoLog.h">
      <Filter>Header Files\UIFramework</Filter>
    </ClInclude>
    <ClInclude Include="UIFramework\inc\Mesh.h">
      <Filter>Header Files\UIFramework</Filter>
    </ClInclude>
    <ClInclude Include="UIFramework\inc\SceneHelper.h">
      <Filter>Header Files\UIFramework</Filter>
    </ClInclude>
    <ClInclude Include="UIFramework\inc\Attribute.h">
      <Filter>Header Files\UIFramework</Filter>
    </ClInclude>
    <ClInclude Include="UIFramework\inc\GLProperty.h">
      <Filter>Header Files\UIFramework</Filter>
    </ClInclude>
    <ClInclude Include="UIFramework\inc\GLTypeDictionary.h">
      <Filter>Header Files\UIFramework</Filter>
    </ClInclude>
    <ClInclude Include="UIFramework\inc\Uniform.h">
      <Filter>Header Files\UIFramework</Filter>
    </ClInclude>
    <ClInclude Include="UIFramework\inc\Node3D.h">
      <Filter>Header Files\UIFramework</Filter>
    </ClInclude>
    <ClInclude Include="UIFramework\inc\GLTexture.h">
      <Filter>Header Files\UIFramework</Filter>
    </ClInclude>
    <ClInclude Include="UIFramework\inc\GLRenderContext.h">
      <Filter>Header Files\UIFramework</Filter>
    </ClInclude>
    <ClInclude Include="UIFramework\inc\Renderer3D.h">
      <Filter>Header Files\UIFramework</Filter>
    </ClInclude>
    <ClInclude Include="UIFramework\inc\GLRenderManipulator.h">
      <Filter>Header Files\UIFramework</Filter>
    </ClInclude>
    <ClInclude Include="UIFramework\inc\GLFont.h">
      <Filter>Header Files\UIFramework</Filter>
    </ClInclude>
    <ClInclude Include="UIFramework\inc\GLFrameBufferObject.h">
      <Filter>Header Files\UIFramework</Filter>
    </ClInclude>
    <ClInclude Include="UIFramework\inc\Transformation2D.h">
      <Filter>Header Files\UIFramework</Filter>
    </ClInclude>
    <ClInclude Include="3D Cube\inc\Cube3D.h">
      <Filter>Header Files\3D Cube</Filter>
    </ClInclude>
    <ClInclude Include="UIFramework\inc\Model.h">
      <Filter>Header Files\UIFramework</Filter>
    </ClInclude>
    <ClInclude Include="UIFramework\inc\Material.h">
      <Filter>Header Files\UIFramework</Filter>
    </ClInclude>
    <ClInclude Include="UIFramework\inc\Camera.h">
      <Filter>Header Files\UIFramework</Filter>
    </ClInclude>
    <ClInclude Include="UIFramework\inc\MaterialProperty.h">
      <Filter>Header Files\UIFramework</Filter>
    </ClInclude>
    <ClInclude Include="..\imgui-1.85\imconfig.h">
      <Filter>ImGui</Filter>
    </ClInclude>
    <ClInclude Include="..\imgui-1.85\imgui.h">
      <Filter>ImGui</Filter>
    </ClInclude>
    <ClInclude Include="..\imgui-1.85\imgui_internal.h">
      <Filter>ImGui</Filter>
    </ClInclude>
    <ClInclude Include="..\imgui-1.85\backends\imgui_impl_sdl.h">
      <Filter>ImGui</Filter>
    </ClInclude>
    <ClInclude Include="..\imgui-1.85\backends\imgui_impl_opengl3.h">
      <Filter>ImGui</Filter>
    </ClInclude>
    <ClInclude Include="..\imgui-1.85\imstb_rectpack.h">
      <Filter>ImGui</Filter>
    </ClInclude>
    <ClInclude Include="..\imgui-1.85\imstb_textedit.h">
      <Filter>ImGui</Filter>
    </ClInclude>
    <ClInclude Include="..\imgui-1.85\imstb_truetype.h">
      <Filter>ImGui</Filter>
    </ClInclude>
    <ClInclude Include="UIFramework\inc\ImGuiShader.h">
      <Filter>Header Files\UIFramework</Filter>
    </ClInclude>
    <ClInclude Include="inc\ModelLoader.h">
      <Filter>Header Files</Filter>
    </ClInclude>
    <ClInclude Include="UIFramework\inc\NodeMesh.h">
      <Filter>Header Files\UIFramework</Filter>
    </ClInclude>
    <ClInclude Include="UIFramework\inc\NodeLight.h">
      <Filter>Header Files\UIFramework</Filter>
    </ClInclude>
    <ClInclude Include="UIFramework\inc\DynamicShader.h">
      <Filter>Header Files\UIFramework</Filter>
    </ClInclude>
    <ClInclude Include="resource.h" />
    <ClInclude Include="UIFramework\inc\LibrarySignalMethod.h" />
    <ClInclude Include="UIFramework\inc\LightingProperty.h">
      <Filter>Header Files\UIFramework</Filter>
    </ClInclude>
    <ClInclude Include="UIFramework\inc\CameraProperty.h">
      <Filter>Header Files\UIFramework</Filter>
    </ClInclude>
    <ClInclude Include="UIFramework\inc\NodeCamera.h">
      <Filter>Header Files\UIFramework</Filter>
    </ClInclude>
    <ClInclude Include="Physic\inc\OctTree.h">
      <Filter>Header Files\Physic</Filter>
    </ClInclude>
    <ClInclude Include="Physic\inc\Physical.h">
      <Filter>Header Files\Physic</Filter>
    </ClInclude>
    <ClInclude Include="Physic\inc\BoundingBox.h">
      <Filter>Header Files\Physic</Filter>
    </ClInclude>
    <ClInclude Include="Physic\inc\BoundingFrustum.h">
      <Filter>Header Files\Physic</Filter>
    </ClInclude>
    <ClInclude Include="Physic\inc\BoundingSphere.h">
      <Filter>Header Files\Physic</Filter>
    </ClInclude>
    <ClInclude Include="Physic\inc\ContainmentType.h">
      <Filter>Header Files\Physic</Filter>
    </ClInclude>
    <ClInclude Include="Physic\inc\MathHelper.h">
      <Filter>Header Files\Physic</Filter>
    </ClInclude>
    <ClInclude Include="Physic\inc\Matrix.h">
      <Filter>Header Files\Physic</Filter>
    </ClInclude>
    <ClInclude Include="Physic\inc\Plane.h">
      <Filter>Header Files\Physic</Filter>
    </ClInclude>
    <ClInclude Include="Physic\inc\PlaneIntersectionType.h">
      <Filter>Header Files\Physic</Filter>
    </ClInclude>
    <ClInclude Include="Physic\inc\Point.h">
      <Filter>Header Files\Physic</Filter>
    </ClInclude>
    <ClInclude Include="Physic\inc\Quaternion.h">
      <Filter>Header Files\Physic</Filter>
    </ClInclude>
    <ClInclude Include="Physic\inc\Ray.h">
      <Filter>Header Files\Physic</Filter>
    </ClInclude>
    <ClInclude Include="Physic\inc\Rectangle.h">
      <Filter>Header Files\Physic</Filter>
    </ClInclude>
    <ClInclude Include="Physic\inc\IEquatable.h">
      <Filter>Header Files\Physic</Filter>
    </ClInclude>
    <ClInclude Include="Physic\inc\IntersectionRecord.h">
      <Filter>Header Files\Physic</Filter>
    </ClInclude>
  </ItemGroup>
  <ItemGroup>
    <Filter Include="Header Files">
      <UniqueIdentifier>{c03c3dcb-771e-4819-836f-a37698891ce0}</UniqueIdentifier>
    </Filter>
    <Filter Include="UIFramework">
      <UniqueIdentifier>{7d28078d-6474-4aa1-8836-4cd8c279c7aa}</UniqueIdentifier>
    </Filter>
    <Filter Include="Header Files\UIFramework">
      <UniqueIdentifier>{ab1b1800-16cb-4330-a80c-cd2d1d72ec08}</UniqueIdentifier>
    </Filter>
    <Filter Include="Service">
      <UniqueIdentifier>{f0db6c44-fff1-4010-8c94-5946201c8b67}</UniqueIdentifier>
    </Filter>
    <Filter Include="Header Files\Player">
      <UniqueIdentifier>{32055dda-2d6a-4ef7-a3c6-49a39af8cb10}</UniqueIdentifier>
    </Filter>
    <Filter Include="Player">
      <UniqueIdentifier>{89dc6dba-9463-4299-b328-9388a746ed2f}</UniqueIdentifier>
    </Filter>
    <Filter Include="Header Files\Service">
      <UniqueIdentifier>{e0b88ecf-6db8-42f7-b8d0-182e50913e11}</UniqueIdentifier>
    </Filter>
    <Filter Include="Header Files\Player\Native File Dialog">
      <UniqueIdentifier>{dc98cc74-c243-41b2-bb5e-d2d6d38e589f}</UniqueIdentifier>
    </Filter>
    <Filter Include="Player\Native File Dialog">
      <UniqueIdentifier>{a99f9ec8-b729-498e-b412-f84e2daabda9}</UniqueIdentifier>
    </Filter>
    <Filter Include="3D Cube">
      <UniqueIdentifier>{8a9ac58a-843f-44ec-8541-ade6441f93c2}</UniqueIdentifier>
    </Filter>
    <Filter Include="Header Files\3D Cube">
      <UniqueIdentifier>{f2689d28-701b-4848-93a0-d7d99d06a8e9}</UniqueIdentifier>
    </Filter>
    <Filter Include="ImGui">
      <UniqueIdentifier>{3b5f3d9a-3ede-449a-bb65-7a3149ecd85a}</UniqueIdentifier>
    </Filter>
    <Filter Include="Shader">
      <UniqueIdentifier>{c16d9a36-092d-473a-b813-593f9fc38f4d}</UniqueIdentifier>
    </Filter>
    <Filter Include="Physic">
      <UniqueIdentifier>{8fda48b6-c61b-41cd-adb3-dab9d92443b9}</UniqueIdentifier>
    </Filter>
    <Filter Include="Header Files\Physic">
      <UniqueIdentifier>{3a34d6ee-03e0-4886-8d08-281ca4d3307f}</UniqueIdentifier>
    </Filter>
  </ItemGroup>
  <ItemGroup>
    <ResourceCompile Include="CoreEngine.rc" />
  </ItemGroup>
  <ItemGroup>
    <None Include="Shader\BlurFrag.glsl">
      <Filter>Shader</Filter>
    </None>
    <None Include="Shader\BlurVex.glsl">
      <Filter>Shader</Filter>
    </None>
    <None Include="Shader\ColorFrag.glsl">
      <Filter>Shader</Filter>
    </None>
    <None Include="Shader\ColorVex.glsl">
      <Filter>Shader</Filter>
    </None>
    <None Include="Shader\CubeFrag.glsl">
      <Filter>Shader</Filter>
    </None>
    <None Include="Shader\CubeVex.glsl">
      <Filter>Shader</Filter>
    </None>
    <None Include="Shader\DynamicFrag.glsl">
      <Filter>Shader</Filter>
    </None>
    <None Include="Shader\DynamicVex.glsl">
      <Filter>Shader</Filter>
    </None>
    <None Include="Shader\GeometryFrag.glsl">
      <Filter>Shader</Filter>
    </None>
    <None Include="Shader\GeometryVex.glsl">
      <Filter>Shader</Filter>
    </None>
    <None Include="Shader\GrayscaleFrag.glsl">
      <Filter>Shader</Filter>
    </None>
    <None Include="Shader\GrayscaleVex.glsl">
      <Filter>Shader</Filter>
    </None>
    <None Include="Shader\InversionFrag.glsl">
      <Filter>Shader</Filter>
    </None>
    <None Include="Shader\InversionVex.glsl">
      <Filter>Shader</Filter>
    </None>
    <None Include="Shader\LightShadingFrag.glsl">
      <Filter>Shader</Filter>
    </None>
    <None Include="Shader\LightShadingVex.glsl">
      <Filter>Shader</Filter>
    </None>
    <None Include="Shader\MultiLightFrag.glsl">
      <Filter>Shader</Filter>
    </None>
    <None Include="Shader\MultiLightVex.glsl">
      <Filter>Shader</Filter>
    </None>
    <None Include="Shader\PBRVex.glsl">
      <Filter>Shader</Filter>
    </None>
    <None Include="Shader\QuadFrag.glsl">
      <Filter>Shader</Filter>
    </None>
    <None Include="Shader\QuadVex.glsl">
      <Filter>Shader</Filter>
    </None>
    <None Include="Shader\TextFrag.glsl">
      <Filter>Shader</Filter>
    </None>
    <None Include="Shader\TextureFrag.glsl">
      <Filter>Shader</Filter>
    </None>
    <None Include="Shader\TextureVex.glsl">
      <Filter>Shader</Filter>
    </None>
    <None Include="Shader\TextVex.glsl">
      <Filter>Shader</Filter>
    </None>
    <None Include="Shader\TriangleFrag.glsl">
      <Filter>Shader</Filter>
    </None>
    <None Include="Shader\TriangleVex.glsl">
      <Filter>Shader</Filter>
    </None>
  </ItemGroup>
</Project>