
Microsoft Visual Studio Solution File, Format Version 12.00
# Visual Studio Version 16
VisualStudioVersion = 16.0.31424.327
MinimumVisualStudioVersion = 10.0.40219.1
Project("{8BC9CEB8-8B4A-11D0-8D11-00A0C91BC942}") = "ALL_BUILD", "ALL_BUILD.vcxproj", "{6625CC55-9454-3341-B0DD-3F7A40CC6C44}"
	ProjectSection(ProjectDependencies) = postProject
		{1093999C-6CD8-3555-8382-603247184A9B} = {1093999C-6CD8-3555-8382-603247184A9B}
		{6709FD89-702A-3DAB-A5E9-FF6757E38AA7} = {6709FD89-702A-3DAB-A5E9-FF6757E38AA7}
		{454390A1-DDE7-38DE-B493-64B25A7A3648} = {454390A1-DDE7-38DE-B493-64B25A7A3648}
		{76A1CA71-83A3-3D2E-9D96-604B5EBA3DF9} = {76A1CA71-83A3-3D2E-9D96-604B5EBA3DF9}
		{689B224C-2CD4-3A38-B554-597173FBB010} = {689B224C-2CD4-3A38-B554-597173FBB010}
		{4F9B573F-FCCC-3101-99A6-41F4EE1F10DB} = {4F9B573F-FCCC-3101-99A6-41F4EE1F10DB}
		{7A3A0BEB-438C-38AE-A6F7-8A2361998340} = {7A3A0BEB-438C-38AE-A6F7-8A2361998340}
	EndProjectSection
EndProject
Project("{8BC9CEB8-8B4A-11D0-8D11-00A0C91BC942}") = "INSTALL", "INSTALL.vcxproj", "{885287AA-D67C-3DE7-9E88-1422F8B31098}"
	ProjectSection(ProjectDependencies) = postProject
		{6625CC55-9454-3341-B0DD-3F7A40CC6C44} = {6625CC55-9454-3341-B0DD-3F7A40CC6C44}
		{6709FD89-702A-3DAB-A5E9-FF6757E38AA7} = {6709FD89-702A-3DAB-A5E9-FF6757E38AA7}
	EndProjectSection
EndProject
Project("{8BC9CEB8-8B4A-11D0-8D11-00A0C91BC942}") = "IrrXML", "contrib\irrXML\IrrXML.vcxproj", "{1093999C-6CD8-3555-8382-603247184A9B}"
	ProjectSection(ProjectDependencies) = postProject
		{6709FD89-702A-3DAB-A5E9-FF6757E38AA7} = {6709FD89-702A-3DAB-A5E9-FF6757E38AA7}
	EndProjectSection
EndProject
Project("{8BC9CEB8-8B4A-11D0-8D11-00A0C91BC942}") = "UpdateAssimpLibsDebugSymbolsAndDLLs", "UpdateAssimpLibsDebugSymbolsAndDLLs.vcxproj", "{02EB61E2-F61A-3391-98EF-C1EA04B9DA4A}"
	ProjectSection(ProjectDependencies) = postProject
		{6709FD89-702A-3DAB-A5E9-FF6757E38AA7} = {6709FD89-702A-3DAB-A5E9-FF6757E38AA7}
	EndProjectSection
EndProject
Project("{8BC9CEB8-8B4A-11D0-8D11-00A0C91BC942}") = "ZERO_CHECK", "ZERO_CHECK.vcxproj", "{6709FD89-702A-3DAB-A5E9-FF6757E38AA7}"
EndProject
Project("{8BC9CEB8-8B4A-11D0-8D11-00A0C91BC942}") = "assimp", "code\assimp.vcxproj", "{454390A1-DDE7-38DE-B493-64B25A7A3648}"
	ProjectSection(ProjectDependencies) = postProject
		{1093999C-6CD8-3555-8382-603247184A9B} = {1093999C-6CD8-3555-8382-603247184A9B}
		{6709FD89-702A-3DAB-A5E9-FF6757E38AA7} = {6709FD89-702A-3DAB-A5E9-FF6757E38AA7}
		{7A3A0BEB-438C-38AE-A6F7-8A2361998340} = {7A3A0BEB-438C-38AE-A6F7-8A2361998340}
	EndProjectSection
EndProject
Project("{8BC9CEB8-8B4A-11D0-8D11-00A0C91BC942}") = "assimp_cmd", "tools\assimp_cmd\assimp_cmd.vcxproj", "{76A1CA71-83A3-3D2E-9D96-604B5EBA3DF9}"
	ProjectSection(ProjectDependencies) = postProject
		{1093999C-6CD8-3555-8382-603247184A9B} = {1093999C-6CD8-3555-8382-603247184A9B}
		{6709FD89-702A-3DAB-A5E9-FF6757E38AA7} = {6709FD89-702A-3DAB-A5E9-FF6757E38AA7}
		{454390A1-DDE7-38DE-B493-64B25A7A3648} = {454390A1-DDE7-38DE-B493-64B25A7A3648}
		{7A3A0BEB-438C-38AE-A6F7-8A2361998340} = {7A3A0BEB-438C-38AE-A6F7-8A2361998340}
	EndProjectSection
EndProject
Project("{8BC9CEB8-8B4A-11D0-8D11-00A0C91BC942}") = "uninstall", "uninstall.vcxproj", "{84E08934-B92A-386A-8C30-ECF1CA442797}"
	ProjectSection(ProjectDependencies) = postProject
		{6709FD89-702A-3DAB-A5E9-FF6757E38AA7} = {6709FD89-702A-3DAB-A5E9-FF6757E38AA7}
	EndProjectSection
EndProject
Project("{8BC9CEB8-8B4A-11D0-8D11-00A0C91BC942}") = "unit", "test\unit.vcxproj", "{689B224C-2CD4-3A38-B554-597173FBB010}"
	ProjectSection(ProjectDependencies) = postProject
		{1093999C-6CD8-3555-8382-603247184A9B} = {1093999C-6CD8-3555-8382-603247184A9B}
		{6709FD89-702A-3DAB-A5E9-FF6757E38AA7} = {6709FD89-702A-3DAB-A5E9-FF6757E38AA7}
		{454390A1-DDE7-38DE-B493-64B25A7A3648} = {454390A1-DDE7-38DE-B493-64B25A7A3648}
		{7A3A0BEB-438C-38AE-A6F7-8A2361998340} = {7A3A0BEB-438C-38AE-A6F7-8A2361998340}
	EndProjectSection
EndProject
Project("{8BC9CEB8-8B4A-11D0-8D11-00A0C91BC942}") = "zlib", "contrib\zlib\zlib.vcxproj", "{4F9B573F-FCCC-3101-99A6-41F4EE1F10DB}"
	ProjectSection(ProjectDependencies) = postProject
		{6709FD89-702A-3DAB-A5E9-FF6757E38AA7} = {6709FD89-702A-3DAB-A5E9-FF6757E38AA7}
	EndProjectSection
EndProject
Project("{8BC9CEB8-8B4A-11D0-8D11-00A0C91BC942}") = "zlibstatic", "contrib\zlib\zlibstatic.vcxproj", "{7A3A0BEB-438C-38AE-A6F7-8A2361998340}"
	ProjectSection(ProjectDependencies) = postProject
		{6709FD89-702A-3DAB-A5E9-FF6757E38AA7} = {6709FD89-702A-3DAB-A5E9-FF6757E38AA7}
	EndProjectSection
EndProject
Global
	GlobalSection(SolutionConfigurationPlatforms) = preSolution
		Debug|Win32 = Debug|Win32
		Debug|x64 = Debug|x64
		Debug|x86 = Debug|x86
		MinSizeRel|Win32 = MinSizeRel|Win32
		MinSizeRel|x64 = MinSizeRel|x64
		MinSizeRel|x86 = MinSizeRel|x86
		Release|Win32 = Release|Win32
		Release|x64 = Release|x64
		Release|x86 = Release|x86
		RelWithDebInfo|Win32 = RelWithDebInfo|Win32
		RelWithDebInfo|x64 = RelWithDebInfo|x64
		RelWithDebInfo|x86 = RelWithDebInfo|x86
	EndGlobalSection
	GlobalSection(ProjectConfigurationPlatforms) = postSolution
		{6625CC55-9454-3341-B0DD-3F7A40CC6C44}.Debug|Win32.ActiveCfg = Debug|Win32
		{6625CC55-9454-3341-B0DD-3F7A40CC6C44}.Debug|Win32.Build.0 = Debug|Win32
		{6625CC55-9454-3341-B0DD-3F7A40CC6C44}.Debug|x64.ActiveCfg = Debug|x64
		{6625CC55-9454-3341-B0DD-3F7A40CC6C44}.Debug|x64.Build.0 = Debug|x64
		{6625CC55-9454-3341-B0DD-3F7A40CC6C44}.Debug|x86.ActiveCfg = Debug|Win32
		{6625CC55-9454-3341-B0DD-3F7A40CC6C44}.Debug|x86.Build.0 = Debug|Win32
		{6625CC55-9454-3341-B0DD-3F7A40CC6C44}.MinSizeRel|Win32.ActiveCfg = MinSizeRel|Win32
		{6625CC55-9454-3341-B0DD-3F7A40CC6C44}.MinSizeRel|Win32.Build.0 = MinSizeRel|Win32
		{6625CC55-9454-3341-B0DD-3F7A40CC6C44}.MinSizeRel|x64.ActiveCfg = MinSizeRel|x64
		{6625CC55-9454-3341-B0DD-3F7A40CC6C44}.MinSizeRel|x64.Build.0 = MinSizeRel|x64
		{6625CC55-9454-3341-B0DD-3F7A40CC6C44}.MinSizeRel|x86.ActiveCfg = MinSizeRel|Win32
		{6625CC55-9454-3341-B0DD-3F7A40CC6C44}.MinSizeRel|x86.Build.0 = MinSizeRel|Win32
		{6625CC55-9454-3341-B0DD-3F7A40CC6C44}.Release|Win32.ActiveCfg = Release|Win32
		{6625CC55-9454-3341-B0DD-3F7A40CC6C44}.Release|Win32.Build.0 = Release|Win32
		{6625CC55-9454-3341-B0DD-3F7A40CC6C44}.Release|x64.ActiveCfg = Release|x64
		{6625CC55-9454-3341-B0DD-3F7A40CC6C44}.Release|x64.Build.0 = Release|x64
		{6625CC55-9454-3341-B0DD-3F7A40CC6C44}.Release|x86.ActiveCfg = Release|Win32
		{6625CC55-9454-3341-B0DD-3F7A40CC6C44}.Release|x86.Build.0 = Release|Win32
		{6625CC55-9454-3341-B0DD-3F7A40CC6C44}.RelWithDebInfo|Win32.ActiveCfg = RelWithDebInfo|Win32
		{6625CC55-9454-3341-B0DD-3F7A40CC6C44}.RelWithDebInfo|Win32.Build.0 = RelWithDebInfo|Win32
		{6625CC55-9454-3341-B0DD-3F7A40CC6C44}.RelWithDebInfo|x64.ActiveCfg = RelWithDebInfo|x64
		{6625CC55-9454-3341-B0DD-3F7A40CC6C44}.RelWithDebInfo|x64.Build.0 = RelWithDebInfo|x64
		{6625CC55-9454-3341-B0DD-3F7A40CC6C44}.RelWithDebInfo|x86.ActiveCfg = RelWithDebInfo|Win32
		{6625CC55-9454-3341-B0DD-3F7A40CC6C44}.RelWithDebInfo|x86.Build.0 = RelWithDebInfo|Win32
		{885287AA-D67C-3DE7-9E88-1422F8B31098}.Debug|Win32.ActiveCfg = Debug|Win32
		{885287AA-D67C-3DE7-9E88-1422F8B31098}.Debug|Win32.Build.0 = Debug|Win32
		{885287AA-D67C-3DE7-9E88-1422F8B31098}.Debug|x64.ActiveCfg = Debug|x64
		{885287AA-D67C-3DE7-9E88-1422F8B31098}.Debug|x86.ActiveCfg = Debug|Win32
		{885287AA-D67C-3DE7-9E88-1422F8B31098}.MinSizeRel|Win32.ActiveCfg = MinSizeRel|Win32
		{885287AA-D67C-3DE7-9E88-1422F8B31098}.MinSizeRel|Win32.Build.0 = MinSizeRel|Win32
		{885287AA-D67C-3DE7-9E88-1422F8B31098}.MinSizeRel|x64.ActiveCfg = MinSizeRel|x64
		{885287AA-D67C-3DE7-9E88-1422F8B31098}.MinSizeRel|x86.ActiveCfg = MinSizeRel|Win32
		{885287AA-D67C-3DE7-9E88-1422F8B31098}.Release|Win32.ActiveCfg = Release|Win32
		{885287AA-D67C-3DE7-9E88-1422F8B31098}.Release|Win32.Build.0 = Release|Win32
		{885287AA-D67C-3DE7-9E88-1422F8B31098}.Release|x64.ActiveCfg = Release|x64
		{885287AA-D67C-3DE7-9E88-1422F8B31098}.Release|x86.ActiveCfg = Release|Win32
		{885287AA-D67C-3DE7-9E88-1422F8B31098}.RelWithDebInfo|Win32.ActiveCfg = RelWithDebInfo|Win32
		{885287AA-D67C-3DE7-9E88-1422F8B31098}.RelWithDebInfo|Win32.Build.0 = RelWithDebInfo|Win32
		{885287AA-D67C-3DE7-9E88-1422F8B31098}.RelWithDebInfo|x64.ActiveCfg = RelWithDebInfo|x64
		{885287AA-D67C-3DE7-9E88-1422F8B31098}.RelWithDebInfo|x86.ActiveCfg = RelWithDebInfo|Win32
		{1093999C-6CD8-3555-8382-603247184A9B}.Debug|Win32.ActiveCfg = Debug|Win32
		{1093999C-6CD8-3555-8382-603247184A9B}.Debug|Win32.Build.0 = Debug|Win32
		{1093999C-6CD8-3555-8382-603247184A9B}.Debug|x64.ActiveCfg = Debug|x64
		{1093999C-6CD8-3555-8382-603247184A9B}.Debug|x64.Build.0 = Debug|x64
		{1093999C-6CD8-3555-8382-603247184A9B}.Debug|x86.ActiveCfg = Debug|Win32
		{1093999C-6CD8-3555-8382-603247184A9B}.Debug|x86.Build.0 = Debug|Win32
		{1093999C-6CD8-3555-8382-603247184A9B}.MinSizeRel|Win32.ActiveCfg = MinSizeRel|Win32
		{1093999C-6CD8-3555-8382-603247184A9B}.MinSizeRel|Win32.Build.0 = MinSizeRel|Win32
		{1093999C-6CD8-3555-8382-603247184A9B}.MinSizeRel|x64.ActiveCfg = MinSizeRel|x64
		{1093999C-6CD8-3555-8382-603247184A9B}.MinSizeRel|x64.Build.0 = MinSizeRel|x64
		{1093999C-6CD8-3555-8382-603247184A9B}.MinSizeRel|x86.ActiveCfg = MinSizeRel|Win32
		{1093999C-6CD8-3555-8382-603247184A9B}.MinSizeRel|x86.Build.0 = MinSizeRel|Win32
		{1093999C-6CD8-3555-8382-603247184A9B}.Release|Win32.ActiveCfg = Release|Win32
		{1093999C-6CD8-3555-8382-603247184A9B}.Release|Win32.Build.0 = Release|Win32
		{1093999C-6CD8-3555-8382-603247184A9B}.Release|x64.ActiveCfg = Release|x64
		{1093999C-6CD8-3555-8382-603247184A9B}.Release|x64.Build.0 = Release|x64
		{1093999C-6CD8-3555-8382-603247184A9B}.Release|x86.ActiveCfg = Release|Win32
		{1093999C-6CD8-3555-8382-603247184A9B}.Release|x86.Build.0 = Release|Win32
		{1093999C-6CD8-3555-8382-603247184A9B}.RelWithDebInfo|Win32.ActiveCfg = RelWithDebInfo|Win32
		{1093999C-6CD8-3555-8382-603247184A9B}.RelWithDebInfo|Win32.Build.0 = RelWithDebInfo|Win32
		{1093999C-6CD8-3555-8382-603247184A9B}.RelWithDebInfo|x64.ActiveCfg = RelWithDebInfo|x64
		{1093999C-6CD8-3555-8382-603247184A9B}.RelWithDebInfo|x64.Build.0 = RelWithDebInfo|x64
		{1093999C-6CD8-3555-8382-603247184A9B}.RelWithDebInfo|x86.ActiveCfg = RelWithDebInfo|Win32
		{1093999C-6CD8-3555-8382-603247184A9B}.RelWithDebInfo|x86.Build.0 = RelWithDebInfo|Win32
		{02EB61E2-F61A-3391-98EF-C1EA04B9DA4A}.Debug|Win32.ActiveCfg = Debug|Win32
		{02EB61E2-F61A-3391-98EF-C1EA04B9DA4A}.Debug|Win32.Build.0 = Debug|Win32
		{02EB61E2-F61A-3391-98EF-C1EA04B9DA4A}.Debug|x64.ActiveCfg = Debug|x64
		{02EB61E2-F61A-3391-98EF-C1EA04B9DA4A}.Debug|x86.ActiveCfg = Debug|Win32
		{02EB61E2-F61A-3391-98EF-C1EA04B9DA4A}.MinSizeRel|Win32.ActiveCfg = MinSizeRel|Win32
		{02EB61E2-F61A-3391-98EF-C1EA04B9DA4A}.MinSizeRel|Win32.Build.0 = MinSizeRel|Win32
		{02EB61E2-F61A-3391-98EF-C1EA04B9DA4A}.MinSizeRel|x64.ActiveCfg = MinSizeRel|x64
		{02EB61E2-F61A-3391-98EF-C1EA04B9DA4A}.MinSizeRel|x86.ActiveCfg = MinSizeRel|Win32
		{02EB61E2-F61A-3391-98EF-C1EA04B9DA4A}.Release|Win32.ActiveCfg = Release|Win32
		{02EB61E2-F61A-3391-98EF-C1EA04B9DA4A}.Release|Win32.Build.0 = Release|Win32
		{02EB61E2-F61A-3391-98EF-C1EA04B9DA4A}.Release|x64.ActiveCfg = Release|x64
		{02EB61E2-F61A-3391-98EF-C1EA04B9DA4A}.Release|x86.ActiveCfg = Release|Win32
		{02EB61E2-F61A-3391-98EF-C1EA04B9DA4A}.RelWithDebInfo|Win32.ActiveCfg = RelWithDebInfo|Win32
		{02EB61E2-F61A-3391-98EF-C1EA04B9DA4A}.RelWithDebInfo|Win32.Build.0 = RelWithDebInfo|Win32
		{02EB61E2-F61A-3391-98EF-C1EA04B9DA4A}.RelWithDebInfo|x64.ActiveCfg = RelWithDebInfo|x64
		{02EB61E2-F61A-3391-98EF-C1EA04B9DA4A}.RelWithDebInfo|x86.ActiveCfg = RelWithDebInfo|Win32
		{6709FD89-702A-3DAB-A5E9-FF6757E38AA7}.Debug|Win32.ActiveCfg = Debug|Win32
		{6709FD89-702A-3DAB-A5E9-FF6757E38AA7}.Debug|Win32.Build.0 = Debug|Win32
		{6709FD89-702A-3DAB-A5E9-FF6757E38AA7}.Debug|x64.ActiveCfg = Debug|x64
		{6709FD89-702A-3DAB-A5E9-FF6757E38AA7}.Debug|x64.Build.0 = Debug|x64
		{6709FD89-702A-3DAB-A5E9-FF6757E38AA7}.Debug|x86.ActiveCfg = Debug|Win32
		{6709FD89-702A-3DAB-A5E9-FF6757E38AA7}.Debug|x86.Build.0 = Debug|Win32
		{6709FD89-702A-3DAB-A5E9-FF6757E38AA7}.MinSizeRel|Win32.ActiveCfg = MinSizeRel|Win32
		{6709FD89-702A-3DAB-A5E9-FF6757E38AA7}.MinSizeRel|Win32.Build.0 = MinSizeRel|Win32
		{6709FD89-702A-3DAB-A5E9-FF6757E38AA7}.MinSizeRel|x64.ActiveCfg = MinSizeRel|x64
		{6709FD89-702A-3DAB-A5E9-FF6757E38AA7}.MinSizeRel|x64.Build.0 = MinSizeRel|x64
		{6709FD89-702A-3DAB-A5E9-FF6757E38AA7}.MinSizeRel|x86.ActiveCfg = MinSizeRel|Win32
		{6709FD89-702A-3DAB-A5E9-FF6757E38AA7}.MinSizeRel|x86.Build.0 = MinSizeRel|Win32
		{6709FD89-702A-3DAB-A5E9-FF6757E38AA7}.Release|Win32.ActiveCfg = Release|Win32
		{6709FD89-702A-3DAB-A5E9-FF6757E38AA7}.Release|Win32.Build.0 = Release|Win32
		{6709FD89-702A-3DAB-A5E9-FF6757E38AA7}.Release|x64.ActiveCfg = Release|x64
		{6709FD89-702A-3DAB-A5E9-FF6757E38AA7}.Release|x64.Build.0 = Release|x64
		{6709FD89-702A-3DAB-A5E9-FF6757E38AA7}.Release|x86.ActiveCfg = Release|Win32
		{6709FD89-702A-3DAB-A5E9-FF6757E38AA7}.Release|x86.Build.0 = Release|Win32
		{6709FD89-702A-3DAB-A5E9-FF6757E38AA7}.RelWithDebInfo|Win32.ActiveCfg = RelWithDebInfo|Win32
		{6709FD89-702A-3DAB-A5E9-FF6757E38AA7}.RelWithDebInfo|Win32.Build.0 = RelWithDebInfo|Win32
		{6709FD89-702A-3DAB-A5E9-FF6757E38AA7}.RelWithDebInfo|x64.ActiveCfg = RelWithDebInfo|x64
		{6709FD89-702A-3DAB-A5E9-FF6757E38AA7}.RelWithDebInfo|x64.Build.0 = RelWithDebInfo|x64
		{6709FD89-702A-3DAB-A5E9-FF6757E38AA7}.RelWithDebInfo|x86.ActiveCfg = RelWithDebInfo|Win32
		{6709FD89-702A-3DAB-A5E9-FF6757E38AA7}.RelWithDebInfo|x86.Build.0 = RelWithDebInfo|Win32
		{454390A1-DDE7-38DE-B493-64B25A7A3648}.Debug|Win32.ActiveCfg = Debug|Win32
		{454390A1-DDE7-38DE-B493-64B25A7A3648}.Debug|Win32.Build.0 = Debug|Win32
		{454390A1-DDE7-38DE-B493-64B25A7A3648}.Debug|x64.ActiveCfg = Debug|x64
		{454390A1-DDE7-38DE-B493-64B25A7A3648}.Debug|x64.Build.0 = Debug|x64
		{454390A1-DDE7-38DE-B493-64B25A7A3648}.Debug|x86.ActiveCfg = Debug|Win32
		{454390A1-DDE7-38DE-B493-64B25A7A3648}.Debug|x86.Build.0 = Debug|Win32
		{454390A1-DDE7-38DE-B493-64B25A7A3648}.MinSizeRel|Win32.ActiveCfg = MinSizeRel|Win32
		{454390A1-DDE7-38DE-B493-64B25A7A3648}.MinSizeRel|Win32.Build.0 = MinSizeRel|Win32
		{454390A1-DDE7-38DE-B493-64B25A7A3648}.MinSizeRel|x64.ActiveCfg = MinSizeRel|x64
		{454390A1-DDE7-38DE-B493-64B25A7A3648}.MinSizeRel|x64.Build.0 = MinSizeRel|x64
		{454390A1-DDE7-38DE-B493-64B25A7A3648}.MinSizeRel|x86.ActiveCfg = MinSizeRel|Win32
		{454390A1-DDE7-38DE-B493-64B25A7A3648}.MinSizeRel|x86.Build.0 = MinSizeRel|Win32
		{454390A1-DDE7-38DE-B493-64B25A7A3648}.Release|Win32.ActiveCfg = Release|Win32
		{454390A1-DDE7-38DE-B493-64B25A7A3648}.Release|Win32.Build.0 = Release|Win32
		{454390A1-DDE7-38DE-B493-64B25A7A3648}.Release|x64.ActiveCfg = Release|x64
		{454390A1-DDE7-38DE-B493-64B25A7A3648}.Release|x64.Build.0 = Release|x64
		{454390A1-DDE7-38DE-B493-64B25A7A3648}.Release|x86.ActiveCfg = Release|Win32
		{454390A1-DDE7-38DE-B493-64B25A7A3648}.Release|x86.Build.0 = Release|Win32
		{454390A1-DDE7-38DE-B493-64B25A7A3648}.RelWithDebInfo|Win32.ActiveCfg = RelWithDebInfo|Win32
		{454390A1-DDE7-38DE-B493-64B25A7A3648}.RelWithDebInfo|Win32.Build.0 = RelWithDebInfo|Win32
		{454390A1-DDE7-38DE-B493-64B25A7A3648}.RelWithDebInfo|x64.ActiveCfg = RelWithDebInfo|x64
		{454390A1-DDE7-38DE-B493-64B25A7A3648}.RelWithDebInfo|x64.Build.0 = RelWithDebInfo|x64
		{454390A1-DDE7-38DE-B493-64B25A7A3648}.RelWithDebInfo|x86.ActiveCfg = RelWithDebInfo|Win32
		{454390A1-DDE7-38DE-B493-64B25A7A3648}.RelWithDebInfo|x86.Build.0 = RelWithDebInfo|Win32
		{76A1CA71-83A3-3D2E-9D96-604B5EBA3DF9}.Debug|Win32.ActiveCfg = Debug|Win32
		{76A1CA71-83A3-3D2E-9D96-604B5EBA3DF9}.Debug|Win32.Build.0 = Debug|Win32
		{76A1CA71-83A3-3D2E-9D96-604B5EBA3DF9}.Debug|x64.ActiveCfg = Debug|x64
		{76A1CA71-83A3-3D2E-9D96-604B5EBA3DF9}.Debug|x64.Build.0 = Debug|x64
		{76A1CA71-83A3-3D2E-9D96-604B5EBA3DF9}.Debug|x86.ActiveCfg = Debug|Win32
		{76A1CA71-83A3-3D2E-9D96-604B5EBA3DF9}.Debug|x86.Build.0 = Debug|Win32
		{76A1CA71-83A3-3D2E-9D96-604B5EBA3DF9}.MinSizeRel|Win32.ActiveCfg = MinSizeRel|Win32
		{76A1CA71-83A3-3D2E-9D96-604B5EBA3DF9}.MinSizeRel|Win32.Build.0 = MinSizeRel|Win32
		{76A1CA71-83A3-3D2E-9D96-604B5EBA3DF9}.MinSizeRel|x64.ActiveCfg = MinSizeRel|x64
		{76A1CA71-83A3-3D2E-9D96-604B5EBA3DF9}.MinSizeRel|x64.Build.0 = MinSizeRel|x64
		{76A1CA71-83A3-3D2E-9D96-604B5EBA3DF9}.MinSizeRel|x86.ActiveCfg = MinSizeRel|Win32
		{76A1CA71-83A3-3D2E-9D96-604B5EBA3DF9}.MinSizeRel|x86.Build.0 = MinSizeRel|Win32
		{76A1CA71-83A3-3D2E-9D96-604B5EBA3DF9}.Release|Win32.ActiveCfg = Release|Win32
		{76A1CA71-83A3-3D2E-9D96-604B5EBA3DF9}.Release|Win32.Build.0 = Release|Win32
		{76A1CA71-83A3-3D2E-9D96-604B5EBA3DF9}.Release|x64.ActiveCfg = Release|x64
		{76A1CA71-83A3-3D2E-9D96-604B5EBA3DF9}.Release|x64.Build.0 = Release|x64
		{76A1CA71-83A3-3D2E-9D96-604B5EBA3DF9}.Release|x86.ActiveCfg = Release|Win32
		{76A1CA71-83A3-3D2E-9D96-604B5EBA3DF9}.Release|x86.Build.0 = Release|Win32
		{76A1CA71-83A3-3D2E-9D96-604B5EBA3DF9}.RelWithDebInfo|Win32.ActiveCfg = RelWithDebInfo|Win32
		{76A1CA71-83A3-3D2E-9D96-604B5EBA3DF9}.RelWithDebInfo|Win32.Build.0 = RelWithDebInfo|Win32
		{76A1CA71-83A3-3D2E-9D96-604B5EBA3DF9}.RelWithDebInfo|x64.ActiveCfg = RelWithDebInfo|x64
		{76A1CA71-83A3-3D2E-9D96-604B5EBA3DF9}.RelWithDebInfo|x64.Build.0 = RelWithDebInfo|x64
		{76A1CA71-83A3-3D2E-9D96-604B5EBA3DF9}.RelWithDebInfo|x86.ActiveCfg = RelWithDebInfo|Win32
		{76A1CA71-83A3-3D2E-9D96-604B5EBA3DF9}.RelWithDebInfo|x86.Build.0 = RelWithDebInfo|Win32
		{84E08934-B92A-386A-8C30-ECF1CA442797}.Debug|Win32.ActiveCfg = Debug|Win32
		{84E08934-B92A-386A-8C30-ECF1CA442797}.Debug|Win32.Build.0 = Debug|Win32
		{84E08934-B92A-386A-8C30-ECF1CA442797}.Debug|x64.ActiveCfg = Debug|x64
		{84E08934-B92A-386A-8C30-ECF1CA442797}.Debug|x86.ActiveCfg = Debug|Win32
		{84E08934-B92A-386A-8C30-ECF1CA442797}.MinSizeRel|Win32.ActiveCfg = MinSizeRel|Win32
		{84E08934-B92A-386A-8C30-ECF1CA442797}.MinSizeRel|Win32.Build.0 = MinSizeRel|Win32
		{84E08934-B92A-386A-8C30-ECF1CA442797}.MinSizeRel|x64.ActiveCfg = MinSizeRel|x64
		{84E08934-B92A-386A-8C30-ECF1CA442797}.MinSizeRel|x86.ActiveCfg = MinSizeRel|Win32
		{84E08934-B92A-386A-8C30-ECF1CA442797}.Release|Win32.ActiveCfg = Release|Win32
		{84E08934-B92A-386A-8C30-ECF1CA442797}.Release|Win32.Build.0 = Release|Win32
		{84E08934-B92A-386A-8C30-ECF1CA442797}.Release|x64.ActiveCfg = Release|x64
		{84E08934-B92A-386A-8C30-ECF1CA442797}.Release|x86.ActiveCfg = Release|Win32
		{84E08934-B92A-386A-8C30-ECF1CA442797}.RelWithDebInfo|Win32.ActiveCfg = RelWithDebInfo|Win32
		{84E08934-B92A-386A-8C30-ECF1CA442797}.RelWithDebInfo|Win32.Build.0 = RelWithDebInfo|Win32
		{84E08934-B92A-386A-8C30-ECF1CA442797}.RelWithDebInfo|x64.ActiveCfg = RelWithDebInfo|x64
		{84E08934-B92A-386A-8C30-ECF1CA442797}.RelWithDebInfo|x86.ActiveCfg = RelWithDebInfo|Win32
		{689B224C-2CD4-3A38-B554-597173FBB010}.Debug|Win32.ActiveCfg = Debug|Win32
		{689B224C-2CD4-3A38-B554-597173FBB010}.Debug|Win32.Build.0 = Debug|Win32
		{689B224C-2CD4-3A38-B554-597173FBB010}.Debug|x64.ActiveCfg = Debug|x64
		{689B224C-2CD4-3A38-B554-597173FBB010}.Debug|x64.Build.0 = Debug|x64
		{689B224C-2CD4-3A38-B554-597173FBB010}.Debug|x86.ActiveCfg = Debug|Win32
		{689B224C-2CD4-3A38-B554-597173FBB010}.Debug|x86.Build.0 = Debug|Win32
		{689B224C-2CD4-3A38-B554-597173FBB010}.MinSizeRel|Win32.ActiveCfg = MinSizeRel|Win32
		{689B224C-2CD4-3A38-B554-597173FBB010}.MinSizeRel|Win32.Build.0 = MinSizeRel|Win32
		{689B224C-2CD4-3A38-B554-597173FBB010}.MinSizeRel|x64.ActiveCfg = MinSizeRel|x64
		{689B224C-2CD4-3A38-B554-597173FBB010}.MinSizeRel|x64.Build.0 = MinSizeRel|x64
		{689B224C-2CD4-3A38-B554-597173FBB010}.MinSizeRel|x86.ActiveCfg = MinSizeRel|Win32
		{689B224C-2CD4-3A38-B554-597173FBB010}.MinSizeRel|x86.Build.0 = MinSizeRel|Win32
		{689B224C-2CD4-3A38-B554-597173FBB010}.Release|Win32.ActiveCfg = Release|Win32
		{689B224C-2CD4-3A38-B554-597173FBB010}.Release|Win32.Build.0 = Release|Win32
		{689B224C-2CD4-3A38-B554-597173FBB010}.Release|x64.ActiveCfg = Release|x64
		{689B224C-2CD4-3A38-B554-597173FBB010}.Release|x64.Build.0 = Release|x64
		{689B224C-2CD4-3A38-B554-597173FBB010}.Release|x86.ActiveCfg = Release|Win32
		{689B224C-2CD4-3A38-B554-597173FBB010}.Release|x86.Build.0 = Release|Win32
		{689B224C-2CD4-3A38-B554-597173FBB010}.RelWithDebInfo|Win32.ActiveCfg = RelWithDebInfo|Win32
		{689B224C-2CD4-3A38-B554-597173FBB010}.RelWithDebInfo|Win32.Build.0 = RelWithDebInfo|Win32
		{689B224C-2CD4-3A38-B554-597173FBB010}.RelWithDebInfo|x64.ActiveCfg = RelWithDebInfo|x64
		{689B224C-2CD4-3A38-B554-597173FBB010}.RelWithDebInfo|x64.Build.0 = RelWithDebInfo|x64
		{689B224C-2CD4-3A38-B554-597173FBB010}.RelWithDebInfo|x86.ActiveCfg = RelWithDebInfo|Win32
		{689B224C-2CD4-3A38-B554-597173FBB010}.RelWithDebInfo|x86.Build.0 = RelWithDebInfo|Win32
		{4F9B573F-FCCC-3101-99A6-41F4EE1F10DB}.Debug|Win32.ActiveCfg = Debug|Win32
		{4F9B573F-FCCC-3101-99A6-41F4EE1F10DB}.Debug|Win32.Build.0 = Debug|Win32
		{4F9B573F-FCCC-3101-99A6-41F4EE1F10DB}.Debug|x64.ActiveCfg = Debug|x64
		{4F9B573F-FCCC-3101-99A6-41F4EE1F10DB}.Debug|x64.Build.0 = Debug|x64
		{4F9B573F-FCCC-3101-99A6-41F4EE1F10DB}.Debug|x86.ActiveCfg = Debug|Win32
		{4F9B573F-FCCC-3101-99A6-41F4EE1F10DB}.Debug|x86.Build.0 = Debug|Win32
		{4F9B573F-FCCC-3101-99A6-41F4EE1F10DB}.MinSizeRel|Win32.ActiveCfg = MinSizeRel|Win32
		{4F9B573F-FCCC-3101-99A6-41F4EE1F10DB}.MinSizeRel|Win32.Build.0 = MinSizeRel|Win32
		{4F9B573F-FCCC-3101-99A6-41F4EE1F10DB}.MinSizeRel|x64.ActiveCfg = MinSizeRel|x64
		{4F9B573F-FCCC-3101-99A6-41F4EE1F10DB}.MinSizeRel|x64.Build.0 = MinSizeRel|x64
		{4F9B573F-FCCC-3101-99A6-41F4EE1F10DB}.MinSizeRel|x86.ActiveCfg = MinSizeRel|Win32
		{4F9B573F-FCCC-3101-99A6-41F4EE1F10DB}.MinSizeRel|x86.Build.0 = MinSizeRel|Win32
		{4F9B573F-FCCC-3101-99A6-41F4EE1F10DB}.Release|Win32.ActiveCfg = Release|Win32
		{4F9B573F-FCCC-3101-99A6-41F4EE1F10DB}.Release|Win32.Build.0 = Release|Win32
		{4F9B573F-FCCC-3101-99A6-41F4EE1F10DB}.Release|x64.ActiveCfg = Release|x64
		{4F9B573F-FCCC-3101-99A6-41F4EE1F10DB}.Release|x64.Build.0 = Release|x64
		{4F9B573F-FCCC-3101-99A6-41F4EE1F10DB}.Release|x86.ActiveCfg = Release|Win32
		{4F9B573F-FCCC-3101-99A6-41F4EE1F10DB}.Release|x86.Build.0 = Release|Win32
		{4F9B573F-FCCC-3101-99A6-41F4EE1F10DB}.RelWithDebInfo|Win32.ActiveCfg = RelWithDebInfo|Win32
		{4F9B573F-FCCC-3101-99A6-41F4EE1F10DB}.RelWithDebInfo|Win32.Build.0 = RelWithDebInfo|Win32
		{4F9B573F-FCCC-3101-99A6-41F4EE1F10DB}.RelWithDebInfo|x64.ActiveCfg = RelWithDebInfo|x64
		{4F9B573F-FCCC-3101-99A6-41F4EE1F10DB}.RelWithDebInfo|x64.Build.0 = RelWithDebInfo|x64
		{4F9B573F-FCCC-3101-99A6-41F4EE1F10DB}.RelWithDebInfo|x86.ActiveCfg = RelWithDebInfo|Win32
		{4F9B573F-FCCC-3101-99A6-41F4EE1F10DB}.RelWithDebInfo|x86.Build.0 = RelWithDebInfo|Win32
		{7A3A0BEB-438C-38AE-A6F7-8A2361998340}.Debug|Win32.ActiveCfg = Debug|Win32
		{7A3A0BEB-438C-38AE-A6F7-8A2361998340}.Debug|Win32.Build.0 = Debug|Win32
		{7A3A0BEB-438C-38AE-A6F7-8A2361998340}.Debug|x64.ActiveCfg = Debug|x64
		{7A3A0BEB-438C-38AE-A6F7-8A2361998340}.Debug|x64.Build.0 = Debug|x64
		{7A3A0BEB-438C-38AE-A6F7-8A2361998340}.Debug|x86.ActiveCfg = Debug|Win32
		{7A3A0BEB-438C-38AE-A6F7-8A2361998340}.Debug|x86.Build.0 = Debug|Win32
		{7A3A0BEB-438C-38AE-A6F7-8A2361998340}.MinSizeRel|Win32.ActiveCfg = MinSizeRel|Win32
		{7A3A0BEB-438C-38AE-A6F7-8A2361998340}.MinSizeRel|Win32.Build.0 = MinSizeRel|Win32
		{7A3A0BEB-438C-38AE-A6F7-8A2361998340}.MinSizeRel|x64.ActiveCfg = MinSizeRel|x64
		{7A3A0BEB-438C-38AE-A6F7-8A2361998340}.MinSizeRel|x64.Build.0 = MinSizeRel|x64
		{7A3A0BEB-438C-38AE-A6F7-8A2361998340}.MinSizeRel|x86.ActiveCfg = MinSizeRel|Win32
		{7A3A0BEB-438C-38AE-A6F7-8A2361998340}.MinSizeRel|x86.Build.0 = MinSizeRel|Win32
		{7A3A0BEB-438C-38AE-A6F7-8A2361998340}.Release|Win32.ActiveCfg = Release|Win32
		{7A3A0BEB-438C-38AE-A6F7-8A2361998340}.Release|Win32.Build.0 = Release|Win32
		{7A3A0BEB-438C-38AE-A6F7-8A2361998340}.Release|x64.ActiveCfg = Release|x64
		{7A3A0BEB-438C-38AE-A6F7-8A2361998340}.Release|x64.Build.0 = Release|x64
		{7A3A0BEB-438C-38AE-A6F7-8A2361998340}.Release|x86.ActiveCfg = Release|Win32
		{7A3A0BEB-438C-38AE-A6F7-8A2361998340}.Release|x86.Build.0 = Release|Win32
		{7A3A0BEB-438C-38AE-A6F7-8A2361998340}.RelWithDebInfo|Win32.ActiveCfg = RelWithDebInfo|Win32
		{7A3A0BEB-438C-38AE-A6F7-8A2361998340}.RelWithDebInfo|Win32.Build.0 = RelWithDebInfo|Win32
		{7A3A0BEB-438C-38AE-A6F7-8A2361998340}.RelWithDebInfo|x64.ActiveCfg = RelWithDebInfo|x64
		{7A3A0BEB-438C-38AE-A6F7-8A2361998340}.RelWithDebInfo|x64.Build.0 = RelWithDebInfo|x64
		{7A3A0BEB-438C-38AE-A6F7-8A2361998340}.RelWithDebInfo|x86.ActiveCfg = RelWithDebInfo|Win32
		{7A3A0BEB-438C-38AE-A6F7-8A2361998340}.RelWithDebInfo|x86.Build.0 = RelWithDebInfo|Win32
	EndGlobalSection
	GlobalSection(SolutionProperties) = preSolution
		HideSolutionNode = FALSE
	EndGlobalSection
	GlobalSection(ExtensibilityGlobals) = postSolution
		SolutionGuid = {16F6477F-467A-36F5-8ABD-78C8D57038E5}
	EndGlobalSection
EndGlobal
